
Microsoft Visual Studio Solution File, Format Version 12.00
# Visual Studio 15
VisualStudioVersion = 15.0.28307.572
MinimumVisualStudioVersion = 10.0.40219.1
Project("{FAE04EC0-301F-11D3-BF4B-00C04F79EFBC}") = "DemoThemes.Android", "DemoThemes\DemoThemes.Android\DemoThemes.Android.csproj", "{9D517C92-64DB-4CDB-ABE6-A1C2A8859C33}"
EndProject
Project("{FAE04EC0-301F-11D3-BF4B-00C04F79EFBC}") = "DemoThemes.iOS", "DemoThemes\DemoThemes.iOS\DemoThemes.iOS.csproj", "{509114C3-FB62-4FC7-B4CF-21C38E881BF6}"
EndProject
Project("{FAE04EC0-301F-11D3-BF4B-00C04F79EFBC}") = "DemoThemes.UWP", "DemoThemes\DemoThemes.UWP\DemoThemes.UWP.csproj", "{21844019-4E61-46B3-8F70-1C141734D673}"
EndProject
Project("{FAE04EC0-301F-11D3-BF4B-00C04F79EFBC}") = "DemoThemes", "DemoThemes\DemoThemes\DemoThemes.csproj", "{C636FBE0-2C0E-4828-AE25-0E4B48218677}"
EndProject
Global
	GlobalSection(SolutionConfigurationPlatforms) = preSolution
		Ad-Hoc|Any CPU = Ad-Hoc|Any CPU
		Ad-Hoc|ARM = Ad-Hoc|ARM
		Ad-Hoc|iPhone = Ad-Hoc|iPhone
		Ad-Hoc|iPhoneSimulator = Ad-Hoc|iPhoneSimulator
		Ad-Hoc|x64 = Ad-Hoc|x64
		Ad-Hoc|x86 = Ad-Hoc|x86
		AppStore|Any CPU = AppStore|Any CPU
		AppStore|ARM = AppStore|ARM
		AppStore|iPhone = AppStore|iPhone
		AppStore|iPhoneSimulator = AppStore|iPhoneSimulator
		AppStore|x64 = AppStore|x64
		AppStore|x86 = AppStore|x86
		Debug|Any CPU = Debug|Any CPU
		Debug|ARM = Debug|ARM
		Debug|iPhone = Debug|iPhone
		Debug|iPhoneSimulator = Debug|iPhoneSimulator
		Debug|x64 = Debug|x64
		Debug|x86 = Debug|x86
		Release|Any CPU = Release|Any CPU
		Release|ARM = Release|ARM
		Release|iPhone = Release|iPhone
		Release|iPhoneSimulator = Release|iPhoneSimulator
		Release|x64 = Release|x64
		Release|x86 = Release|x86
	EndGlobalSection
	GlobalSection(ProjectConfigurationPlatforms) = postSolution
		{9D517C92-64DB-4CDB-ABE6-A1C2A8859C33}.Ad-Hoc|Any CPU.ActiveCfg = Release|Any CPU
		{9D517C92-64DB-4CDB-ABE6-A1C2A8859C33}.Ad-Hoc|Any CPU.Build.0 = Release|Any CPU
		{9D517C92-64DB-4CDB-ABE6-A1C2A8859C33}.Ad-Hoc|Any CPU.Deploy.0 = Release|Any CPU
		{9D517C92-64DB-4CDB-ABE6-A1C2A8859C33}.Ad-Hoc|ARM.ActiveCfg = Release|Any CPU
		{9D517C92-64DB-4CDB-ABE6-A1C2A8859C33}.Ad-Hoc|ARM.Build.0 = Release|Any CPU
		{9D517C92-64DB-4CDB-ABE6-A1C2A8859C33}.Ad-Hoc|ARM.Deploy.0 = Release|Any CPU
		{9D517C92-64DB-4CDB-ABE6-A1C2A8859C33}.Ad-Hoc|iPhone.ActiveCfg = Release|Any CPU
		{9D517C92-64DB-4CDB-ABE6-A1C2A8859C33}.Ad-Hoc|iPhone.Build.0 = Release|Any CPU
		{9D517C92-64DB-4CDB-ABE6-A1C2A8859C33}.Ad-Hoc|iPhone.Deploy.0 = Release|Any CPU
		{9D517C92-64DB-4CDB-ABE6-A1C2A8859C33}.Ad-Hoc|iPhoneSimulator.ActiveCfg = Release|Any CPU
		{9D517C92-64DB-4CDB-ABE6-A1C2A8859C33}.Ad-Hoc|iPhoneSimulator.Build.0 = Release|Any CPU
		{9D517C92-64DB-4CDB-ABE6-A1C2A8859C33}.Ad-Hoc|iPhoneSimulator.Deploy.0 = Release|Any CPU
		{9D517C92-64DB-4CDB-ABE6-A1C2A8859C33}.Ad-Hoc|x64.ActiveCfg = Release|Any CPU
		{9D517C92-64DB-4CDB-ABE6-A1C2A8859C33}.Ad-Hoc|x64.Build.0 = Release|Any CPU
		{9D517C92-64DB-4CDB-ABE6-A1C2A8859C33}.Ad-Hoc|x64.Deploy.0 = Release|Any CPU
		{9D517C92-64DB-4CDB-ABE6-A1C2A8859C33}.Ad-Hoc|x86.ActiveCfg = Release|Any CPU
		{9D517C92-64DB-4CDB-ABE6-A1C2A8859C33}.Ad-Hoc|x86.Build.0 = Release|Any CPU
		{9D517C92-64DB-4CDB-ABE6-A1C2A8859C33}.Ad-Hoc|x86.Deploy.0 = Release|Any CPU
		{9D517C92-64DB-4CDB-ABE6-A1C2A8859C33}.AppStore|Any CPU.ActiveCfg = Release|Any CPU
		{9D517C92-64DB-4CDB-ABE6-A1C2A8859C33}.AppStore|Any CPU.Build.0 = Release|Any CPU
		{9D517C92-64DB-4CDB-ABE6-A1C2A8859C33}.AppStore|Any CPU.Deploy.0 = Release|Any CPU
		{9D517C92-64DB-4CDB-ABE6-A1C2A8859C33}.AppStore|ARM.ActiveCfg = Release|Any CPU
		{9D517C92-64DB-4CDB-ABE6-A1C2A8859C33}.AppStore|ARM.Build.0 = Release|Any CPU
		{9D517C92-64DB-4CDB-ABE6-A1C2A8859C33}.AppStore|ARM.Deploy.0 = Release|Any CPU
		{9D517C92-64DB-4CDB-ABE6-A1C2A8859C33}.AppStore|iPhone.ActiveCfg = Release|Any CPU
		{9D517C92-64DB-4CDB-ABE6-A1C2A8859C33}.AppStore|iPhone.Build.0 = Release|Any CPU
		{9D517C92-64DB-4CDB-ABE6-A1C2A8859C33}.AppStore|iPhone.Deploy.0 = Release|Any CPU
		{9D517C92-64DB-4CDB-ABE6-A1C2A8859C33}.AppStore|iPhoneSimulator.ActiveCfg = Release|Any CPU
		{9D517C92-64DB-4CDB-ABE6-A1C2A8859C33}.AppStore|iPhoneSimulator.Build.0 = Release|Any CPU
		{9D517C92-64DB-4CDB-ABE6-A1C2A8859C33}.AppStore|iPhoneSimulator.Deploy.0 = Release|Any CPU
		{9D517C92-64DB-4CDB-ABE6-A1C2A8859C33}.AppStore|x64.ActiveCfg = Release|Any CPU
		{9D517C92-64DB-4CDB-ABE6-A1C2A8859C33}.AppStore|x64.Build.0 = Release|Any CPU
		{9D517C92-64DB-4CDB-ABE6-A1C2A8859C33}.AppStore|x64.Deploy.0 = Release|Any CPU
		{9D517C92-64DB-4CDB-ABE6-A1C2A8859C33}.AppStore|x86.ActiveCfg = Release|Any CPU
		{9D517C92-64DB-4CDB-ABE6-A1C2A8859C33}.AppStore|x86.Build.0 = Release|Any CPU
		{9D517C92-64DB-4CDB-ABE6-A1C2A8859C33}.AppStore|x86.Deploy.0 = Release|Any CPU
		{9D517C92-64DB-4CDB-ABE6-A1C2A8859C33}.Debug|Any CPU.ActiveCfg = Debug|Any CPU
		{9D517C92-64DB-4CDB-ABE6-A1C2A8859C33}.Debug|Any CPU.Build.0 = Debug|Any CPU
		{9D517C92-64DB-4CDB-ABE6-A1C2A8859C33}.Debug|Any CPU.Deploy.0 = Debug|Any CPU
		{9D517C92-64DB-4CDB-ABE6-A1C2A8859C33}.Debug|ARM.ActiveCfg = Debug|Any CPU
		{9D517C92-64DB-4CDB-ABE6-A1C2A8859C33}.Debug|ARM.Build.0 = Debug|Any CPU
		{9D517C92-64DB-4CDB-ABE6-A1C2A8859C33}.Debug|ARM.Deploy.0 = Debug|Any CPU
		{9D517C92-64DB-4CDB-ABE6-A1C2A8859C33}.Debug|iPhone.ActiveCfg = Debug|Any CPU
		{9D517C92-64DB-4CDB-ABE6-A1C2A8859C33}.Debug|iPhone.Build.0 = Debug|Any CPU
		{9D517C92-64DB-4CDB-ABE6-A1C2A8859C33}.Debug|iPhone.Deploy.0 = Debug|Any CPU
		{9D517C92-64DB-4CDB-ABE6-A1C2A8859C33}.Debug|iPhoneSimulator.ActiveCfg = Debug|Any CPU
		{9D517C92-64DB-4CDB-ABE6-A1C2A8859C33}.Debug|iPhoneSimulator.Build.0 = Debug|Any CPU
		{9D517C92-64DB-4CDB-ABE6-A1C2A8859C33}.Debug|iPhoneSimulator.Deploy.0 = Debug|Any CPU
		{9D517C92-64DB-4CDB-ABE6-A1C2A8859C33}.Debug|x64.ActiveCfg = Debug|Any CPU
		{9D517C92-64DB-4CDB-ABE6-A1C2A8859C33}.Debug|x64.Build.0 = Debug|Any CPU
		{9D517C92-64DB-4CDB-ABE6-A1C2A8859C33}.Debug|x64.Deploy.0 = Debug|Any CPU
		{9D517C92-64DB-4CDB-ABE6-A1C2A8859C33}.Debug|x86.ActiveCfg = Debug|Any CPU
		{9D517C92-64DB-4CDB-ABE6-A1C2A8859C33}.Debug|x86.Build.0 = Debug|Any CPU
		{9D517C92-64DB-4CDB-ABE6-A1C2A8859C33}.Debug|x86.Deploy.0 = Debug|Any CPU
		{9D517C92-64DB-4CDB-ABE6-A1C2A8859C33}.Release|Any CPU.ActiveCfg = Release|Any CPU
		{9D517C92-64DB-4CDB-ABE6-A1C2A8859C33}.Release|Any CPU.Build.0 = Release|Any CPU
		{9D517C92-64DB-4CDB-ABE6-A1C2A8859C33}.Release|Any CPU.Deploy.0 = Release|Any CPU
		{9D517C92-64DB-4CDB-ABE6-A1C2A8859C33}.Release|ARM.ActiveCfg = Release|Any CPU
		{9D517C92-64DB-4CDB-ABE6-A1C2A8859C33}.Release|ARM.Build.0 = Release|Any CPU
		{9D517C92-64DB-4CDB-ABE6-A1C2A8859C33}.Release|ARM.Deploy.0 = Release|Any CPU
		{9D517C92-64DB-4CDB-ABE6-A1C2A8859C33}.Release|iPhone.ActiveCfg = Release|Any CPU
		{9D517C92-64DB-4CDB-ABE6-A1C2A8859C33}.Release|iPhone.Build.0 = Release|Any CPU
		{9D517C92-64DB-4CDB-ABE6-A1C2A8859C33}.Release|iPhone.Deploy.0 = Release|Any CPU
		{9D517C92-64DB-4CDB-ABE6-A1C2A8859C33}.Release|iPhoneSimulator.ActiveCfg = Release|Any CPU
		{9D517C92-64DB-4CDB-ABE6-A1C2A8859C33}.Release|iPhoneSimulator.Build.0 = Release|Any CPU
		{9D517C92-64DB-4CDB-ABE6-A1C2A8859C33}.Release|iPhoneSimulator.Deploy.0 = Release|Any CPU
		{9D517C92-64DB-4CDB-ABE6-A1C2A8859C33}.Release|x64.ActiveCfg = Release|Any CPU
		{9D517C92-64DB-4CDB-ABE6-A1C2A8859C33}.Release|x64.Build.0 = Release|Any CPU
		{9D517C92-64DB-4CDB-ABE6-A1C2A8859C33}.Release|x64.Deploy.0 = Release|Any CPU
		{9D517C92-64DB-4CDB-ABE6-A1C2A8859C33}.Release|x86.ActiveCfg = Release|Any CPU
		{9D517C92-64DB-4CDB-ABE6-A1C2A8859C33}.Release|x86.Build.0 = Release|Any CPU
		{9D517C92-64DB-4CDB-ABE6-A1C2A8859C33}.Release|x86.Deploy.0 = Release|Any CPU
		{509114C3-FB62-4FC7-B4CF-21C38E881BF6}.Ad-Hoc|Any CPU.ActiveCfg = Ad-Hoc|iPhone
		{509114C3-FB62-4FC7-B4CF-21C38E881BF6}.Ad-Hoc|Any CPU.Build.0 = Ad-Hoc|iPhone
		{509114C3-FB62-4FC7-B4CF-21C38E881BF6}.Ad-Hoc|Any CPU.Deploy.0 = Ad-Hoc|iPhone
		{509114C3-FB62-4FC7-B4CF-21C38E881BF6}.Ad-Hoc|ARM.ActiveCfg = Ad-Hoc|iPhone
		{509114C3-FB62-4FC7-B4CF-21C38E881BF6}.Ad-Hoc|ARM.Build.0 = Ad-Hoc|iPhone
		{509114C3-FB62-4FC7-B4CF-21C38E881BF6}.Ad-Hoc|ARM.Deploy.0 = Ad-Hoc|iPhone
		{509114C3-FB62-4FC7-B4CF-21C38E881BF6}.Ad-Hoc|iPhone.ActiveCfg = Ad-Hoc|iPhone
		{509114C3-FB62-4FC7-B4CF-21C38E881BF6}.Ad-Hoc|iPhone.Build.0 = Ad-Hoc|iPhone
		{509114C3-FB62-4FC7-B4CF-21C38E881BF6}.Ad-Hoc|iPhone.Deploy.0 = Ad-Hoc|iPhone
		{509114C3-FB62-4FC7-B4CF-21C38E881BF6}.Ad-Hoc|iPhoneSimulator.ActiveCfg = Ad-Hoc|iPhoneSimulator
		{509114C3-FB62-4FC7-B4CF-21C38E881BF6}.Ad-Hoc|iPhoneSimulator.Build.0 = Ad-Hoc|iPhoneSimulator
		{509114C3-FB62-4FC7-B4CF-21C38E881BF6}.Ad-Hoc|iPhoneSimulator.Deploy.0 = Ad-Hoc|iPhoneSimulator
		{509114C3-FB62-4FC7-B4CF-21C38E881BF6}.Ad-Hoc|x64.ActiveCfg = Ad-Hoc|iPhone
		{509114C3-FB62-4FC7-B4CF-21C38E881BF6}.Ad-Hoc|x64.Build.0 = Ad-Hoc|iPhone
		{509114C3-FB62-4FC7-B4CF-21C38E881BF6}.Ad-Hoc|x64.Deploy.0 = Ad-Hoc|iPhone
		{509114C3-FB62-4FC7-B4CF-21C38E881BF6}.Ad-Hoc|x86.ActiveCfg = Ad-Hoc|iPhone
		{509114C3-FB62-4FC7-B4CF-21C38E881BF6}.Ad-Hoc|x86.Build.0 = Ad-Hoc|iPhone
		{509114C3-FB62-4FC7-B4CF-21C38E881BF6}.Ad-Hoc|x86.Deploy.0 = Ad-Hoc|iPhone
		{509114C3-FB62-4FC7-B4CF-21C38E881BF6}.AppStore|Any CPU.ActiveCfg = AppStore|iPhone
		{509114C3-FB62-4FC7-B4CF-21C38E881BF6}.AppStore|Any CPU.Build.0 = AppStore|iPhone
		{509114C3-FB62-4FC7-B4CF-21C38E881BF6}.AppStore|Any CPU.Deploy.0 = AppStore|iPhone
		{509114C3-FB62-4FC7-B4CF-21C38E881BF6}.AppStore|ARM.ActiveCfg = AppStore|iPhone
		{509114C3-FB62-4FC7-B4CF-21C38E881BF6}.AppStore|ARM.Build.0 = AppStore|iPhone
		{509114C3-FB62-4FC7-B4CF-21C38E881BF6}.AppStore|ARM.Deploy.0 = AppStore|iPhone
		{509114C3-FB62-4FC7-B4CF-21C38E881BF6}.AppStore|iPhone.ActiveCfg = AppStore|iPhone
		{509114C3-FB62-4FC7-B4CF-21C38E881BF6}.AppStore|iPhone.Build.0 = AppStore|iPhone
		{509114C3-FB62-4FC7-B4CF-21C38E881BF6}.AppStore|iPhone.Deploy.0 = AppStore|iPhone
		{509114C3-FB62-4FC7-B4CF-21C38E881BF6}.AppStore|iPhoneSimulator.ActiveCfg = AppStore|iPhoneSimulator
		{509114C3-FB62-4FC7-B4CF-21C38E881BF6}.AppStore|iPhoneSimulator.Build.0 = AppStore|iPhoneSimulator
		{509114C3-FB62-4FC7-B4CF-21C38E881BF6}.AppStore|iPhoneSimulator.Deploy.0 = AppStore|iPhoneSimulator
		{509114C3-FB62-4FC7-B4CF-21C38E881BF6}.AppStore|x64.ActiveCfg = AppStore|iPhone
		{509114C3-FB62-4FC7-B4CF-21C38E881BF6}.AppStore|x64.Build.0 = AppStore|iPhone
		{509114C3-FB62-4FC7-B4CF-21C38E881BF6}.AppStore|x64.Deploy.0 = AppStore|iPhone
		{509114C3-FB62-4FC7-B4CF-21C38E881BF6}.AppStore|x86.ActiveCfg = AppStore|iPhone
		{509114C3-FB62-4FC7-B4CF-21C38E881BF6}.AppStore|x86.Build.0 = AppStore|iPhone
		{509114C3-FB62-4FC7-B4CF-21C38E881BF6}.AppStore|x86.Deploy.0 = AppStore|iPhone
		{509114C3-FB62-4FC7-B4CF-21C38E881BF6}.Debug|Any CPU.ActiveCfg = Debug|iPhoneSimulator
		{509114C3-FB62-4FC7-B4CF-21C38E881BF6}.Debug|Any CPU.Build.0 = Debug|iPhoneSimulator
		{509114C3-FB62-4FC7-B4CF-21C38E881BF6}.Debug|Any CPU.Deploy.0 = Debug|iPhoneSimulator
		{509114C3-FB62-4FC7-B4CF-21C38E881BF6}.Debug|ARM.ActiveCfg = Debug|iPhone
		{509114C3-FB62-4FC7-B4CF-21C38E881BF6}.Debug|ARM.Build.0 = Debug|iPhone
		{509114C3-FB62-4FC7-B4CF-21C38E881BF6}.Debug|ARM.Deploy.0 = Debug|iPhone
		{509114C3-FB62-4FC7-B4CF-21C38E881BF6}.Debug|iPhone.ActiveCfg = Debug|iPhone
		{509114C3-FB62-4FC7-B4CF-21C38E881BF6}.Debug|iPhone.Build.0 = Debug|iPhone
		{509114C3-FB62-4FC7-B4CF-21C38E881BF6}.Debug|iPhone.Deploy.0 = Debug|iPhone
		{509114C3-FB62-4FC7-B4CF-21C38E881BF6}.Debug|iPhoneSimulator.ActiveCfg = Debug|iPhoneSimulator
		{509114C3-FB62-4FC7-B4CF-21C38E881BF6}.Debug|iPhoneSimulator.Build.0 = Debug|iPhoneSimulator
		{509114C3-FB62-4FC7-B4CF-21C38E881BF6}.Debug|iPhoneSimulator.Deploy.0 = Debug|iPhoneSimulator
		{509114C3-FB62-4FC7-B4CF-21C38E881BF6}.Debug|x64.ActiveCfg = Debug|iPhone
		{509114C3-FB62-4FC7-B4CF-21C38E881BF6}.Debug|x64.Build.0 = Debug|iPhone
		{509114C3-FB62-4FC7-B4CF-21C38E881BF6}.Debug|x64.Deploy.0 = Debug|iPhone
		{509114C3-FB62-4FC7-B4CF-21C38E881BF6}.Debug|x86.ActiveCfg = Debug|iPhone
		{509114C3-FB62-4FC7-B4CF-21C38E881BF6}.Debug|x86.Build.0 = Debug|iPhone
		{509114C3-FB62-4FC7-B4CF-21C38E881BF6}.Debug|x86.Deploy.0 = Debug|iPhone
		{509114C3-FB62-4FC7-B4CF-21C38E881BF6}.Release|Any CPU.ActiveCfg = Release|iPhone
		{509114C3-FB62-4FC7-B4CF-21C38E881BF6}.Release|Any CPU.Build.0 = Release|iPhone
		{509114C3-FB62-4FC7-B4CF-21C38E881BF6}.Release|Any CPU.Deploy.0 = Release|iPhone
		{509114C3-FB62-4FC7-B4CF-21C38E881BF6}.Release|ARM.ActiveCfg = Release|iPhone
		{509114C3-FB62-4FC7-B4CF-21C38E881BF6}.Release|ARM.Build.0 = Release|iPhone
		{509114C3-FB62-4FC7-B4CF-21C38E881BF6}.Release|ARM.Deploy.0 = Release|iPhone
		{509114C3-FB62-4FC7-B4CF-21C38E881BF6}.Release|iPhone.ActiveCfg = Release|iPhone
		{509114C3-FB62-4FC7-B4CF-21C38E881BF6}.Release|iPhone.Build.0 = Release|iPhone
		{509114C3-FB62-4FC7-B4CF-21C38E881BF6}.Release|iPhone.Deploy.0 = Release|iPhone
		{509114C3-FB62-4FC7-B4CF-21C38E881BF6}.Release|iPhoneSimulator.ActiveCfg = Release|iPhoneSimulator
		{509114C3-FB62-4FC7-B4CF-21C38E881BF6}.Release|iPhoneSimulator.Build.0 = Release|iPhoneSimulator
		{509114C3-FB62-4FC7-B4CF-21C38E881BF6}.Release|iPhoneSimulator.Deploy.0 = Release|iPhoneSimulator
		{509114C3-FB62-4FC7-B4CF-21C38E881BF6}.Release|x64.ActiveCfg = Release|iPhone
		{509114C3-FB62-4FC7-B4CF-21C38E881BF6}.Release|x64.Build.0 = Release|iPhone
		{509114C3-FB62-4FC7-B4CF-21C38E881BF6}.Release|x64.Deploy.0 = Release|iPhone
		{509114C3-FB62-4FC7-B4CF-21C38E881BF6}.Release|x86.ActiveCfg = Release|iPhone
		{509114C3-FB62-4FC7-B4CF-21C38E881BF6}.Release|x86.Build.0 = Release|iPhone
		{509114C3-FB62-4FC7-B4CF-21C38E881BF6}.Release|x86.Deploy.0 = Release|iPhone
		{21844019-4E61-46B3-8F70-1C141734D673}.Ad-Hoc|Any CPU.ActiveCfg = Release|x86
		{21844019-4E61-46B3-8F70-1C141734D673}.Ad-Hoc|Any CPU.Build.0 = Release|x86
		{21844019-4E61-46B3-8F70-1C141734D673}.Ad-Hoc|Any CPU.Deploy.0 = Release|x86
		{21844019-4E61-46B3-8F70-1C141734D673}.Ad-Hoc|ARM.ActiveCfg = Release|ARM
		{21844019-4E61-46B3-8F70-1C141734D673}.Ad-Hoc|ARM.Build.0 = Release|ARM
		{21844019-4E61-46B3-8F70-1C141734D673}.Ad-Hoc|ARM.Deploy.0 = Release|ARM
		{21844019-4E61-46B3-8F70-1C141734D673}.Ad-Hoc|iPhone.ActiveCfg = Release|x86
		{21844019-4E61-46B3-8F70-1C141734D673}.Ad-Hoc|iPhone.Build.0 = Release|x86
		{21844019-4E61-46B3-8F70-1C141734D673}.Ad-Hoc|iPhone.Deploy.0 = Release|x86
		{21844019-4E61-46B3-8F70-1C141734D673}.Ad-Hoc|iPhoneSimulator.ActiveCfg = Release|x86
		{21844019-4E61-46B3-8F70-1C141734D673}.Ad-Hoc|iPhoneSimulator.Build.0 = Release|x86
		{21844019-4E61-46B3-8F70-1C141734D673}.Ad-Hoc|iPhoneSimulator.Deploy.0 = Release|x86
		{21844019-4E61-46B3-8F70-1C141734D673}.Ad-Hoc|x64.ActiveCfg = Release|x64
		{21844019-4E61-46B3-8F70-1C141734D673}.Ad-Hoc|x64.Build.0 = Release|x64
		{21844019-4E61-46B3-8F70-1C141734D673}.Ad-Hoc|x64.Deploy.0 = Release|x64
		{21844019-4E61-46B3-8F70-1C141734D673}.Ad-Hoc|x86.ActiveCfg = Release|x86
		{21844019-4E61-46B3-8F70-1C141734D673}.Ad-Hoc|x86.Build.0 = Release|x86
		{21844019-4E61-46B3-8F70-1C141734D673}.Ad-Hoc|x86.Deploy.0 = Release|x86
		{21844019-4E61-46B3-8F70-1C141734D673}.AppStore|Any CPU.ActiveCfg = Release|x86
		{21844019-4E61-46B3-8F70-1C141734D673}.AppStore|Any CPU.Build.0 = Release|x86
		{21844019-4E61-46B3-8F70-1C141734D673}.AppStore|Any CPU.Deploy.0 = Release|x86
		{21844019-4E61-46B3-8F70-1C141734D673}.AppStore|ARM.ActiveCfg = Release|ARM
		{21844019-4E61-46B3-8F70-1C141734D673}.AppStore|ARM.Build.0 = Release|ARM
		{21844019-4E61-46B3-8F70-1C141734D673}.AppStore|ARM.Deploy.0 = Release|ARM
		{21844019-4E61-46B3-8F70-1C141734D673}.AppStore|iPhone.ActiveCfg = Release|x86
		{21844019-4E61-46B3-8F70-1C141734D673}.AppStore|iPhone.Build.0 = Release|x86
		{21844019-4E61-46B3-8F70-1C141734D673}.AppStore|iPhone.Deploy.0 = Release|x86
		{21844019-4E61-46B3-8F70-1C141734D673}.AppStore|iPhoneSimulator.ActiveCfg = Release|x86
		{21844019-4E61-46B3-8F70-1C141734D673}.AppStore|iPhoneSimulator.Build.0 = Release|x86
		{21844019-4E61-46B3-8F70-1C141734D673}.AppStore|iPhoneSimulator.Deploy.0 = Release|x86
		{21844019-4E61-46B3-8F70-1C141734D673}.AppStore|x64.ActiveCfg = Release|x64
		{21844019-4E61-46B3-8F70-1C141734D673}.AppStore|x64.Build.0 = Release|x64
		{21844019-4E61-46B3-8F70-1C141734D673}.AppStore|x64.Deploy.0 = Release|x64
		{21844019-4E61-46B3-8F70-1C141734D673}.AppStore|x86.ActiveCfg = Release|x86
		{21844019-4E61-46B3-8F70-1C141734D673}.AppStore|x86.Build.0 = Release|x86
		{21844019-4E61-46B3-8F70-1C141734D673}.AppStore|x86.Deploy.0 = Release|x86
		{21844019-4E61-46B3-8F70-1C141734D673}.Debug|Any CPU.ActiveCfg = Debug|x86
		{21844019-4E61-46B3-8F70-1C141734D673}.Debug|Any CPU.Build.0 = Debug|x86
		{21844019-4E61-46B3-8F70-1C141734D673}.Debug|Any CPU.Deploy.0 = Debug|x86
		{21844019-4E61-46B3-8F70-1C141734D673}.Debug|ARM.ActiveCfg = Debug|ARM
		{21844019-4E61-46B3-8F70-1C141734D673}.Debug|ARM.Build.0 = Debug|ARM
		{21844019-4E61-46B3-8F70-1C141734D673}.Debug|ARM.Deploy.0 = Debug|ARM
		{21844019-4E61-46B3-8F70-1C141734D673}.Debug|iPhone.ActiveCfg = Debug|x86
		{21844019-4E61-46B3-8F70-1C141734D673}.Debug|iPhone.Build.0 = Debug|x86
		{21844019-4E61-46B3-8F70-1C141734D673}.Debug|iPhone.Deploy.0 = Debug|x86
		{21844019-4E61-46B3-8F70-1C141734D673}.Debug|iPhoneSimulator.ActiveCfg = Debug|x86
		{21844019-4E61-46B3-8F70-1C141734D673}.Debug|iPhoneSimulator.Build.0 = Debug|x86
		{21844019-4E61-46B3-8F70-1C141734D673}.Debug|iPhoneSimulator.Deploy.0 = Debug|x86
		{21844019-4E61-46B3-8F70-1C141734D673}.Debug|x64.ActiveCfg = Debug|x64
		{21844019-4E61-46B3-8F70-1C141734D673}.Debug|x64.Build.0 = Debug|x64
		{21844019-4E61-46B3-8F70-1C141734D673}.Debug|x64.Deploy.0 = Debug|x64
		{21844019-4E61-46B3-8F70-1C141734D673}.Debug|x86.ActiveCfg = Debug|x86
		{21844019-4E61-46B3-8F70-1C141734D673}.Debug|x86.Build.0 = Debug|x86
		{21844019-4E61-46B3-8F70-1C141734D673}.Debug|x86.Deploy.0 = Debug|x86
		{21844019-4E61-46B3-8F70-1C141734D673}.Release|Any CPU.ActiveCfg = Release|x86
		{21844019-4E61-46B3-8F70-1C141734D673}.Release|Any CPU.Build.0 = Release|x86
		{21844019-4E61-46B3-8F70-1C141734D673}.Release|Any CPU.Deploy.0 = Release|x86
		{21844019-4E61-46B3-8F70-1C141734D673}.Release|ARM.ActiveCfg = Release|ARM
		{21844019-4E61-46B3-8F70-1C141734D673}.Release|ARM.Build.0 = Release|ARM
		{21844019-4E61-46B3-8F70-1C141734D673}.Release|ARM.Deploy.0 = Release|ARM
		{21844019-4E61-46B3-8F70-1C141734D673}.Release|iPhone.ActiveCfg = Release|x86
		{21844019-4E61-46B3-8F70-1C141734D673}.Release|iPhone.Build.0 = Release|x86
		{21844019-4E61-46B3-8F70-1C141734D673}.Release|iPhone.Deploy.0 = Release|x86
		{21844019-4E61-46B3-8F70-1C141734D673}.Release|iPhoneSimulator.ActiveCfg = Release|x86
		{21844019-4E61-46B3-8F70-1C141734D673}.Release|iPhoneSimulator.Build.0 = Release|x86
		{21844019-4E61-46B3-8F70-1C141734D673}.Release|iPhoneSimulator.Deploy.0 = Release|x86
		{21844019-4E61-46B3-8F70-1C141734D673}.Release|x64.ActiveCfg = Release|x64
		{21844019-4E61-46B3-8F70-1C141734D673}.Release|x64.Build.0 = Release|x64
		{21844019-4E61-46B3-8F70-1C141734D673}.Release|x64.Deploy.0 = Release|x64
		{21844019-4E61-46B3-8F70-1C141734D673}.Release|x86.ActiveCfg = Release|x86
		{21844019-4E61-46B3-8F70-1C141734D673}.Release|x86.Build.0 = Release|x86
		{21844019-4E61-46B3-8F70-1C141734D673}.Release|x86.Deploy.0 = Release|x86
		{C636FBE0-2C0E-4828-AE25-0E4B48218677}.Ad-Hoc|Any CPU.ActiveCfg = Debug|Any CPU
		{C636FBE0-2C0E-4828-AE25-0E4B48218677}.Ad-Hoc|Any CPU.Build.0 = Debug|Any CPU
		{C636FBE0-2C0E-4828-AE25-0E4B48218677}.Ad-Hoc|Any CPU.Deploy.0 = Debug|Any CPU
		{C636FBE0-2C0E-4828-AE25-0E4B48218677}.Ad-Hoc|ARM.ActiveCfg = Debug|Any CPU
		{C636FBE0-2C0E-4828-AE25-0E4B48218677}.Ad-Hoc|ARM.Build.0 = Debug|Any CPU
		{C636FBE0-2C0E-4828-AE25-0E4B48218677}.Ad-Hoc|ARM.Deploy.0 = Debug|Any CPU
		{C636FBE0-2C0E-4828-AE25-0E4B48218677}.Ad-Hoc|iPhone.ActiveCfg = Debug|Any CPU
		{C636FBE0-2C0E-4828-AE25-0E4B48218677}.Ad-Hoc|iPhone.Build.0 = Debug|Any CPU
		{C636FBE0-2C0E-4828-AE25-0E4B48218677}.Ad-Hoc|iPhone.Deploy.0 = Debug|Any CPU
		{C636FBE0-2C0E-4828-AE25-0E4B48218677}.Ad-Hoc|iPhoneSimulator.ActiveCfg = Debug|Any CPU
		{C636FBE0-2C0E-4828-AE25-0E4B48218677}.Ad-Hoc|iPhoneSimulator.Build.0 = Debug|Any CPU
		{C636FBE0-2C0E-4828-AE25-0E4B48218677}.Ad-Hoc|iPhoneSimulator.Deploy.0 = Debug|Any CPU
		{C636FBE0-2C0E-4828-AE25-0E4B48218677}.Ad-Hoc|x64.ActiveCfg = Debug|Any CPU
		{C636FBE0-2C0E-4828-AE25-0E4B48218677}.Ad-Hoc|x64.Build.0 = Debug|Any CPU
		{C636FBE0-2C0E-4828-AE25-0E4B48218677}.Ad-Hoc|x64.Deploy.0 = Debug|Any CPU
		{C636FBE0-2C0E-4828-AE25-0E4B48218677}.Ad-Hoc|x86.ActiveCfg = Debug|Any CPU
		{C636FBE0-2C0E-4828-AE25-0E4B48218677}.Ad-Hoc|x86.Build.0 = Debug|Any CPU
		{C636FBE0-2C0E-4828-AE25-0E4B48218677}.Ad-Hoc|x86.Deploy.0 = Debug|Any CPU
		{C636FBE0-2C0E-4828-AE25-0E4B48218677}.AppStore|Any CPU.ActiveCfg = Debug|Any CPU
		{C636FBE0-2C0E-4828-AE25-0E4B48218677}.AppStore|Any CPU.Build.0 = Debug|Any CPU
		{C636FBE0-2C0E-4828-AE25-0E4B48218677}.AppStore|Any CPU.Deploy.0 = Debug|Any CPU
		{C636FBE0-2C0E-4828-AE25-0E4B48218677}.AppStore|ARM.ActiveCfg = Debug|Any CPU
		{C636FBE0-2C0E-4828-AE25-0E4B48218677}.AppStore|ARM.Build.0 = Debug|Any CPU
		{C636FBE0-2C0E-4828-AE25-0E4B48218677}.AppStore|ARM.Deploy.0 = Debug|Any CPU
		{C636FBE0-2C0E-4828-AE25-0E4B48218677}.AppStore|iPhone.ActiveCfg = Debug|Any CPU
		{C636FBE0-2C0E-4828-AE25-0E4B48218677}.AppStore|iPhone.Build.0 = Debug|Any CPU
		{C636FBE0-2C0E-4828-AE25-0E4B48218677}.AppStore|iPhone.Deploy.0 = Debug|Any CPU
		{C636FBE0-2C0E-4828-AE25-0E4B48218677}.AppStore|iPhoneSimulator.ActiveCfg = Debug|Any CPU
		{C636FBE0-2C0E-4828-AE25-0E4B48218677}.AppStore|iPhoneSimulator.Build.0 = Debug|Any CPU
		{C636FBE0-2C0E-4828-AE25-0E4B48218677}.AppStore|iPhoneSimulator.Deploy.0 = Debug|Any CPU
		{C636FBE0-2C0E-4828-AE25-0E4B48218677}.AppStore|x64.ActiveCfg = Debug|Any CPU
		{C636FBE0-2C0E-4828-AE25-0E4B48218677}.AppStore|x64.Build.0 = Debug|Any CPU
		{C636FBE0-2C0E-4828-AE25-0E4B48218677}.AppStore|x64.Deploy.0 = Debug|Any CPU
		{C636FBE0-2C0E-4828-AE25-0E4B48218677}.AppStore|x86.ActiveCfg = Debug|Any CPU
		{C636FBE0-2C0E-4828-AE25-0E4B48218677}.AppStore|x86.Build.0 = Debug|Any CPU
		{C636FBE0-2C0E-4828-AE25-0E4B48218677}.AppStore|x86.Deploy.0 = Debug|Any CPU
		{C636FBE0-2C0E-4828-AE25-0E4B48218677}.Debug|Any CPU.ActiveCfg = Debug|Any CPU
		{C636FBE0-2C0E-4828-AE25-0E4B48218677}.Debug|Any CPU.Build.0 = Debug|Any CPU
		{C636FBE0-2C0E-4828-AE25-0E4B48218677}.Debug|Any CPU.Deploy.0 = Debug|Any CPU
		{C636FBE0-2C0E-4828-AE25-0E4B48218677}.Debug|ARM.ActiveCfg = Debug|Any CPU
		{C636FBE0-2C0E-4828-AE25-0E4B48218677}.Debug|ARM.Build.0 = Debug|Any CPU
		{C636FBE0-2C0E-4828-AE25-0E4B48218677}.Debug|ARM.Deploy.0 = Debug|Any CPU
		{C636FBE0-2C0E-4828-AE25-0E4B48218677}.Debug|iPhone.ActiveCfg = Debug|Any CPU
		{C636FBE0-2C0E-4828-AE25-0E4B48218677}.Debug|iPhone.Build.0 = Debug|Any CPU
		{C636FBE0-2C0E-4828-AE25-0E4B48218677}.Debug|iPhone.Deploy.0 = Debug|Any CPU
		{C636FBE0-2C0E-4828-AE25-0E4B48218677}.Debug|iPhoneSimulator.ActiveCfg = Debug|Any CPU
		{C636FBE0-2C0E-4828-AE25-0E4B48218677}.Debug|iPhoneSimulator.Build.0 = Debug|Any CPU
		{C636FBE0-2C0E-4828-AE25-0E4B48218677}.Debug|iPhoneSimulator.Deploy.0 = Debug|Any CPU
		{C636FBE0-2C0E-4828-AE25-0E4B48218677}.Debug|x64.ActiveCfg = Debug|Any CPU
		{C636FBE0-2C0E-4828-AE25-0E4B48218677}.Debug|x64.Build.0 = Debug|Any CPU
		{C636FBE0-2C0E-4828-AE25-0E4B48218677}.Debug|x64.Deploy.0 = Debug|Any CPU
		{C636FBE0-2C0E-4828-AE25-0E4B48218677}.Debug|x86.ActiveCfg = Debug|Any CPU
		{C636FBE0-2C0E-4828-AE25-0E4B48218677}.Debug|x86.Build.0 = Debug|Any CPU
		{C636FBE0-2C0E-4828-AE25-0E4B48218677}.Debug|x86.Deploy.0 = Debug|Any CPU
		{C636FBE0-2C0E-4828-AE25-0E4B48218677}.Release|Any CPU.ActiveCfg = Release|Any CPU
		{C636FBE0-2C0E-4828-AE25-0E4B48218677}.Release|Any CPU.Build.0 = Release|Any CPU
		{C636FBE0-2C0E-4828-AE25-0E4B48218677}.Release|Any CPU.Deploy.0 = Release|Any CPU
		{C636FBE0-2C0E-4828-AE25-0E4B48218677}.Release|ARM.ActiveCfg = Release|Any CPU
		{C636FBE0-2C0E-4828-AE25-0E4B48218677}.Release|ARM.Build.0 = Release|Any CPU
		{C636FBE0-2C0E-4828-AE25-0E4B48218677}.Release|ARM.Deploy.0 = Release|Any CPU
		{C636FBE0-2C0E-4828-AE25-0E4B48218677}.Release|iPhone.ActiveCfg = Release|Any CPU
		{C636FBE0-2C0E-4828-AE25-0E4B48218677}.Release|iPhone.Build.0 = Release|Any CPU
		{C636FBE0-2C0E-4828-AE25-0E4B48218677}.Release|iPhone.Deploy.0 = Release|Any CPU
		{C636FBE0-2C0E-4828-AE25-0E4B48218677}.Release|iPhoneSimulator.ActiveCfg = Release|Any CPU
		{C636FBE0-2C0E-4828-AE25-0E4B48218677}.Release|iPhoneSimulator.Build.0 = Release|Any CPU
		{C636FBE0-2C0E-4828-AE25-0E4B48218677}.Release|iPhoneSimulator.Deploy.0 = Release|Any CPU
		{C636FBE0-2C0E-4828-AE25-0E4B48218677}.Release|x64.ActiveCfg = Release|Any CPU
		{C636FBE0-2C0E-4828-AE25-0E4B48218677}.Release|x64.Build.0 = Release|Any CPU
		{C636FBE0-2C0E-4828-AE25-0E4B48218677}.Release|x64.Deploy.0 = Release|Any CPU
		{C636FBE0-2C0E-4828-AE25-0E4B48218677}.Release|x86.ActiveCfg = Release|Any CPU
		{C636FBE0-2C0E-4828-AE25-0E4B48218677}.Release|x86.Build.0 = Release|Any CPU
		{C636FBE0-2C0E-4828-AE25-0E4B48218677}.Release|x86.Deploy.0 = Release|Any CPU
	EndGlobalSection
	GlobalSection(SolutionProperties) = preSolution
		HideSolutionNode = FALSE
	EndGlobalSection
	GlobalSection(ExtensibilityGlobals) = postSolution
		SolutionGuid = {2A201043-2268-4860-A4FA-74E30A37831E}
	EndGlobalSection
EndGlobal
