
Microsoft Visual Studio Solution File, Format Version 12.00
# Visual Studio 15
VisualStudioVersion = 15.0.28307.572
MinimumVisualStudioVersion = 10.0.40219.1
Project("{FAE04EC0-301F-11D3-BF4B-00C04F79EFBC}") = "DemoCommand.Android", "DemoCommand\DemoCommand.Android\DemoCommand.Android.csproj", "{60710B24-8527-4CFB-BE96-E156538BF331}"
EndProject
Project("{FAE04EC0-301F-11D3-BF4B-00C04F79EFBC}") = "DemoCommand.iOS", "DemoCommand\DemoCommand.iOS\DemoCommand.iOS.csproj", "{97111EA7-BFAA-4027-AF12-C66FF3BCEC80}"
EndProject
Project("{FAE04EC0-301F-11D3-BF4B-00C04F79EFBC}") = "DemoCommand.UWP", "DemoCommand\DemoCommand.UWP\DemoCommand.UWP.csproj", "{9A06AA45-23F2-4BE0-B96E-6626DF9D1B77}"
EndProject
Project("{FAE04EC0-301F-11D3-BF4B-00C04F79EFBC}") = "DemoCommand", "DemoCommand\DemoCommand\DemoCommand.csproj", "{3F8E0AC6-9B64-4307-B1E6-3A52F335C01C}"
EndProject
Global
	GlobalSection(SolutionConfigurationPlatforms) = preSolution
		Ad-Hoc|Any CPU = Ad-Hoc|Any CPU
		Ad-Hoc|ARM = Ad-Hoc|ARM
		Ad-Hoc|iPhone = Ad-Hoc|iPhone
		Ad-Hoc|iPhoneSimulator = Ad-Hoc|iPhoneSimulator
		Ad-Hoc|x64 = Ad-Hoc|x64
		Ad-Hoc|x86 = Ad-Hoc|x86
		AppStore|Any CPU = AppStore|Any CPU
		AppStore|ARM = AppStore|ARM
		AppStore|iPhone = AppStore|iPhone
		AppStore|iPhoneSimulator = AppStore|iPhoneSimulator
		AppStore|x64 = AppStore|x64
		AppStore|x86 = AppStore|x86
		Debug|Any CPU = Debug|Any CPU
		Debug|ARM = Debug|ARM
		Debug|iPhone = Debug|iPhone
		Debug|iPhoneSimulator = Debug|iPhoneSimulator
		Debug|x64 = Debug|x64
		Debug|x86 = Debug|x86
		Release|Any CPU = Release|Any CPU
		Release|ARM = Release|ARM
		Release|iPhone = Release|iPhone
		Release|iPhoneSimulator = Release|iPhoneSimulator
		Release|x64 = Release|x64
		Release|x86 = Release|x86
	EndGlobalSection
	GlobalSection(ProjectConfigurationPlatforms) = postSolution
		{60710B24-8527-4CFB-BE96-E156538BF331}.Ad-Hoc|Any CPU.ActiveCfg = Release|Any CPU
		{60710B24-8527-4CFB-BE96-E156538BF331}.Ad-Hoc|Any CPU.Build.0 = Release|Any CPU
		{60710B24-8527-4CFB-BE96-E156538BF331}.Ad-Hoc|Any CPU.Deploy.0 = Release|Any CPU
		{60710B24-8527-4CFB-BE96-E156538BF331}.Ad-Hoc|ARM.ActiveCfg = Release|Any CPU
		{60710B24-8527-4CFB-BE96-E156538BF331}.Ad-Hoc|ARM.Build.0 = Release|Any CPU
		{60710B24-8527-4CFB-BE96-E156538BF331}.Ad-Hoc|ARM.Deploy.0 = Release|Any CPU
		{60710B24-8527-4CFB-BE96-E156538BF331}.Ad-Hoc|iPhone.ActiveCfg = Release|Any CPU
		{60710B24-8527-4CFB-BE96-E156538BF331}.Ad-Hoc|iPhone.Build.0 = Release|Any CPU
		{60710B24-8527-4CFB-BE96-E156538BF331}.Ad-Hoc|iPhone.Deploy.0 = Release|Any CPU
		{60710B24-8527-4CFB-BE96-E156538BF331}.Ad-Hoc|iPhoneSimulator.ActiveCfg = Release|Any CPU
		{60710B24-8527-4CFB-BE96-E156538BF331}.Ad-Hoc|iPhoneSimulator.Build.0 = Release|Any CPU
		{60710B24-8527-4CFB-BE96-E156538BF331}.Ad-Hoc|iPhoneSimulator.Deploy.0 = Release|Any CPU
		{60710B24-8527-4CFB-BE96-E156538BF331}.Ad-Hoc|x64.ActiveCfg = Release|Any CPU
		{60710B24-8527-4CFB-BE96-E156538BF331}.Ad-Hoc|x64.Build.0 = Release|Any CPU
		{60710B24-8527-4CFB-BE96-E156538BF331}.Ad-Hoc|x64.Deploy.0 = Release|Any CPU
		{60710B24-8527-4CFB-BE96-E156538BF331}.Ad-Hoc|x86.ActiveCfg = Release|Any CPU
		{60710B24-8527-4CFB-BE96-E156538BF331}.Ad-Hoc|x86.Build.0 = Release|Any CPU
		{60710B24-8527-4CFB-BE96-E156538BF331}.Ad-Hoc|x86.Deploy.0 = Release|Any CPU
		{60710B24-8527-4CFB-BE96-E156538BF331}.AppStore|Any CPU.ActiveCfg = Release|Any CPU
		{60710B24-8527-4CFB-BE96-E156538BF331}.AppStore|Any CPU.Build.0 = Release|Any CPU
		{60710B24-8527-4CFB-BE96-E156538BF331}.AppStore|Any CPU.Deploy.0 = Release|Any CPU
		{60710B24-8527-4CFB-BE96-E156538BF331}.AppStore|ARM.ActiveCfg = Release|Any CPU
		{60710B24-8527-4CFB-BE96-E156538BF331}.AppStore|ARM.Build.0 = Release|Any CPU
		{60710B24-8527-4CFB-BE96-E156538BF331}.AppStore|ARM.Deploy.0 = Release|Any CPU
		{60710B24-8527-4CFB-BE96-E156538BF331}.AppStore|iPhone.ActiveCfg = Release|Any CPU
		{60710B24-8527-4CFB-BE96-E156538BF331}.AppStore|iPhone.Build.0 = Release|Any CPU
		{60710B24-8527-4CFB-BE96-E156538BF331}.AppStore|iPhone.Deploy.0 = Release|Any CPU
		{60710B24-8527-4CFB-BE96-E156538BF331}.AppStore|iPhoneSimulator.ActiveCfg = Release|Any CPU
		{60710B24-8527-4CFB-BE96-E156538BF331}.AppStore|iPhoneSimulator.Build.0 = Release|Any CPU
		{60710B24-8527-4CFB-BE96-E156538BF331}.AppStore|iPhoneSimulator.Deploy.0 = Release|Any CPU
		{60710B24-8527-4CFB-BE96-E156538BF331}.AppStore|x64.ActiveCfg = Release|Any CPU
		{60710B24-8527-4CFB-BE96-E156538BF331}.AppStore|x64.Build.0 = Release|Any CPU
		{60710B24-8527-4CFB-BE96-E156538BF331}.AppStore|x64.Deploy.0 = Release|Any CPU
		{60710B24-8527-4CFB-BE96-E156538BF331}.AppStore|x86.ActiveCfg = Release|Any CPU
		{60710B24-8527-4CFB-BE96-E156538BF331}.AppStore|x86.Build.0 = Release|Any CPU
		{60710B24-8527-4CFB-BE96-E156538BF331}.AppStore|x86.Deploy.0 = Release|Any CPU
		{60710B24-8527-4CFB-BE96-E156538BF331}.Debug|Any CPU.ActiveCfg = Debug|Any CPU
		{60710B24-8527-4CFB-BE96-E156538BF331}.Debug|Any CPU.Build.0 = Debug|Any CPU
		{60710B24-8527-4CFB-BE96-E156538BF331}.Debug|Any CPU.Deploy.0 = Debug|Any CPU
		{60710B24-8527-4CFB-BE96-E156538BF331}.Debug|ARM.ActiveCfg = Debug|Any CPU
		{60710B24-8527-4CFB-BE96-E156538BF331}.Debug|ARM.Build.0 = Debug|Any CPU
		{60710B24-8527-4CFB-BE96-E156538BF331}.Debug|ARM.Deploy.0 = Debug|Any CPU
		{60710B24-8527-4CFB-BE96-E156538BF331}.Debug|iPhone.ActiveCfg = Debug|Any CPU
		{60710B24-8527-4CFB-BE96-E156538BF331}.Debug|iPhone.Build.0 = Debug|Any CPU
		{60710B24-8527-4CFB-BE96-E156538BF331}.Debug|iPhone.Deploy.0 = Debug|Any CPU
		{60710B24-8527-4CFB-BE96-E156538BF331}.Debug|iPhoneSimulator.ActiveCfg = Debug|Any CPU
		{60710B24-8527-4CFB-BE96-E156538BF331}.Debug|iPhoneSimulator.Build.0 = Debug|Any CPU
		{60710B24-8527-4CFB-BE96-E156538BF331}.Debug|iPhoneSimulator.Deploy.0 = Debug|Any CPU
		{60710B24-8527-4CFB-BE96-E156538BF331}.Debug|x64.ActiveCfg = Debug|Any CPU
		{60710B24-8527-4CFB-BE96-E156538BF331}.Debug|x64.Build.0 = Debug|Any CPU
		{60710B24-8527-4CFB-BE96-E156538BF331}.Debug|x64.Deploy.0 = Debug|Any CPU
		{60710B24-8527-4CFB-BE96-E156538BF331}.Debug|x86.ActiveCfg = Debug|Any CPU
		{60710B24-8527-4CFB-BE96-E156538BF331}.Debug|x86.Build.0 = Debug|Any CPU
		{60710B24-8527-4CFB-BE96-E156538BF331}.Debug|x86.Deploy.0 = Debug|Any CPU
		{60710B24-8527-4CFB-BE96-E156538BF331}.Release|Any CPU.ActiveCfg = Release|Any CPU
		{60710B24-8527-4CFB-BE96-E156538BF331}.Release|Any CPU.Build.0 = Release|Any CPU
		{60710B24-8527-4CFB-BE96-E156538BF331}.Release|Any CPU.Deploy.0 = Release|Any CPU
		{60710B24-8527-4CFB-BE96-E156538BF331}.Release|ARM.ActiveCfg = Release|Any CPU
		{60710B24-8527-4CFB-BE96-E156538BF331}.Release|ARM.Build.0 = Release|Any CPU
		{60710B24-8527-4CFB-BE96-E156538BF331}.Release|ARM.Deploy.0 = Release|Any CPU
		{60710B24-8527-4CFB-BE96-E156538BF331}.Release|iPhone.ActiveCfg = Release|Any CPU
		{60710B24-8527-4CFB-BE96-E156538BF331}.Release|iPhone.Build.0 = Release|Any CPU
		{60710B24-8527-4CFB-BE96-E156538BF331}.Release|iPhone.Deploy.0 = Release|Any CPU
		{60710B24-8527-4CFB-BE96-E156538BF331}.Release|iPhoneSimulator.ActiveCfg = Release|Any CPU
		{60710B24-8527-4CFB-BE96-E156538BF331}.Release|iPhoneSimulator.Build.0 = Release|Any CPU
		{60710B24-8527-4CFB-BE96-E156538BF331}.Release|iPhoneSimulator.Deploy.0 = Release|Any CPU
		{60710B24-8527-4CFB-BE96-E156538BF331}.Release|x64.ActiveCfg = Release|Any CPU
		{60710B24-8527-4CFB-BE96-E156538BF331}.Release|x64.Build.0 = Release|Any CPU
		{60710B24-8527-4CFB-BE96-E156538BF331}.Release|x64.Deploy.0 = Release|Any CPU
		{60710B24-8527-4CFB-BE96-E156538BF331}.Release|x86.ActiveCfg = Release|Any CPU
		{60710B24-8527-4CFB-BE96-E156538BF331}.Release|x86.Build.0 = Release|Any CPU
		{60710B24-8527-4CFB-BE96-E156538BF331}.Release|x86.Deploy.0 = Release|Any CPU
		{97111EA7-BFAA-4027-AF12-C66FF3BCEC80}.Ad-Hoc|Any CPU.ActiveCfg = Ad-Hoc|iPhone
		{97111EA7-BFAA-4027-AF12-C66FF3BCEC80}.Ad-Hoc|Any CPU.Build.0 = Ad-Hoc|iPhone
		{97111EA7-BFAA-4027-AF12-C66FF3BCEC80}.Ad-Hoc|Any CPU.Deploy.0 = Ad-Hoc|iPhone
		{97111EA7-BFAA-4027-AF12-C66FF3BCEC80}.Ad-Hoc|ARM.ActiveCfg = Ad-Hoc|iPhone
		{97111EA7-BFAA-4027-AF12-C66FF3BCEC80}.Ad-Hoc|ARM.Build.0 = Ad-Hoc|iPhone
		{97111EA7-BFAA-4027-AF12-C66FF3BCEC80}.Ad-Hoc|ARM.Deploy.0 = Ad-Hoc|iPhone
		{97111EA7-BFAA-4027-AF12-C66FF3BCEC80}.Ad-Hoc|iPhone.ActiveCfg = Ad-Hoc|iPhone
		{97111EA7-BFAA-4027-AF12-C66FF3BCEC80}.Ad-Hoc|iPhone.Build.0 = Ad-Hoc|iPhone
		{97111EA7-BFAA-4027-AF12-C66FF3BCEC80}.Ad-Hoc|iPhone.Deploy.0 = Ad-Hoc|iPhone
		{97111EA7-BFAA-4027-AF12-C66FF3BCEC80}.Ad-Hoc|iPhoneSimulator.ActiveCfg = Ad-Hoc|iPhoneSimulator
		{97111EA7-BFAA-4027-AF12-C66FF3BCEC80}.Ad-Hoc|iPhoneSimulator.Build.0 = Ad-Hoc|iPhoneSimulator
		{97111EA7-BFAA-4027-AF12-C66FF3BCEC80}.Ad-Hoc|iPhoneSimulator.Deploy.0 = Ad-Hoc|iPhoneSimulator
		{97111EA7-BFAA-4027-AF12-C66FF3BCEC80}.Ad-Hoc|x64.ActiveCfg = Ad-Hoc|iPhone
		{97111EA7-BFAA-4027-AF12-C66FF3BCEC80}.Ad-Hoc|x64.Build.0 = Ad-Hoc|iPhone
		{97111EA7-BFAA-4027-AF12-C66FF3BCEC80}.Ad-Hoc|x64.Deploy.0 = Ad-Hoc|iPhone
		{97111EA7-BFAA-4027-AF12-C66FF3BCEC80}.Ad-Hoc|x86.ActiveCfg = Ad-Hoc|iPhone
		{97111EA7-BFAA-4027-AF12-C66FF3BCEC80}.Ad-Hoc|x86.Build.0 = Ad-Hoc|iPhone
		{97111EA7-BFAA-4027-AF12-C66FF3BCEC80}.Ad-Hoc|x86.Deploy.0 = Ad-Hoc|iPhone
		{97111EA7-BFAA-4027-AF12-C66FF3BCEC80}.AppStore|Any CPU.ActiveCfg = AppStore|iPhone
		{97111EA7-BFAA-4027-AF12-C66FF3BCEC80}.AppStore|Any CPU.Build.0 = AppStore|iPhone
		{97111EA7-BFAA-4027-AF12-C66FF3BCEC80}.AppStore|Any CPU.Deploy.0 = AppStore|iPhone
		{97111EA7-BFAA-4027-AF12-C66FF3BCEC80}.AppStore|ARM.ActiveCfg = AppStore|iPhone
		{97111EA7-BFAA-4027-AF12-C66FF3BCEC80}.AppStore|ARM.Build.0 = AppStore|iPhone
		{97111EA7-BFAA-4027-AF12-C66FF3BCEC80}.AppStore|ARM.Deploy.0 = AppStore|iPhone
		{97111EA7-BFAA-4027-AF12-C66FF3BCEC80}.AppStore|iPhone.ActiveCfg = AppStore|iPhone
		{97111EA7-BFAA-4027-AF12-C66FF3BCEC80}.AppStore|iPhone.Build.0 = AppStore|iPhone
		{97111EA7-BFAA-4027-AF12-C66FF3BCEC80}.AppStore|iPhone.Deploy.0 = AppStore|iPhone
		{97111EA7-BFAA-4027-AF12-C66FF3BCEC80}.AppStore|iPhoneSimulator.ActiveCfg = AppStore|iPhoneSimulator
		{97111EA7-BFAA-4027-AF12-C66FF3BCEC80}.AppStore|iPhoneSimulator.Build.0 = AppStore|iPhoneSimulator
		{97111EA7-BFAA-4027-AF12-C66FF3BCEC80}.AppStore|iPhoneSimulator.Deploy.0 = AppStore|iPhoneSimulator
		{97111EA7-BFAA-4027-AF12-C66FF3BCEC80}.AppStore|x64.ActiveCfg = AppStore|iPhone
		{97111EA7-BFAA-4027-AF12-C66FF3BCEC80}.AppStore|x64.Build.0 = AppStore|iPhone
		{97111EA7-BFAA-4027-AF12-C66FF3BCEC80}.AppStore|x64.Deploy.0 = AppStore|iPhone
		{97111EA7-BFAA-4027-AF12-C66FF3BCEC80}.AppStore|x86.ActiveCfg = AppStore|iPhone
		{97111EA7-BFAA-4027-AF12-C66FF3BCEC80}.AppStore|x86.Build.0 = AppStore|iPhone
		{97111EA7-BFAA-4027-AF12-C66FF3BCEC80}.AppStore|x86.Deploy.0 = AppStore|iPhone
		{97111EA7-BFAA-4027-AF12-C66FF3BCEC80}.Debug|Any CPU.ActiveCfg = Debug|iPhoneSimulator
		{97111EA7-BFAA-4027-AF12-C66FF3BCEC80}.Debug|Any CPU.Build.0 = Debug|iPhoneSimulator
		{97111EA7-BFAA-4027-AF12-C66FF3BCEC80}.Debug|Any CPU.Deploy.0 = Debug|iPhoneSimulator
		{97111EA7-BFAA-4027-AF12-C66FF3BCEC80}.Debug|ARM.ActiveCfg = Debug|iPhone
		{97111EA7-BFAA-4027-AF12-C66FF3BCEC80}.Debug|ARM.Build.0 = Debug|iPhone
		{97111EA7-BFAA-4027-AF12-C66FF3BCEC80}.Debug|ARM.Deploy.0 = Debug|iPhone
		{97111EA7-BFAA-4027-AF12-C66FF3BCEC80}.Debug|iPhone.ActiveCfg = Debug|iPhone
		{97111EA7-BFAA-4027-AF12-C66FF3BCEC80}.Debug|iPhone.Build.0 = Debug|iPhone
		{97111EA7-BFAA-4027-AF12-C66FF3BCEC80}.Debug|iPhone.Deploy.0 = Debug|iPhone
		{97111EA7-BFAA-4027-AF12-C66FF3BCEC80}.Debug|iPhoneSimulator.ActiveCfg = Debug|iPhoneSimulator
		{97111EA7-BFAA-4027-AF12-C66FF3BCEC80}.Debug|iPhoneSimulator.Build.0 = Debug|iPhoneSimulator
		{97111EA7-BFAA-4027-AF12-C66FF3BCEC80}.Debug|iPhoneSimulator.Deploy.0 = Debug|iPhoneSimulator
		{97111EA7-BFAA-4027-AF12-C66FF3BCEC80}.Debug|x64.ActiveCfg = Debug|iPhone
		{97111EA7-BFAA-4027-AF12-C66FF3BCEC80}.Debug|x64.Build.0 = Debug|iPhone
		{97111EA7-BFAA-4027-AF12-C66FF3BCEC80}.Debug|x64.Deploy.0 = Debug|iPhone
		{97111EA7-BFAA-4027-AF12-C66FF3BCEC80}.Debug|x86.ActiveCfg = Debug|iPhone
		{97111EA7-BFAA-4027-AF12-C66FF3BCEC80}.Debug|x86.Build.0 = Debug|iPhone
		{97111EA7-BFAA-4027-AF12-C66FF3BCEC80}.Debug|x86.Deploy.0 = Debug|iPhone
		{97111EA7-BFAA-4027-AF12-C66FF3BCEC80}.Release|Any CPU.ActiveCfg = Release|iPhone
		{97111EA7-BFAA-4027-AF12-C66FF3BCEC80}.Release|Any CPU.Build.0 = Release|iPhone
		{97111EA7-BFAA-4027-AF12-C66FF3BCEC80}.Release|Any CPU.Deploy.0 = Release|iPhone
		{97111EA7-BFAA-4027-AF12-C66FF3BCEC80}.Release|ARM.ActiveCfg = Release|iPhone
		{97111EA7-BFAA-4027-AF12-C66FF3BCEC80}.Release|ARM.Build.0 = Release|iPhone
		{97111EA7-BFAA-4027-AF12-C66FF3BCEC80}.Release|ARM.Deploy.0 = Release|iPhone
		{97111EA7-BFAA-4027-AF12-C66FF3BCEC80}.Release|iPhone.ActiveCfg = Release|iPhone
		{97111EA7-BFAA-4027-AF12-C66FF3BCEC80}.Release|iPhone.Build.0 = Release|iPhone
		{97111EA7-BFAA-4027-AF12-C66FF3BCEC80}.Release|iPhone.Deploy.0 = Release|iPhone
		{97111EA7-BFAA-4027-AF12-C66FF3BCEC80}.Release|iPhoneSimulator.ActiveCfg = Release|iPhoneSimulator
		{97111EA7-BFAA-4027-AF12-C66FF3BCEC80}.Release|iPhoneSimulator.Build.0 = Release|iPhoneSimulator
		{97111EA7-BFAA-4027-AF12-C66FF3BCEC80}.Release|iPhoneSimulator.Deploy.0 = Release|iPhoneSimulator
		{97111EA7-BFAA-4027-AF12-C66FF3BCEC80}.Release|x64.ActiveCfg = Release|iPhone
		{97111EA7-BFAA-4027-AF12-C66FF3BCEC80}.Release|x64.Build.0 = Release|iPhone
		{97111EA7-BFAA-4027-AF12-C66FF3BCEC80}.Release|x64.Deploy.0 = Release|iPhone
		{97111EA7-BFAA-4027-AF12-C66FF3BCEC80}.Release|x86.ActiveCfg = Release|iPhone
		{97111EA7-BFAA-4027-AF12-C66FF3BCEC80}.Release|x86.Build.0 = Release|iPhone
		{97111EA7-BFAA-4027-AF12-C66FF3BCEC80}.Release|x86.Deploy.0 = Release|iPhone
		{9A06AA45-23F2-4BE0-B96E-6626DF9D1B77}.Ad-Hoc|Any CPU.ActiveCfg = Release|x86
		{9A06AA45-23F2-4BE0-B96E-6626DF9D1B77}.Ad-Hoc|Any CPU.Build.0 = Release|x86
		{9A06AA45-23F2-4BE0-B96E-6626DF9D1B77}.Ad-Hoc|Any CPU.Deploy.0 = Release|x86
		{9A06AA45-23F2-4BE0-B96E-6626DF9D1B77}.Ad-Hoc|ARM.ActiveCfg = Release|ARM
		{9A06AA45-23F2-4BE0-B96E-6626DF9D1B77}.Ad-Hoc|ARM.Build.0 = Release|ARM
		{9A06AA45-23F2-4BE0-B96E-6626DF9D1B77}.Ad-Hoc|ARM.Deploy.0 = Release|ARM
		{9A06AA45-23F2-4BE0-B96E-6626DF9D1B77}.Ad-Hoc|iPhone.ActiveCfg = Release|x86
		{9A06AA45-23F2-4BE0-B96E-6626DF9D1B77}.Ad-Hoc|iPhone.Build.0 = Release|x86
		{9A06AA45-23F2-4BE0-B96E-6626DF9D1B77}.Ad-Hoc|iPhone.Deploy.0 = Release|x86
		{9A06AA45-23F2-4BE0-B96E-6626DF9D1B77}.Ad-Hoc|iPhoneSimulator.ActiveCfg = Release|x86
		{9A06AA45-23F2-4BE0-B96E-6626DF9D1B77}.Ad-Hoc|iPhoneSimulator.Build.0 = Release|x86
		{9A06AA45-23F2-4BE0-B96E-6626DF9D1B77}.Ad-Hoc|iPhoneSimulator.Deploy.0 = Release|x86
		{9A06AA45-23F2-4BE0-B96E-6626DF9D1B77}.Ad-Hoc|x64.ActiveCfg = Release|x64
		{9A06AA45-23F2-4BE0-B96E-6626DF9D1B77}.Ad-Hoc|x64.Build.0 = Release|x64
		{9A06AA45-23F2-4BE0-B96E-6626DF9D1B77}.Ad-Hoc|x64.Deploy.0 = Release|x64
		{9A06AA45-23F2-4BE0-B96E-6626DF9D1B77}.Ad-Hoc|x86.ActiveCfg = Release|x86
		{9A06AA45-23F2-4BE0-B96E-6626DF9D1B77}.Ad-Hoc|x86.Build.0 = Release|x86
		{9A06AA45-23F2-4BE0-B96E-6626DF9D1B77}.Ad-Hoc|x86.Deploy.0 = Release|x86
		{9A06AA45-23F2-4BE0-B96E-6626DF9D1B77}.AppStore|Any CPU.ActiveCfg = Release|x86
		{9A06AA45-23F2-4BE0-B96E-6626DF9D1B77}.AppStore|Any CPU.Build.0 = Release|x86
		{9A06AA45-23F2-4BE0-B96E-6626DF9D1B77}.AppStore|Any CPU.Deploy.0 = Release|x86
		{9A06AA45-23F2-4BE0-B96E-6626DF9D1B77}.AppStore|ARM.ActiveCfg = Release|ARM
		{9A06AA45-23F2-4BE0-B96E-6626DF9D1B77}.AppStore|ARM.Build.0 = Release|ARM
		{9A06AA45-23F2-4BE0-B96E-6626DF9D1B77}.AppStore|ARM.Deploy.0 = Release|ARM
		{9A06AA45-23F2-4BE0-B96E-6626DF9D1B77}.AppStore|iPhone.ActiveCfg = Release|x86
		{9A06AA45-23F2-4BE0-B96E-6626DF9D1B77}.AppStore|iPhone.Build.0 = Release|x86
		{9A06AA45-23F2-4BE0-B96E-6626DF9D1B77}.AppStore|iPhone.Deploy.0 = Release|x86
		{9A06AA45-23F2-4BE0-B96E-6626DF9D1B77}.AppStore|iPhoneSimulator.ActiveCfg = Release|x86
		{9A06AA45-23F2-4BE0-B96E-6626DF9D1B77}.AppStore|iPhoneSimulator.Build.0 = Release|x86
		{9A06AA45-23F2-4BE0-B96E-6626DF9D1B77}.AppStore|iPhoneSimulator.Deploy.0 = Release|x86
		{9A06AA45-23F2-4BE0-B96E-6626DF9D1B77}.AppStore|x64.ActiveCfg = Release|x64
		{9A06AA45-23F2-4BE0-B96E-6626DF9D1B77}.AppStore|x64.Build.0 = Release|x64
		{9A06AA45-23F2-4BE0-B96E-6626DF9D1B77}.AppStore|x64.Deploy.0 = Release|x64
		{9A06AA45-23F2-4BE0-B96E-6626DF9D1B77}.AppStore|x86.ActiveCfg = Release|x86
		{9A06AA45-23F2-4BE0-B96E-6626DF9D1B77}.AppStore|x86.Build.0 = Release|x86
		{9A06AA45-23F2-4BE0-B96E-6626DF9D1B77}.AppStore|x86.Deploy.0 = Release|x86
		{9A06AA45-23F2-4BE0-B96E-6626DF9D1B77}.Debug|Any CPU.ActiveCfg = Debug|x86
		{9A06AA45-23F2-4BE0-B96E-6626DF9D1B77}.Debug|Any CPU.Build.0 = Debug|x86
		{9A06AA45-23F2-4BE0-B96E-6626DF9D1B77}.Debug|Any CPU.Deploy.0 = Debug|x86
		{9A06AA45-23F2-4BE0-B96E-6626DF9D1B77}.Debug|ARM.ActiveCfg = Debug|ARM
		{9A06AA45-23F2-4BE0-B96E-6626DF9D1B77}.Debug|ARM.Build.0 = Debug|ARM
		{9A06AA45-23F2-4BE0-B96E-6626DF9D1B77}.Debug|ARM.Deploy.0 = Debug|ARM
		{9A06AA45-23F2-4BE0-B96E-6626DF9D1B77}.Debug|iPhone.ActiveCfg = Debug|x86
		{9A06AA45-23F2-4BE0-B96E-6626DF9D1B77}.Debug|iPhone.Build.0 = Debug|x86
		{9A06AA45-23F2-4BE0-B96E-6626DF9D1B77}.Debug|iPhone.Deploy.0 = Debug|x86
		{9A06AA45-23F2-4BE0-B96E-6626DF9D1B77}.Debug|iPhoneSimulator.ActiveCfg = Debug|x86
		{9A06AA45-23F2-4BE0-B96E-6626DF9D1B77}.Debug|iPhoneSimulator.Build.0 = Debug|x86
		{9A06AA45-23F2-4BE0-B96E-6626DF9D1B77}.Debug|iPhoneSimulator.Deploy.0 = Debug|x86
		{9A06AA45-23F2-4BE0-B96E-6626DF9D1B77}.Debug|x64.ActiveCfg = Debug|x64
		{9A06AA45-23F2-4BE0-B96E-6626DF9D1B77}.Debug|x64.Build.0 = Debug|x64
		{9A06AA45-23F2-4BE0-B96E-6626DF9D1B77}.Debug|x64.Deploy.0 = Debug|x64
		{9A06AA45-23F2-4BE0-B96E-6626DF9D1B77}.Debug|x86.ActiveCfg = Debug|x86
		{9A06AA45-23F2-4BE0-B96E-6626DF9D1B77}.Debug|x86.Build.0 = Debug|x86
		{9A06AA45-23F2-4BE0-B96E-6626DF9D1B77}.Debug|x86.Deploy.0 = Debug|x86
		{9A06AA45-23F2-4BE0-B96E-6626DF9D1B77}.Release|Any CPU.ActiveCfg = Release|x86
		{9A06AA45-23F2-4BE0-B96E-6626DF9D1B77}.Release|Any CPU.Build.0 = Release|x86
		{9A06AA45-23F2-4BE0-B96E-6626DF9D1B77}.Release|Any CPU.Deploy.0 = Release|x86
		{9A06AA45-23F2-4BE0-B96E-6626DF9D1B77}.Release|ARM.ActiveCfg = Release|ARM
		{9A06AA45-23F2-4BE0-B96E-6626DF9D1B77}.Release|ARM.Build.0 = Release|ARM
		{9A06AA45-23F2-4BE0-B96E-6626DF9D1B77}.Release|ARM.Deploy.0 = Release|ARM
		{9A06AA45-23F2-4BE0-B96E-6626DF9D1B77}.Release|iPhone.ActiveCfg = Release|x86
		{9A06AA45-23F2-4BE0-B96E-6626DF9D1B77}.Release|iPhone.Build.0 = Release|x86
		{9A06AA45-23F2-4BE0-B96E-6626DF9D1B77}.Release|iPhone.Deploy.0 = Release|x86
		{9A06AA45-23F2-4BE0-B96E-6626DF9D1B77}.Release|iPhoneSimulator.ActiveCfg = Release|x86
		{9A06AA45-23F2-4BE0-B96E-6626DF9D1B77}.Release|iPhoneSimulator.Build.0 = Release|x86
		{9A06AA45-23F2-4BE0-B96E-6626DF9D1B77}.Release|iPhoneSimulator.Deploy.0 = Release|x86
		{9A06AA45-23F2-4BE0-B96E-6626DF9D1B77}.Release|x64.ActiveCfg = Release|x64
		{9A06AA45-23F2-4BE0-B96E-6626DF9D1B77}.Release|x64.Build.0 = Release|x64
		{9A06AA45-23F2-4BE0-B96E-6626DF9D1B77}.Release|x64.Deploy.0 = Release|x64
		{9A06AA45-23F2-4BE0-B96E-6626DF9D1B77}.Release|x86.ActiveCfg = Release|x86
		{9A06AA45-23F2-4BE0-B96E-6626DF9D1B77}.Release|x86.Build.0 = Release|x86
		{9A06AA45-23F2-4BE0-B96E-6626DF9D1B77}.Release|x86.Deploy.0 = Release|x86
		{3F8E0AC6-9B64-4307-B1E6-3A52F335C01C}.Ad-Hoc|Any CPU.ActiveCfg = Debug|Any CPU
		{3F8E0AC6-9B64-4307-B1E6-3A52F335C01C}.Ad-Hoc|Any CPU.Build.0 = Debug|Any CPU
		{3F8E0AC6-9B64-4307-B1E6-3A52F335C01C}.Ad-Hoc|Any CPU.Deploy.0 = Debug|Any CPU
		{3F8E0AC6-9B64-4307-B1E6-3A52F335C01C}.Ad-Hoc|ARM.ActiveCfg = Debug|Any CPU
		{3F8E0AC6-9B64-4307-B1E6-3A52F335C01C}.Ad-Hoc|ARM.Build.0 = Debug|Any CPU
		{3F8E0AC6-9B64-4307-B1E6-3A52F335C01C}.Ad-Hoc|ARM.Deploy.0 = Debug|Any CPU
		{3F8E0AC6-9B64-4307-B1E6-3A52F335C01C}.Ad-Hoc|iPhone.ActiveCfg = Debug|Any CPU
		{3F8E0AC6-9B64-4307-B1E6-3A52F335C01C}.Ad-Hoc|iPhone.Build.0 = Debug|Any CPU
		{3F8E0AC6-9B64-4307-B1E6-3A52F335C01C}.Ad-Hoc|iPhone.Deploy.0 = Debug|Any CPU
		{3F8E0AC6-9B64-4307-B1E6-3A52F335C01C}.Ad-Hoc|iPhoneSimulator.ActiveCfg = Debug|Any CPU
		{3F8E0AC6-9B64-4307-B1E6-3A52F335C01C}.Ad-Hoc|iPhoneSimulator.Build.0 = Debug|Any CPU
		{3F8E0AC6-9B64-4307-B1E6-3A52F335C01C}.Ad-Hoc|iPhoneSimulator.Deploy.0 = Debug|Any CPU
		{3F8E0AC6-9B64-4307-B1E6-3A52F335C01C}.Ad-Hoc|x64.ActiveCfg = Debug|Any CPU
		{3F8E0AC6-9B64-4307-B1E6-3A52F335C01C}.Ad-Hoc|x64.Build.0 = Debug|Any CPU
		{3F8E0AC6-9B64-4307-B1E6-3A52F335C01C}.Ad-Hoc|x64.Deploy.0 = Debug|Any CPU
		{3F8E0AC6-9B64-4307-B1E6-3A52F335C01C}.Ad-Hoc|x86.ActiveCfg = Debug|Any CPU
		{3F8E0AC6-9B64-4307-B1E6-3A52F335C01C}.Ad-Hoc|x86.Build.0 = Debug|Any CPU
		{3F8E0AC6-9B64-4307-B1E6-3A52F335C01C}.Ad-Hoc|x86.Deploy.0 = Debug|Any CPU
		{3F8E0AC6-9B64-4307-B1E6-3A52F335C01C}.AppStore|Any CPU.ActiveCfg = Debug|Any CPU
		{3F8E0AC6-9B64-4307-B1E6-3A52F335C01C}.AppStore|Any CPU.Build.0 = Debug|Any CPU
		{3F8E0AC6-9B64-4307-B1E6-3A52F335C01C}.AppStore|Any CPU.Deploy.0 = Debug|Any CPU
		{3F8E0AC6-9B64-4307-B1E6-3A52F335C01C}.AppStore|ARM.ActiveCfg = Debug|Any CPU
		{3F8E0AC6-9B64-4307-B1E6-3A52F335C01C}.AppStore|ARM.Build.0 = Debug|Any CPU
		{3F8E0AC6-9B64-4307-B1E6-3A52F335C01C}.AppStore|ARM.Deploy.0 = Debug|Any CPU
		{3F8E0AC6-9B64-4307-B1E6-3A52F335C01C}.AppStore|iPhone.ActiveCfg = Debug|Any CPU
		{3F8E0AC6-9B64-4307-B1E6-3A52F335C01C}.AppStore|iPhone.Build.0 = Debug|Any CPU
		{3F8E0AC6-9B64-4307-B1E6-3A52F335C01C}.AppStore|iPhone.Deploy.0 = Debug|Any CPU
		{3F8E0AC6-9B64-4307-B1E6-3A52F335C01C}.AppStore|iPhoneSimulator.ActiveCfg = Debug|Any CPU
		{3F8E0AC6-9B64-4307-B1E6-3A52F335C01C}.AppStore|iPhoneSimulator.Build.0 = Debug|Any CPU
		{3F8E0AC6-9B64-4307-B1E6-3A52F335C01C}.AppStore|iPhoneSimulator.Deploy.0 = Debug|Any CPU
		{3F8E0AC6-9B64-4307-B1E6-3A52F335C01C}.AppStore|x64.ActiveCfg = Debug|Any CPU
		{3F8E0AC6-9B64-4307-B1E6-3A52F335C01C}.AppStore|x64.Build.0 = Debug|Any CPU
		{3F8E0AC6-9B64-4307-B1E6-3A52F335C01C}.AppStore|x64.Deploy.0 = Debug|Any CPU
		{3F8E0AC6-9B64-4307-B1E6-3A52F335C01C}.AppStore|x86.ActiveCfg = Debug|Any CPU
		{3F8E0AC6-9B64-4307-B1E6-3A52F335C01C}.AppStore|x86.Build.0 = Debug|Any CPU
		{3F8E0AC6-9B64-4307-B1E6-3A52F335C01C}.AppStore|x86.Deploy.0 = Debug|Any CPU
		{3F8E0AC6-9B64-4307-B1E6-3A52F335C01C}.Debug|Any CPU.ActiveCfg = Debug|Any CPU
		{3F8E0AC6-9B64-4307-B1E6-3A52F335C01C}.Debug|Any CPU.Build.0 = Debug|Any CPU
		{3F8E0AC6-9B64-4307-B1E6-3A52F335C01C}.Debug|Any CPU.Deploy.0 = Debug|Any CPU
		{3F8E0AC6-9B64-4307-B1E6-3A52F335C01C}.Debug|ARM.ActiveCfg = Debug|Any CPU
		{3F8E0AC6-9B64-4307-B1E6-3A52F335C01C}.Debug|ARM.Build.0 = Debug|Any CPU
		{3F8E0AC6-9B64-4307-B1E6-3A52F335C01C}.Debug|ARM.Deploy.0 = Debug|Any CPU
		{3F8E0AC6-9B64-4307-B1E6-3A52F335C01C}.Debug|iPhone.ActiveCfg = Debug|Any CPU
		{3F8E0AC6-9B64-4307-B1E6-3A52F335C01C}.Debug|iPhone.Build.0 = Debug|Any CPU
		{3F8E0AC6-9B64-4307-B1E6-3A52F335C01C}.Debug|iPhone.Deploy.0 = Debug|Any CPU
		{3F8E0AC6-9B64-4307-B1E6-3A52F335C01C}.Debug|iPhoneSimulator.ActiveCfg = Debug|Any CPU
		{3F8E0AC6-9B64-4307-B1E6-3A52F335C01C}.Debug|iPhoneSimulator.Build.0 = Debug|Any CPU
		{3F8E0AC6-9B64-4307-B1E6-3A52F335C01C}.Debug|iPhoneSimulator.Deploy.0 = Debug|Any CPU
		{3F8E0AC6-9B64-4307-B1E6-3A52F335C01C}.Debug|x64.ActiveCfg = Debug|Any CPU
		{3F8E0AC6-9B64-4307-B1E6-3A52F335C01C}.Debug|x64.Build.0 = Debug|Any CPU
		{3F8E0AC6-9B64-4307-B1E6-3A52F335C01C}.Debug|x64.Deploy.0 = Debug|Any CPU
		{3F8E0AC6-9B64-4307-B1E6-3A52F335C01C}.Debug|x86.ActiveCfg = Debug|Any CPU
		{3F8E0AC6-9B64-4307-B1E6-3A52F335C01C}.Debug|x86.Build.0 = Debug|Any CPU
		{3F8E0AC6-9B64-4307-B1E6-3A52F335C01C}.Debug|x86.Deploy.0 = Debug|Any CPU
		{3F8E0AC6-9B64-4307-B1E6-3A52F335C01C}.Release|Any CPU.ActiveCfg = Release|Any CPU
		{3F8E0AC6-9B64-4307-B1E6-3A52F335C01C}.Release|Any CPU.Build.0 = Release|Any CPU
		{3F8E0AC6-9B64-4307-B1E6-3A52F335C01C}.Release|Any CPU.Deploy.0 = Release|Any CPU
		{3F8E0AC6-9B64-4307-B1E6-3A52F335C01C}.Release|ARM.ActiveCfg = Release|Any CPU
		{3F8E0AC6-9B64-4307-B1E6-3A52F335C01C}.Release|ARM.Build.0 = Release|Any CPU
		{3F8E0AC6-9B64-4307-B1E6-3A52F335C01C}.Release|ARM.Deploy.0 = Release|Any CPU
		{3F8E0AC6-9B64-4307-B1E6-3A52F335C01C}.Release|iPhone.ActiveCfg = Release|Any CPU
		{3F8E0AC6-9B64-4307-B1E6-3A52F335C01C}.Release|iPhone.Build.0 = Release|Any CPU
		{3F8E0AC6-9B64-4307-B1E6-3A52F335C01C}.Release|iPhone.Deploy.0 = Release|Any CPU
		{3F8E0AC6-9B64-4307-B1E6-3A52F335C01C}.Release|iPhoneSimulator.ActiveCfg = Release|Any CPU
		{3F8E0AC6-9B64-4307-B1E6-3A52F335C01C}.Release|iPhoneSimulator.Build.0 = Release|Any CPU
		{3F8E0AC6-9B64-4307-B1E6-3A52F335C01C}.Release|iPhoneSimulator.Deploy.0 = Release|Any CPU
		{3F8E0AC6-9B64-4307-B1E6-3A52F335C01C}.Release|x64.ActiveCfg = Release|Any CPU
		{3F8E0AC6-9B64-4307-B1E6-3A52F335C01C}.Release|x64.Build.0 = Release|Any CPU
		{3F8E0AC6-9B64-4307-B1E6-3A52F335C01C}.Release|x64.Deploy.0 = Release|Any CPU
		{3F8E0AC6-9B64-4307-B1E6-3A52F335C01C}.Release|x86.ActiveCfg = Release|Any CPU
		{3F8E0AC6-9B64-4307-B1E6-3A52F335C01C}.Release|x86.Build.0 = Release|Any CPU
		{3F8E0AC6-9B64-4307-B1E6-3A52F335C01C}.Release|x86.Deploy.0 = Release|Any CPU
	EndGlobalSection
	GlobalSection(SolutionProperties) = preSolution
		HideSolutionNode = FALSE
	EndGlobalSection
	GlobalSection(ExtensibilityGlobals) = postSolution
		SolutionGuid = {A6C81C74-DE42-4921-9C40-5D87AB3C89E9}
	EndGlobalSection
EndGlobal
