
Microsoft Visual Studio Solution File, Format Version 12.00
# Visual Studio 15
VisualStudioVersion = 15.0.28307.539
MinimumVisualStudioVersion = 10.0.40219.1
Project("{FAE04EC0-301F-11D3-BF4B-00C04F79EFBC}") = "DemoNavigation.Android", "DemoNavigation\DemoNavigation.Android\DemoNavigation.Android.csproj", "{B0A37366-55CC-4483-A319-EE7BCF55A4A0}"
EndProject
Project("{FAE04EC0-301F-11D3-BF4B-00C04F79EFBC}") = "DemoNavigation.iOS", "DemoNavigation\DemoNavigation.iOS\DemoNavigation.iOS.csproj", "{BC49015B-BC6B-48B0-8B18-F9E94355931B}"
EndProject
Project("{FAE04EC0-301F-11D3-BF4B-00C04F79EFBC}") = "DemoNavigation.UWP", "DemoNavigation\DemoNavigation.UWP\DemoNavigation.UWP.csproj", "{2DFB5380-B8F5-4029-971D-2BAF590A0148}"
EndProject
Project("{FAE04EC0-301F-11D3-BF4B-00C04F79EFBC}") = "DemoNavigation", "DemoNavigation\DemoNavigation\DemoNavigation.csproj", "{4263EFD3-2083-4E7F-9C97-888CC0F5B0B1}"
EndProject
Global
	GlobalSection(SolutionConfigurationPlatforms) = preSolution
		Ad-Hoc|Any CPU = Ad-Hoc|Any CPU
		Ad-Hoc|ARM = Ad-Hoc|ARM
		Ad-Hoc|iPhone = Ad-Hoc|iPhone
		Ad-Hoc|iPhoneSimulator = Ad-Hoc|iPhoneSimulator
		Ad-Hoc|x64 = Ad-Hoc|x64
		Ad-Hoc|x86 = Ad-Hoc|x86
		AppStore|Any CPU = AppStore|Any CPU
		AppStore|ARM = AppStore|ARM
		AppStore|iPhone = AppStore|iPhone
		AppStore|iPhoneSimulator = AppStore|iPhoneSimulator
		AppStore|x64 = AppStore|x64
		AppStore|x86 = AppStore|x86
		Debug|Any CPU = Debug|Any CPU
		Debug|ARM = Debug|ARM
		Debug|iPhone = Debug|iPhone
		Debug|iPhoneSimulator = Debug|iPhoneSimulator
		Debug|x64 = Debug|x64
		Debug|x86 = Debug|x86
		Release|Any CPU = Release|Any CPU
		Release|ARM = Release|ARM
		Release|iPhone = Release|iPhone
		Release|iPhoneSimulator = Release|iPhoneSimulator
		Release|x64 = Release|x64
		Release|x86 = Release|x86
	EndGlobalSection
	GlobalSection(ProjectConfigurationPlatforms) = postSolution
		{B0A37366-55CC-4483-A319-EE7BCF55A4A0}.Ad-Hoc|Any CPU.ActiveCfg = Release|Any CPU
		{B0A37366-55CC-4483-A319-EE7BCF55A4A0}.Ad-Hoc|Any CPU.Build.0 = Release|Any CPU
		{B0A37366-55CC-4483-A319-EE7BCF55A4A0}.Ad-Hoc|Any CPU.Deploy.0 = Release|Any CPU
		{B0A37366-55CC-4483-A319-EE7BCF55A4A0}.Ad-Hoc|ARM.ActiveCfg = Release|Any CPU
		{B0A37366-55CC-4483-A319-EE7BCF55A4A0}.Ad-Hoc|ARM.Build.0 = Release|Any CPU
		{B0A37366-55CC-4483-A319-EE7BCF55A4A0}.Ad-Hoc|ARM.Deploy.0 = Release|Any CPU
		{B0A37366-55CC-4483-A319-EE7BCF55A4A0}.Ad-Hoc|iPhone.ActiveCfg = Release|Any CPU
		{B0A37366-55CC-4483-A319-EE7BCF55A4A0}.Ad-Hoc|iPhone.Build.0 = Release|Any CPU
		{B0A37366-55CC-4483-A319-EE7BCF55A4A0}.Ad-Hoc|iPhone.Deploy.0 = Release|Any CPU
		{B0A37366-55CC-4483-A319-EE7BCF55A4A0}.Ad-Hoc|iPhoneSimulator.ActiveCfg = Release|Any CPU
		{B0A37366-55CC-4483-A319-EE7BCF55A4A0}.Ad-Hoc|iPhoneSimulator.Build.0 = Release|Any CPU
		{B0A37366-55CC-4483-A319-EE7BCF55A4A0}.Ad-Hoc|iPhoneSimulator.Deploy.0 = Release|Any CPU
		{B0A37366-55CC-4483-A319-EE7BCF55A4A0}.Ad-Hoc|x64.ActiveCfg = Release|Any CPU
		{B0A37366-55CC-4483-A319-EE7BCF55A4A0}.Ad-Hoc|x64.Build.0 = Release|Any CPU
		{B0A37366-55CC-4483-A319-EE7BCF55A4A0}.Ad-Hoc|x64.Deploy.0 = Release|Any CPU
		{B0A37366-55CC-4483-A319-EE7BCF55A4A0}.Ad-Hoc|x86.ActiveCfg = Release|Any CPU
		{B0A37366-55CC-4483-A319-EE7BCF55A4A0}.Ad-Hoc|x86.Build.0 = Release|Any CPU
		{B0A37366-55CC-4483-A319-EE7BCF55A4A0}.Ad-Hoc|x86.Deploy.0 = Release|Any CPU
		{B0A37366-55CC-4483-A319-EE7BCF55A4A0}.AppStore|Any CPU.ActiveCfg = Release|Any CPU
		{B0A37366-55CC-4483-A319-EE7BCF55A4A0}.AppStore|Any CPU.Build.0 = Release|Any CPU
		{B0A37366-55CC-4483-A319-EE7BCF55A4A0}.AppStore|Any CPU.Deploy.0 = Release|Any CPU
		{B0A37366-55CC-4483-A319-EE7BCF55A4A0}.AppStore|ARM.ActiveCfg = Release|Any CPU
		{B0A37366-55CC-4483-A319-EE7BCF55A4A0}.AppStore|ARM.Build.0 = Release|Any CPU
		{B0A37366-55CC-4483-A319-EE7BCF55A4A0}.AppStore|ARM.Deploy.0 = Release|Any CPU
		{B0A37366-55CC-4483-A319-EE7BCF55A4A0}.AppStore|iPhone.ActiveCfg = Release|Any CPU
		{B0A37366-55CC-4483-A319-EE7BCF55A4A0}.AppStore|iPhone.Build.0 = Release|Any CPU
		{B0A37366-55CC-4483-A319-EE7BCF55A4A0}.AppStore|iPhone.Deploy.0 = Release|Any CPU
		{B0A37366-55CC-4483-A319-EE7BCF55A4A0}.AppStore|iPhoneSimulator.ActiveCfg = Release|Any CPU
		{B0A37366-55CC-4483-A319-EE7BCF55A4A0}.AppStore|iPhoneSimulator.Build.0 = Release|Any CPU
		{B0A37366-55CC-4483-A319-EE7BCF55A4A0}.AppStore|iPhoneSimulator.Deploy.0 = Release|Any CPU
		{B0A37366-55CC-4483-A319-EE7BCF55A4A0}.AppStore|x64.ActiveCfg = Release|Any CPU
		{B0A37366-55CC-4483-A319-EE7BCF55A4A0}.AppStore|x64.Build.0 = Release|Any CPU
		{B0A37366-55CC-4483-A319-EE7BCF55A4A0}.AppStore|x64.Deploy.0 = Release|Any CPU
		{B0A37366-55CC-4483-A319-EE7BCF55A4A0}.AppStore|x86.ActiveCfg = Release|Any CPU
		{B0A37366-55CC-4483-A319-EE7BCF55A4A0}.AppStore|x86.Build.0 = Release|Any CPU
		{B0A37366-55CC-4483-A319-EE7BCF55A4A0}.AppStore|x86.Deploy.0 = Release|Any CPU
		{B0A37366-55CC-4483-A319-EE7BCF55A4A0}.Debug|Any CPU.ActiveCfg = Debug|Any CPU
		{B0A37366-55CC-4483-A319-EE7BCF55A4A0}.Debug|Any CPU.Build.0 = Debug|Any CPU
		{B0A37366-55CC-4483-A319-EE7BCF55A4A0}.Debug|Any CPU.Deploy.0 = Debug|Any CPU
		{B0A37366-55CC-4483-A319-EE7BCF55A4A0}.Debug|ARM.ActiveCfg = Debug|Any CPU
		{B0A37366-55CC-4483-A319-EE7BCF55A4A0}.Debug|ARM.Build.0 = Debug|Any CPU
		{B0A37366-55CC-4483-A319-EE7BCF55A4A0}.Debug|ARM.Deploy.0 = Debug|Any CPU
		{B0A37366-55CC-4483-A319-EE7BCF55A4A0}.Debug|iPhone.ActiveCfg = Debug|Any CPU
		{B0A37366-55CC-4483-A319-EE7BCF55A4A0}.Debug|iPhone.Build.0 = Debug|Any CPU
		{B0A37366-55CC-4483-A319-EE7BCF55A4A0}.Debug|iPhone.Deploy.0 = Debug|Any CPU
		{B0A37366-55CC-4483-A319-EE7BCF55A4A0}.Debug|iPhoneSimulator.ActiveCfg = Debug|Any CPU
		{B0A37366-55CC-4483-A319-EE7BCF55A4A0}.Debug|iPhoneSimulator.Build.0 = Debug|Any CPU
		{B0A37366-55CC-4483-A319-EE7BCF55A4A0}.Debug|iPhoneSimulator.Deploy.0 = Debug|Any CPU
		{B0A37366-55CC-4483-A319-EE7BCF55A4A0}.Debug|x64.ActiveCfg = Debug|Any CPU
		{B0A37366-55CC-4483-A319-EE7BCF55A4A0}.Debug|x64.Build.0 = Debug|Any CPU
		{B0A37366-55CC-4483-A319-EE7BCF55A4A0}.Debug|x64.Deploy.0 = Debug|Any CPU
		{B0A37366-55CC-4483-A319-EE7BCF55A4A0}.Debug|x86.ActiveCfg = Debug|Any CPU
		{B0A37366-55CC-4483-A319-EE7BCF55A4A0}.Debug|x86.Build.0 = Debug|Any CPU
		{B0A37366-55CC-4483-A319-EE7BCF55A4A0}.Debug|x86.Deploy.0 = Debug|Any CPU
		{B0A37366-55CC-4483-A319-EE7BCF55A4A0}.Release|Any CPU.ActiveCfg = Release|Any CPU
		{B0A37366-55CC-4483-A319-EE7BCF55A4A0}.Release|Any CPU.Build.0 = Release|Any CPU
		{B0A37366-55CC-4483-A319-EE7BCF55A4A0}.Release|Any CPU.Deploy.0 = Release|Any CPU
		{B0A37366-55CC-4483-A319-EE7BCF55A4A0}.Release|ARM.ActiveCfg = Release|Any CPU
		{B0A37366-55CC-4483-A319-EE7BCF55A4A0}.Release|ARM.Build.0 = Release|Any CPU
		{B0A37366-55CC-4483-A319-EE7BCF55A4A0}.Release|ARM.Deploy.0 = Release|Any CPU
		{B0A37366-55CC-4483-A319-EE7BCF55A4A0}.Release|iPhone.ActiveCfg = Release|Any CPU
		{B0A37366-55CC-4483-A319-EE7BCF55A4A0}.Release|iPhone.Build.0 = Release|Any CPU
		{B0A37366-55CC-4483-A319-EE7BCF55A4A0}.Release|iPhone.Deploy.0 = Release|Any CPU
		{B0A37366-55CC-4483-A319-EE7BCF55A4A0}.Release|iPhoneSimulator.ActiveCfg = Release|Any CPU
		{B0A37366-55CC-4483-A319-EE7BCF55A4A0}.Release|iPhoneSimulator.Build.0 = Release|Any CPU
		{B0A37366-55CC-4483-A319-EE7BCF55A4A0}.Release|iPhoneSimulator.Deploy.0 = Release|Any CPU
		{B0A37366-55CC-4483-A319-EE7BCF55A4A0}.Release|x64.ActiveCfg = Release|Any CPU
		{B0A37366-55CC-4483-A319-EE7BCF55A4A0}.Release|x64.Build.0 = Release|Any CPU
		{B0A37366-55CC-4483-A319-EE7BCF55A4A0}.Release|x64.Deploy.0 = Release|Any CPU
		{B0A37366-55CC-4483-A319-EE7BCF55A4A0}.Release|x86.ActiveCfg = Release|Any CPU
		{B0A37366-55CC-4483-A319-EE7BCF55A4A0}.Release|x86.Build.0 = Release|Any CPU
		{B0A37366-55CC-4483-A319-EE7BCF55A4A0}.Release|x86.Deploy.0 = Release|Any CPU
		{BC49015B-BC6B-48B0-8B18-F9E94355931B}.Ad-Hoc|Any CPU.ActiveCfg = Ad-Hoc|iPhone
		{BC49015B-BC6B-48B0-8B18-F9E94355931B}.Ad-Hoc|Any CPU.Build.0 = Ad-Hoc|iPhone
		{BC49015B-BC6B-48B0-8B18-F9E94355931B}.Ad-Hoc|Any CPU.Deploy.0 = Ad-Hoc|iPhone
		{BC49015B-BC6B-48B0-8B18-F9E94355931B}.Ad-Hoc|ARM.ActiveCfg = Ad-Hoc|iPhone
		{BC49015B-BC6B-48B0-8B18-F9E94355931B}.Ad-Hoc|ARM.Build.0 = Ad-Hoc|iPhone
		{BC49015B-BC6B-48B0-8B18-F9E94355931B}.Ad-Hoc|ARM.Deploy.0 = Ad-Hoc|iPhone
		{BC49015B-BC6B-48B0-8B18-F9E94355931B}.Ad-Hoc|iPhone.ActiveCfg = Ad-Hoc|iPhone
		{BC49015B-BC6B-48B0-8B18-F9E94355931B}.Ad-Hoc|iPhone.Build.0 = Ad-Hoc|iPhone
		{BC49015B-BC6B-48B0-8B18-F9E94355931B}.Ad-Hoc|iPhone.Deploy.0 = Ad-Hoc|iPhone
		{BC49015B-BC6B-48B0-8B18-F9E94355931B}.Ad-Hoc|iPhoneSimulator.ActiveCfg = Ad-Hoc|iPhoneSimulator
		{BC49015B-BC6B-48B0-8B18-F9E94355931B}.Ad-Hoc|iPhoneSimulator.Build.0 = Ad-Hoc|iPhoneSimulator
		{BC49015B-BC6B-48B0-8B18-F9E94355931B}.Ad-Hoc|iPhoneSimulator.Deploy.0 = Ad-Hoc|iPhoneSimulator
		{BC49015B-BC6B-48B0-8B18-F9E94355931B}.Ad-Hoc|x64.ActiveCfg = Ad-Hoc|iPhone
		{BC49015B-BC6B-48B0-8B18-F9E94355931B}.Ad-Hoc|x64.Build.0 = Ad-Hoc|iPhone
		{BC49015B-BC6B-48B0-8B18-F9E94355931B}.Ad-Hoc|x64.Deploy.0 = Ad-Hoc|iPhone
		{BC49015B-BC6B-48B0-8B18-F9E94355931B}.Ad-Hoc|x86.ActiveCfg = Ad-Hoc|iPhone
		{BC49015B-BC6B-48B0-8B18-F9E94355931B}.Ad-Hoc|x86.Build.0 = Ad-Hoc|iPhone
		{BC49015B-BC6B-48B0-8B18-F9E94355931B}.Ad-Hoc|x86.Deploy.0 = Ad-Hoc|iPhone
		{BC49015B-BC6B-48B0-8B18-F9E94355931B}.AppStore|Any CPU.ActiveCfg = AppStore|iPhone
		{BC49015B-BC6B-48B0-8B18-F9E94355931B}.AppStore|Any CPU.Build.0 = AppStore|iPhone
		{BC49015B-BC6B-48B0-8B18-F9E94355931B}.AppStore|Any CPU.Deploy.0 = AppStore|iPhone
		{BC49015B-BC6B-48B0-8B18-F9E94355931B}.AppStore|ARM.ActiveCfg = AppStore|iPhone
		{BC49015B-BC6B-48B0-8B18-F9E94355931B}.AppStore|ARM.Build.0 = AppStore|iPhone
		{BC49015B-BC6B-48B0-8B18-F9E94355931B}.AppStore|ARM.Deploy.0 = AppStore|iPhone
		{BC49015B-BC6B-48B0-8B18-F9E94355931B}.AppStore|iPhone.ActiveCfg = AppStore|iPhone
		{BC49015B-BC6B-48B0-8B18-F9E94355931B}.AppStore|iPhone.Build.0 = AppStore|iPhone
		{BC49015B-BC6B-48B0-8B18-F9E94355931B}.AppStore|iPhone.Deploy.0 = AppStore|iPhone
		{BC49015B-BC6B-48B0-8B18-F9E94355931B}.AppStore|iPhoneSimulator.ActiveCfg = AppStore|iPhoneSimulator
		{BC49015B-BC6B-48B0-8B18-F9E94355931B}.AppStore|iPhoneSimulator.Build.0 = AppStore|iPhoneSimulator
		{BC49015B-BC6B-48B0-8B18-F9E94355931B}.AppStore|iPhoneSimulator.Deploy.0 = AppStore|iPhoneSimulator
		{BC49015B-BC6B-48B0-8B18-F9E94355931B}.AppStore|x64.ActiveCfg = AppStore|iPhone
		{BC49015B-BC6B-48B0-8B18-F9E94355931B}.AppStore|x64.Build.0 = AppStore|iPhone
		{BC49015B-BC6B-48B0-8B18-F9E94355931B}.AppStore|x64.Deploy.0 = AppStore|iPhone
		{BC49015B-BC6B-48B0-8B18-F9E94355931B}.AppStore|x86.ActiveCfg = AppStore|iPhone
		{BC49015B-BC6B-48B0-8B18-F9E94355931B}.AppStore|x86.Build.0 = AppStore|iPhone
		{BC49015B-BC6B-48B0-8B18-F9E94355931B}.AppStore|x86.Deploy.0 = AppStore|iPhone
		{BC49015B-BC6B-48B0-8B18-F9E94355931B}.Debug|Any CPU.ActiveCfg = Debug|iPhoneSimulator
		{BC49015B-BC6B-48B0-8B18-F9E94355931B}.Debug|Any CPU.Build.0 = Debug|iPhoneSimulator
		{BC49015B-BC6B-48B0-8B18-F9E94355931B}.Debug|Any CPU.Deploy.0 = Debug|iPhoneSimulator
		{BC49015B-BC6B-48B0-8B18-F9E94355931B}.Debug|ARM.ActiveCfg = Debug|iPhone
		{BC49015B-BC6B-48B0-8B18-F9E94355931B}.Debug|ARM.Build.0 = Debug|iPhone
		{BC49015B-BC6B-48B0-8B18-F9E94355931B}.Debug|ARM.Deploy.0 = Debug|iPhone
		{BC49015B-BC6B-48B0-8B18-F9E94355931B}.Debug|iPhone.ActiveCfg = Debug|iPhone
		{BC49015B-BC6B-48B0-8B18-F9E94355931B}.Debug|iPhone.Build.0 = Debug|iPhone
		{BC49015B-BC6B-48B0-8B18-F9E94355931B}.Debug|iPhone.Deploy.0 = Debug|iPhone
		{BC49015B-BC6B-48B0-8B18-F9E94355931B}.Debug|iPhoneSimulator.ActiveCfg = Debug|iPhoneSimulator
		{BC49015B-BC6B-48B0-8B18-F9E94355931B}.Debug|iPhoneSimulator.Build.0 = Debug|iPhoneSimulator
		{BC49015B-BC6B-48B0-8B18-F9E94355931B}.Debug|iPhoneSimulator.Deploy.0 = Debug|iPhoneSimulator
		{BC49015B-BC6B-48B0-8B18-F9E94355931B}.Debug|x64.ActiveCfg = Debug|iPhone
		{BC49015B-BC6B-48B0-8B18-F9E94355931B}.Debug|x64.Build.0 = Debug|iPhone
		{BC49015B-BC6B-48B0-8B18-F9E94355931B}.Debug|x64.Deploy.0 = Debug|iPhone
		{BC49015B-BC6B-48B0-8B18-F9E94355931B}.Debug|x86.ActiveCfg = Debug|iPhone
		{BC49015B-BC6B-48B0-8B18-F9E94355931B}.Debug|x86.Build.0 = Debug|iPhone
		{BC49015B-BC6B-48B0-8B18-F9E94355931B}.Debug|x86.Deploy.0 = Debug|iPhone
		{BC49015B-BC6B-48B0-8B18-F9E94355931B}.Release|Any CPU.ActiveCfg = Release|iPhone
		{BC49015B-BC6B-48B0-8B18-F9E94355931B}.Release|Any CPU.Build.0 = Release|iPhone
		{BC49015B-BC6B-48B0-8B18-F9E94355931B}.Release|Any CPU.Deploy.0 = Release|iPhone
		{BC49015B-BC6B-48B0-8B18-F9E94355931B}.Release|ARM.ActiveCfg = Release|iPhone
		{BC49015B-BC6B-48B0-8B18-F9E94355931B}.Release|ARM.Build.0 = Release|iPhone
		{BC49015B-BC6B-48B0-8B18-F9E94355931B}.Release|ARM.Deploy.0 = Release|iPhone
		{BC49015B-BC6B-48B0-8B18-F9E94355931B}.Release|iPhone.ActiveCfg = Release|iPhone
		{BC49015B-BC6B-48B0-8B18-F9E94355931B}.Release|iPhone.Build.0 = Release|iPhone
		{BC49015B-BC6B-48B0-8B18-F9E94355931B}.Release|iPhone.Deploy.0 = Release|iPhone
		{BC49015B-BC6B-48B0-8B18-F9E94355931B}.Release|iPhoneSimulator.ActiveCfg = Release|iPhoneSimulator
		{BC49015B-BC6B-48B0-8B18-F9E94355931B}.Release|iPhoneSimulator.Build.0 = Release|iPhoneSimulator
		{BC49015B-BC6B-48B0-8B18-F9E94355931B}.Release|iPhoneSimulator.Deploy.0 = Release|iPhoneSimulator
		{BC49015B-BC6B-48B0-8B18-F9E94355931B}.Release|x64.ActiveCfg = Release|iPhone
		{BC49015B-BC6B-48B0-8B18-F9E94355931B}.Release|x64.Build.0 = Release|iPhone
		{BC49015B-BC6B-48B0-8B18-F9E94355931B}.Release|x64.Deploy.0 = Release|iPhone
		{BC49015B-BC6B-48B0-8B18-F9E94355931B}.Release|x86.ActiveCfg = Release|iPhone
		{BC49015B-BC6B-48B0-8B18-F9E94355931B}.Release|x86.Build.0 = Release|iPhone
		{BC49015B-BC6B-48B0-8B18-F9E94355931B}.Release|x86.Deploy.0 = Release|iPhone
		{2DFB5380-B8F5-4029-971D-2BAF590A0148}.Ad-Hoc|Any CPU.ActiveCfg = Release|x86
		{2DFB5380-B8F5-4029-971D-2BAF590A0148}.Ad-Hoc|Any CPU.Build.0 = Release|x86
		{2DFB5380-B8F5-4029-971D-2BAF590A0148}.Ad-Hoc|Any CPU.Deploy.0 = Release|x86
		{2DFB5380-B8F5-4029-971D-2BAF590A0148}.Ad-Hoc|ARM.ActiveCfg = Release|ARM
		{2DFB5380-B8F5-4029-971D-2BAF590A0148}.Ad-Hoc|ARM.Build.0 = Release|ARM
		{2DFB5380-B8F5-4029-971D-2BAF590A0148}.Ad-Hoc|ARM.Deploy.0 = Release|ARM
		{2DFB5380-B8F5-4029-971D-2BAF590A0148}.Ad-Hoc|iPhone.ActiveCfg = Release|x86
		{2DFB5380-B8F5-4029-971D-2BAF590A0148}.Ad-Hoc|iPhone.Build.0 = Release|x86
		{2DFB5380-B8F5-4029-971D-2BAF590A0148}.Ad-Hoc|iPhone.Deploy.0 = Release|x86
		{2DFB5380-B8F5-4029-971D-2BAF590A0148}.Ad-Hoc|iPhoneSimulator.ActiveCfg = Release|x86
		{2DFB5380-B8F5-4029-971D-2BAF590A0148}.Ad-Hoc|iPhoneSimulator.Build.0 = Release|x86
		{2DFB5380-B8F5-4029-971D-2BAF590A0148}.Ad-Hoc|iPhoneSimulator.Deploy.0 = Release|x86
		{2DFB5380-B8F5-4029-971D-2BAF590A0148}.Ad-Hoc|x64.ActiveCfg = Release|x64
		{2DFB5380-B8F5-4029-971D-2BAF590A0148}.Ad-Hoc|x64.Build.0 = Release|x64
		{2DFB5380-B8F5-4029-971D-2BAF590A0148}.Ad-Hoc|x64.Deploy.0 = Release|x64
		{2DFB5380-B8F5-4029-971D-2BAF590A0148}.Ad-Hoc|x86.ActiveCfg = Release|x86
		{2DFB5380-B8F5-4029-971D-2BAF590A0148}.Ad-Hoc|x86.Build.0 = Release|x86
		{2DFB5380-B8F5-4029-971D-2BAF590A0148}.Ad-Hoc|x86.Deploy.0 = Release|x86
		{2DFB5380-B8F5-4029-971D-2BAF590A0148}.AppStore|Any CPU.ActiveCfg = Release|x86
		{2DFB5380-B8F5-4029-971D-2BAF590A0148}.AppStore|Any CPU.Build.0 = Release|x86
		{2DFB5380-B8F5-4029-971D-2BAF590A0148}.AppStore|Any CPU.Deploy.0 = Release|x86
		{2DFB5380-B8F5-4029-971D-2BAF590A0148}.AppStore|ARM.ActiveCfg = Release|ARM
		{2DFB5380-B8F5-4029-971D-2BAF590A0148}.AppStore|ARM.Build.0 = Release|ARM
		{2DFB5380-B8F5-4029-971D-2BAF590A0148}.AppStore|ARM.Deploy.0 = Release|ARM
		{2DFB5380-B8F5-4029-971D-2BAF590A0148}.AppStore|iPhone.ActiveCfg = Release|x86
		{2DFB5380-B8F5-4029-971D-2BAF590A0148}.AppStore|iPhone.Build.0 = Release|x86
		{2DFB5380-B8F5-4029-971D-2BAF590A0148}.AppStore|iPhone.Deploy.0 = Release|x86
		{2DFB5380-B8F5-4029-971D-2BAF590A0148}.AppStore|iPhoneSimulator.ActiveCfg = Release|x86
		{2DFB5380-B8F5-4029-971D-2BAF590A0148}.AppStore|iPhoneSimulator.Build.0 = Release|x86
		{2DFB5380-B8F5-4029-971D-2BAF590A0148}.AppStore|iPhoneSimulator.Deploy.0 = Release|x86
		{2DFB5380-B8F5-4029-971D-2BAF590A0148}.AppStore|x64.ActiveCfg = Release|x64
		{2DFB5380-B8F5-4029-971D-2BAF590A0148}.AppStore|x64.Build.0 = Release|x64
		{2DFB5380-B8F5-4029-971D-2BAF590A0148}.AppStore|x64.Deploy.0 = Release|x64
		{2DFB5380-B8F5-4029-971D-2BAF590A0148}.AppStore|x86.ActiveCfg = Release|x86
		{2DFB5380-B8F5-4029-971D-2BAF590A0148}.AppStore|x86.Build.0 = Release|x86
		{2DFB5380-B8F5-4029-971D-2BAF590A0148}.AppStore|x86.Deploy.0 = Release|x86
		{2DFB5380-B8F5-4029-971D-2BAF590A0148}.Debug|Any CPU.ActiveCfg = Debug|x86
		{2DFB5380-B8F5-4029-971D-2BAF590A0148}.Debug|Any CPU.Build.0 = Debug|x86
		{2DFB5380-B8F5-4029-971D-2BAF590A0148}.Debug|Any CPU.Deploy.0 = Debug|x86
		{2DFB5380-B8F5-4029-971D-2BAF590A0148}.Debug|ARM.ActiveCfg = Debug|ARM
		{2DFB5380-B8F5-4029-971D-2BAF590A0148}.Debug|ARM.Build.0 = Debug|ARM
		{2DFB5380-B8F5-4029-971D-2BAF590A0148}.Debug|ARM.Deploy.0 = Debug|ARM
		{2DFB5380-B8F5-4029-971D-2BAF590A0148}.Debug|iPhone.ActiveCfg = Debug|x86
		{2DFB5380-B8F5-4029-971D-2BAF590A0148}.Debug|iPhone.Build.0 = Debug|x86
		{2DFB5380-B8F5-4029-971D-2BAF590A0148}.Debug|iPhone.Deploy.0 = Debug|x86
		{2DFB5380-B8F5-4029-971D-2BAF590A0148}.Debug|iPhoneSimulator.ActiveCfg = Debug|x86
		{2DFB5380-B8F5-4029-971D-2BAF590A0148}.Debug|iPhoneSimulator.Build.0 = Debug|x86
		{2DFB5380-B8F5-4029-971D-2BAF590A0148}.Debug|iPhoneSimulator.Deploy.0 = Debug|x86
		{2DFB5380-B8F5-4029-971D-2BAF590A0148}.Debug|x64.ActiveCfg = Debug|x64
		{2DFB5380-B8F5-4029-971D-2BAF590A0148}.Debug|x64.Build.0 = Debug|x64
		{2DFB5380-B8F5-4029-971D-2BAF590A0148}.Debug|x64.Deploy.0 = Debug|x64
		{2DFB5380-B8F5-4029-971D-2BAF590A0148}.Debug|x86.ActiveCfg = Debug|x86
		{2DFB5380-B8F5-4029-971D-2BAF590A0148}.Debug|x86.Build.0 = Debug|x86
		{2DFB5380-B8F5-4029-971D-2BAF590A0148}.Debug|x86.Deploy.0 = Debug|x86
		{2DFB5380-B8F5-4029-971D-2BAF590A0148}.Release|Any CPU.ActiveCfg = Release|x86
		{2DFB5380-B8F5-4029-971D-2BAF590A0148}.Release|Any CPU.Build.0 = Release|x86
		{2DFB5380-B8F5-4029-971D-2BAF590A0148}.Release|Any CPU.Deploy.0 = Release|x86
		{2DFB5380-B8F5-4029-971D-2BAF590A0148}.Release|ARM.ActiveCfg = Release|ARM
		{2DFB5380-B8F5-4029-971D-2BAF590A0148}.Release|ARM.Build.0 = Release|ARM
		{2DFB5380-B8F5-4029-971D-2BAF590A0148}.Release|ARM.Deploy.0 = Release|ARM
		{2DFB5380-B8F5-4029-971D-2BAF590A0148}.Release|iPhone.ActiveCfg = Release|x86
		{2DFB5380-B8F5-4029-971D-2BAF590A0148}.Release|iPhone.Build.0 = Release|x86
		{2DFB5380-B8F5-4029-971D-2BAF590A0148}.Release|iPhone.Deploy.0 = Release|x86
		{2DFB5380-B8F5-4029-971D-2BAF590A0148}.Release|iPhoneSimulator.ActiveCfg = Release|x86
		{2DFB5380-B8F5-4029-971D-2BAF590A0148}.Release|iPhoneSimulator.Build.0 = Release|x86
		{2DFB5380-B8F5-4029-971D-2BAF590A0148}.Release|iPhoneSimulator.Deploy.0 = Release|x86
		{2DFB5380-B8F5-4029-971D-2BAF590A0148}.Release|x64.ActiveCfg = Release|x64
		{2DFB5380-B8F5-4029-971D-2BAF590A0148}.Release|x64.Build.0 = Release|x64
		{2DFB5380-B8F5-4029-971D-2BAF590A0148}.Release|x64.Deploy.0 = Release|x64
		{2DFB5380-B8F5-4029-971D-2BAF590A0148}.Release|x86.ActiveCfg = Release|x86
		{2DFB5380-B8F5-4029-971D-2BAF590A0148}.Release|x86.Build.0 = Release|x86
		{2DFB5380-B8F5-4029-971D-2BAF590A0148}.Release|x86.Deploy.0 = Release|x86
		{4263EFD3-2083-4E7F-9C97-888CC0F5B0B1}.Ad-Hoc|Any CPU.ActiveCfg = Debug|Any CPU
		{4263EFD3-2083-4E7F-9C97-888CC0F5B0B1}.Ad-Hoc|Any CPU.Build.0 = Debug|Any CPU
		{4263EFD3-2083-4E7F-9C97-888CC0F5B0B1}.Ad-Hoc|Any CPU.Deploy.0 = Debug|Any CPU
		{4263EFD3-2083-4E7F-9C97-888CC0F5B0B1}.Ad-Hoc|ARM.ActiveCfg = Debug|Any CPU
		{4263EFD3-2083-4E7F-9C97-888CC0F5B0B1}.Ad-Hoc|ARM.Build.0 = Debug|Any CPU
		{4263EFD3-2083-4E7F-9C97-888CC0F5B0B1}.Ad-Hoc|ARM.Deploy.0 = Debug|Any CPU
		{4263EFD3-2083-4E7F-9C97-888CC0F5B0B1}.Ad-Hoc|iPhone.ActiveCfg = Debug|Any CPU
		{4263EFD3-2083-4E7F-9C97-888CC0F5B0B1}.Ad-Hoc|iPhone.Build.0 = Debug|Any CPU
		{4263EFD3-2083-4E7F-9C97-888CC0F5B0B1}.Ad-Hoc|iPhone.Deploy.0 = Debug|Any CPU
		{4263EFD3-2083-4E7F-9C97-888CC0F5B0B1}.Ad-Hoc|iPhoneSimulator.ActiveCfg = Debug|Any CPU
		{4263EFD3-2083-4E7F-9C97-888CC0F5B0B1}.Ad-Hoc|iPhoneSimulator.Build.0 = Debug|Any CPU
		{4263EFD3-2083-4E7F-9C97-888CC0F5B0B1}.Ad-Hoc|iPhoneSimulator.Deploy.0 = Debug|Any CPU
		{4263EFD3-2083-4E7F-9C97-888CC0F5B0B1}.Ad-Hoc|x64.ActiveCfg = Debug|Any CPU
		{4263EFD3-2083-4E7F-9C97-888CC0F5B0B1}.Ad-Hoc|x64.Build.0 = Debug|Any CPU
		{4263EFD3-2083-4E7F-9C97-888CC0F5B0B1}.Ad-Hoc|x64.Deploy.0 = Debug|Any CPU
		{4263EFD3-2083-4E7F-9C97-888CC0F5B0B1}.Ad-Hoc|x86.ActiveCfg = Debug|Any CPU
		{4263EFD3-2083-4E7F-9C97-888CC0F5B0B1}.Ad-Hoc|x86.Build.0 = Debug|Any CPU
		{4263EFD3-2083-4E7F-9C97-888CC0F5B0B1}.Ad-Hoc|x86.Deploy.0 = Debug|Any CPU
		{4263EFD3-2083-4E7F-9C97-888CC0F5B0B1}.AppStore|Any CPU.ActiveCfg = Debug|Any CPU
		{4263EFD3-2083-4E7F-9C97-888CC0F5B0B1}.AppStore|Any CPU.Build.0 = Debug|Any CPU
		{4263EFD3-2083-4E7F-9C97-888CC0F5B0B1}.AppStore|Any CPU.Deploy.0 = Debug|Any CPU
		{4263EFD3-2083-4E7F-9C97-888CC0F5B0B1}.AppStore|ARM.ActiveCfg = Debug|Any CPU
		{4263EFD3-2083-4E7F-9C97-888CC0F5B0B1}.AppStore|ARM.Build.0 = Debug|Any CPU
		{4263EFD3-2083-4E7F-9C97-888CC0F5B0B1}.AppStore|ARM.Deploy.0 = Debug|Any CPU
		{4263EFD3-2083-4E7F-9C97-888CC0F5B0B1}.AppStore|iPhone.ActiveCfg = Debug|Any CPU
		{4263EFD3-2083-4E7F-9C97-888CC0F5B0B1}.AppStore|iPhone.Build.0 = Debug|Any CPU
		{4263EFD3-2083-4E7F-9C97-888CC0F5B0B1}.AppStore|iPhone.Deploy.0 = Debug|Any CPU
		{4263EFD3-2083-4E7F-9C97-888CC0F5B0B1}.AppStore|iPhoneSimulator.ActiveCfg = Debug|Any CPU
		{4263EFD3-2083-4E7F-9C97-888CC0F5B0B1}.AppStore|iPhoneSimulator.Build.0 = Debug|Any CPU
		{4263EFD3-2083-4E7F-9C97-888CC0F5B0B1}.AppStore|iPhoneSimulator.Deploy.0 = Debug|Any CPU
		{4263EFD3-2083-4E7F-9C97-888CC0F5B0B1}.AppStore|x64.ActiveCfg = Debug|Any CPU
		{4263EFD3-2083-4E7F-9C97-888CC0F5B0B1}.AppStore|x64.Build.0 = Debug|Any CPU
		{4263EFD3-2083-4E7F-9C97-888CC0F5B0B1}.AppStore|x64.Deploy.0 = Debug|Any CPU
		{4263EFD3-2083-4E7F-9C97-888CC0F5B0B1}.AppStore|x86.ActiveCfg = Debug|Any CPU
		{4263EFD3-2083-4E7F-9C97-888CC0F5B0B1}.AppStore|x86.Build.0 = Debug|Any CPU
		{4263EFD3-2083-4E7F-9C97-888CC0F5B0B1}.AppStore|x86.Deploy.0 = Debug|Any CPU
		{4263EFD3-2083-4E7F-9C97-888CC0F5B0B1}.Debug|Any CPU.ActiveCfg = Debug|Any CPU
		{4263EFD3-2083-4E7F-9C97-888CC0F5B0B1}.Debug|Any CPU.Build.0 = Debug|Any CPU
		{4263EFD3-2083-4E7F-9C97-888CC0F5B0B1}.Debug|Any CPU.Deploy.0 = Debug|Any CPU
		{4263EFD3-2083-4E7F-9C97-888CC0F5B0B1}.Debug|ARM.ActiveCfg = Debug|Any CPU
		{4263EFD3-2083-4E7F-9C97-888CC0F5B0B1}.Debug|ARM.Build.0 = Debug|Any CPU
		{4263EFD3-2083-4E7F-9C97-888CC0F5B0B1}.Debug|ARM.Deploy.0 = Debug|Any CPU
		{4263EFD3-2083-4E7F-9C97-888CC0F5B0B1}.Debug|iPhone.ActiveCfg = Debug|Any CPU
		{4263EFD3-2083-4E7F-9C97-888CC0F5B0B1}.Debug|iPhone.Build.0 = Debug|Any CPU
		{4263EFD3-2083-4E7F-9C97-888CC0F5B0B1}.Debug|iPhone.Deploy.0 = Debug|Any CPU
		{4263EFD3-2083-4E7F-9C97-888CC0F5B0B1}.Debug|iPhoneSimulator.ActiveCfg = Debug|Any CPU
		{4263EFD3-2083-4E7F-9C97-888CC0F5B0B1}.Debug|iPhoneSimulator.Build.0 = Debug|Any CPU
		{4263EFD3-2083-4E7F-9C97-888CC0F5B0B1}.Debug|iPhoneSimulator.Deploy.0 = Debug|Any CPU
		{4263EFD3-2083-4E7F-9C97-888CC0F5B0B1}.Debug|x64.ActiveCfg = Debug|Any CPU
		{4263EFD3-2083-4E7F-9C97-888CC0F5B0B1}.Debug|x64.Build.0 = Debug|Any CPU
		{4263EFD3-2083-4E7F-9C97-888CC0F5B0B1}.Debug|x64.Deploy.0 = Debug|Any CPU
		{4263EFD3-2083-4E7F-9C97-888CC0F5B0B1}.Debug|x86.ActiveCfg = Debug|Any CPU
		{4263EFD3-2083-4E7F-9C97-888CC0F5B0B1}.Debug|x86.Build.0 = Debug|Any CPU
		{4263EFD3-2083-4E7F-9C97-888CC0F5B0B1}.Debug|x86.Deploy.0 = Debug|Any CPU
		{4263EFD3-2083-4E7F-9C97-888CC0F5B0B1}.Release|Any CPU.ActiveCfg = Release|Any CPU
		{4263EFD3-2083-4E7F-9C97-888CC0F5B0B1}.Release|Any CPU.Build.0 = Release|Any CPU
		{4263EFD3-2083-4E7F-9C97-888CC0F5B0B1}.Release|Any CPU.Deploy.0 = Release|Any CPU
		{4263EFD3-2083-4E7F-9C97-888CC0F5B0B1}.Release|ARM.ActiveCfg = Release|Any CPU
		{4263EFD3-2083-4E7F-9C97-888CC0F5B0B1}.Release|ARM.Build.0 = Release|Any CPU
		{4263EFD3-2083-4E7F-9C97-888CC0F5B0B1}.Release|ARM.Deploy.0 = Release|Any CPU
		{4263EFD3-2083-4E7F-9C97-888CC0F5B0B1}.Release|iPhone.ActiveCfg = Release|Any CPU
		{4263EFD3-2083-4E7F-9C97-888CC0F5B0B1}.Release|iPhone.Build.0 = Release|Any CPU
		{4263EFD3-2083-4E7F-9C97-888CC0F5B0B1}.Release|iPhone.Deploy.0 = Release|Any CPU
		{4263EFD3-2083-4E7F-9C97-888CC0F5B0B1}.Release|iPhoneSimulator.ActiveCfg = Release|Any CPU
		{4263EFD3-2083-4E7F-9C97-888CC0F5B0B1}.Release|iPhoneSimulator.Build.0 = Release|Any CPU
		{4263EFD3-2083-4E7F-9C97-888CC0F5B0B1}.Release|iPhoneSimulator.Deploy.0 = Release|Any CPU
		{4263EFD3-2083-4E7F-9C97-888CC0F5B0B1}.Release|x64.ActiveCfg = Release|Any CPU
		{4263EFD3-2083-4E7F-9C97-888CC0F5B0B1}.Release|x64.Build.0 = Release|Any CPU
		{4263EFD3-2083-4E7F-9C97-888CC0F5B0B1}.Release|x64.Deploy.0 = Release|Any CPU
		{4263EFD3-2083-4E7F-9C97-888CC0F5B0B1}.Release|x86.ActiveCfg = Release|Any CPU
		{4263EFD3-2083-4E7F-9C97-888CC0F5B0B1}.Release|x86.Build.0 = Release|Any CPU
		{4263EFD3-2083-4E7F-9C97-888CC0F5B0B1}.Release|x86.Deploy.0 = Release|Any CPU
	EndGlobalSection
	GlobalSection(SolutionProperties) = preSolution
		HideSolutionNode = FALSE
	EndGlobalSection
	GlobalSection(ExtensibilityGlobals) = postSolution
		SolutionGuid = {F990D438-0940-4E70-AE82-5E421904672F}
	EndGlobalSection
EndGlobal
