
Microsoft Visual Studio Solution File, Format Version 12.00
# Visual Studio 15
VisualStudioVersion = 15.0.28307.572
MinimumVisualStudioVersion = 10.0.40219.1
Project("{FAE04EC0-301F-11D3-BF4B-00C04F79EFBC}") = "DemoLogin.Android", "DemoLogin\DemoLogin.Android\DemoLogin.Android.csproj", "{153245C1-1AEB-4833-9B24-A9EF597CB743}"
EndProject
Project("{FAE04EC0-301F-11D3-BF4B-00C04F79EFBC}") = "DemoLogin", "DemoLogin\DemoLogin\DemoLogin.csproj", "{E6529AD9-FC24-47D1-8749-DDFEA3B95C74}"
EndProject
Global
	GlobalSection(SolutionConfigurationPlatforms) = preSolution
		Debug|Any CPU = Debug|Any CPU
		Release|Any CPU = Release|Any CPU
	EndGlobalSection
	GlobalSection(ProjectConfigurationPlatforms) = postSolution
		{153245C1-1AEB-4833-9B24-A9EF597CB743}.Debug|Any CPU.ActiveCfg = Debug|Any CPU
		{153245C1-1AEB-4833-9B24-A9EF597CB743}.Debug|Any CPU.Build.0 = Debug|Any CPU
		{153245C1-1AEB-4833-9B24-A9EF597CB743}.Debug|Any CPU.Deploy.0 = Debug|Any CPU
		{153245C1-1AEB-4833-9B24-A9EF597CB743}.Release|Any CPU.ActiveCfg = Release|Any CPU
		{153245C1-1AEB-4833-9B24-A9EF597CB743}.Release|Any CPU.Build.0 = Release|Any CPU
		{153245C1-1AEB-4833-9B24-A9EF597CB743}.Release|Any CPU.Deploy.0 = Release|Any CPU
		{E6529AD9-FC24-47D1-8749-DDFEA3B95C74}.Debug|Any CPU.ActiveCfg = Debug|Any CPU
		{E6529AD9-FC24-47D1-8749-DDFEA3B95C74}.Debug|Any CPU.Build.0 = Debug|Any CPU
		{E6529AD9-FC24-47D1-8749-DDFEA3B95C74}.Debug|Any CPU.Deploy.0 = Debug|Any CPU
		{E6529AD9-FC24-47D1-8749-DDFEA3B95C74}.Release|Any CPU.ActiveCfg = Release|Any CPU
		{E6529AD9-FC24-47D1-8749-DDFEA3B95C74}.Release|Any CPU.Build.0 = Release|Any CPU
		{E6529AD9-FC24-47D1-8749-DDFEA3B95C74}.Release|Any CPU.Deploy.0 = Release|Any CPU
	EndGlobalSection
	GlobalSection(SolutionProperties) = preSolution
		HideSolutionNode = FALSE
	EndGlobalSection
	GlobalSection(ExtensibilityGlobals) = postSolution
		SolutionGuid = {250AD94B-B53F-4BC2-8525-323D78DCC55F}
	EndGlobalSection
EndGlobal
