
Microsoft Visual Studio Solution File, Format Version 12.00
# Visual Studio 15
VisualStudioVersion = 15.0.28307.572
MinimumVisualStudioVersion = 10.0.40219.1
Project("{FAE04EC0-301F-11D3-BF4B-00C04F79EFBC}") = "DemoRadioButton.Android", "DemoRadioButton\DemoRadioButton.Android\DemoRadioButton.Android.csproj", "{28A1D27F-A91D-42CC-AF01-2BBDC6EE9834}"
EndProject
Project("{FAE04EC0-301F-11D3-BF4B-00C04F79EFBC}") = "DemoRadioButton.iOS", "DemoRadioButton\DemoRadioButton.iOS\DemoRadioButton.iOS.csproj", "{7A6395A4-932B-4B1E-9207-2E16E7AABC99}"
EndProject
Project("{FAE04EC0-301F-11D3-BF4B-00C04F79EFBC}") = "DemoRadioButton.UWP", "DemoRadioButton\DemoRadioButton.UWP\DemoRadioButton.UWP.csproj", "{E525721E-B9E4-40D9-83B1-75514EC54797}"
EndProject
Project("{FAE04EC0-301F-11D3-BF4B-00C04F79EFBC}") = "DemoRadioButton", "DemoRadioButton\DemoRadioButton\DemoRadioButton.csproj", "{FEA886BC-03AD-439A-AF27-42EC0489C38B}"
EndProject
Global
	GlobalSection(SolutionConfigurationPlatforms) = preSolution
		Ad-Hoc|Any CPU = Ad-Hoc|Any CPU
		Ad-Hoc|ARM = Ad-Hoc|ARM
		Ad-Hoc|iPhone = Ad-Hoc|iPhone
		Ad-Hoc|iPhoneSimulator = Ad-Hoc|iPhoneSimulator
		Ad-Hoc|x64 = Ad-Hoc|x64
		Ad-Hoc|x86 = Ad-Hoc|x86
		AppStore|Any CPU = AppStore|Any CPU
		AppStore|ARM = AppStore|ARM
		AppStore|iPhone = AppStore|iPhone
		AppStore|iPhoneSimulator = AppStore|iPhoneSimulator
		AppStore|x64 = AppStore|x64
		AppStore|x86 = AppStore|x86
		Debug|Any CPU = Debug|Any CPU
		Debug|ARM = Debug|ARM
		Debug|iPhone = Debug|iPhone
		Debug|iPhoneSimulator = Debug|iPhoneSimulator
		Debug|x64 = Debug|x64
		Debug|x86 = Debug|x86
		Release|Any CPU = Release|Any CPU
		Release|ARM = Release|ARM
		Release|iPhone = Release|iPhone
		Release|iPhoneSimulator = Release|iPhoneSimulator
		Release|x64 = Release|x64
		Release|x86 = Release|x86
	EndGlobalSection
	GlobalSection(ProjectConfigurationPlatforms) = postSolution
		{28A1D27F-A91D-42CC-AF01-2BBDC6EE9834}.Ad-Hoc|Any CPU.ActiveCfg = Release|Any CPU
		{28A1D27F-A91D-42CC-AF01-2BBDC6EE9834}.Ad-Hoc|Any CPU.Build.0 = Release|Any CPU
		{28A1D27F-A91D-42CC-AF01-2BBDC6EE9834}.Ad-Hoc|Any CPU.Deploy.0 = Release|Any CPU
		{28A1D27F-A91D-42CC-AF01-2BBDC6EE9834}.Ad-Hoc|ARM.ActiveCfg = Release|Any CPU
		{28A1D27F-A91D-42CC-AF01-2BBDC6EE9834}.Ad-Hoc|ARM.Build.0 = Release|Any CPU
		{28A1D27F-A91D-42CC-AF01-2BBDC6EE9834}.Ad-Hoc|ARM.Deploy.0 = Release|Any CPU
		{28A1D27F-A91D-42CC-AF01-2BBDC6EE9834}.Ad-Hoc|iPhone.ActiveCfg = Release|Any CPU
		{28A1D27F-A91D-42CC-AF01-2BBDC6EE9834}.Ad-Hoc|iPhone.Build.0 = Release|Any CPU
		{28A1D27F-A91D-42CC-AF01-2BBDC6EE9834}.Ad-Hoc|iPhone.Deploy.0 = Release|Any CPU
		{28A1D27F-A91D-42CC-AF01-2BBDC6EE9834}.Ad-Hoc|iPhoneSimulator.ActiveCfg = Release|Any CPU
		{28A1D27F-A91D-42CC-AF01-2BBDC6EE9834}.Ad-Hoc|iPhoneSimulator.Build.0 = Release|Any CPU
		{28A1D27F-A91D-42CC-AF01-2BBDC6EE9834}.Ad-Hoc|iPhoneSimulator.Deploy.0 = Release|Any CPU
		{28A1D27F-A91D-42CC-AF01-2BBDC6EE9834}.Ad-Hoc|x64.ActiveCfg = Release|Any CPU
		{28A1D27F-A91D-42CC-AF01-2BBDC6EE9834}.Ad-Hoc|x64.Build.0 = Release|Any CPU
		{28A1D27F-A91D-42CC-AF01-2BBDC6EE9834}.Ad-Hoc|x64.Deploy.0 = Release|Any CPU
		{28A1D27F-A91D-42CC-AF01-2BBDC6EE9834}.Ad-Hoc|x86.ActiveCfg = Release|Any CPU
		{28A1D27F-A91D-42CC-AF01-2BBDC6EE9834}.Ad-Hoc|x86.Build.0 = Release|Any CPU
		{28A1D27F-A91D-42CC-AF01-2BBDC6EE9834}.Ad-Hoc|x86.Deploy.0 = Release|Any CPU
		{28A1D27F-A91D-42CC-AF01-2BBDC6EE9834}.AppStore|Any CPU.ActiveCfg = Release|Any CPU
		{28A1D27F-A91D-42CC-AF01-2BBDC6EE9834}.AppStore|Any CPU.Build.0 = Release|Any CPU
		{28A1D27F-A91D-42CC-AF01-2BBDC6EE9834}.AppStore|Any CPU.Deploy.0 = Release|Any CPU
		{28A1D27F-A91D-42CC-AF01-2BBDC6EE9834}.AppStore|ARM.ActiveCfg = Release|Any CPU
		{28A1D27F-A91D-42CC-AF01-2BBDC6EE9834}.AppStore|ARM.Build.0 = Release|Any CPU
		{28A1D27F-A91D-42CC-AF01-2BBDC6EE9834}.AppStore|ARM.Deploy.0 = Release|Any CPU
		{28A1D27F-A91D-42CC-AF01-2BBDC6EE9834}.AppStore|iPhone.ActiveCfg = Release|Any CPU
		{28A1D27F-A91D-42CC-AF01-2BBDC6EE9834}.AppStore|iPhone.Build.0 = Release|Any CPU
		{28A1D27F-A91D-42CC-AF01-2BBDC6EE9834}.AppStore|iPhone.Deploy.0 = Release|Any CPU
		{28A1D27F-A91D-42CC-AF01-2BBDC6EE9834}.AppStore|iPhoneSimulator.ActiveCfg = Release|Any CPU
		{28A1D27F-A91D-42CC-AF01-2BBDC6EE9834}.AppStore|iPhoneSimulator.Build.0 = Release|Any CPU
		{28A1D27F-A91D-42CC-AF01-2BBDC6EE9834}.AppStore|iPhoneSimulator.Deploy.0 = Release|Any CPU
		{28A1D27F-A91D-42CC-AF01-2BBDC6EE9834}.AppStore|x64.ActiveCfg = Release|Any CPU
		{28A1D27F-A91D-42CC-AF01-2BBDC6EE9834}.AppStore|x64.Build.0 = Release|Any CPU
		{28A1D27F-A91D-42CC-AF01-2BBDC6EE9834}.AppStore|x64.Deploy.0 = Release|Any CPU
		{28A1D27F-A91D-42CC-AF01-2BBDC6EE9834}.AppStore|x86.ActiveCfg = Release|Any CPU
		{28A1D27F-A91D-42CC-AF01-2BBDC6EE9834}.AppStore|x86.Build.0 = Release|Any CPU
		{28A1D27F-A91D-42CC-AF01-2BBDC6EE9834}.AppStore|x86.Deploy.0 = Release|Any CPU
		{28A1D27F-A91D-42CC-AF01-2BBDC6EE9834}.Debug|Any CPU.ActiveCfg = Debug|Any CPU
		{28A1D27F-A91D-42CC-AF01-2BBDC6EE9834}.Debug|Any CPU.Build.0 = Debug|Any CPU
		{28A1D27F-A91D-42CC-AF01-2BBDC6EE9834}.Debug|Any CPU.Deploy.0 = Debug|Any CPU
		{28A1D27F-A91D-42CC-AF01-2BBDC6EE9834}.Debug|ARM.ActiveCfg = Debug|Any CPU
		{28A1D27F-A91D-42CC-AF01-2BBDC6EE9834}.Debug|ARM.Build.0 = Debug|Any CPU
		{28A1D27F-A91D-42CC-AF01-2BBDC6EE9834}.Debug|ARM.Deploy.0 = Debug|Any CPU
		{28A1D27F-A91D-42CC-AF01-2BBDC6EE9834}.Debug|iPhone.ActiveCfg = Debug|Any CPU
		{28A1D27F-A91D-42CC-AF01-2BBDC6EE9834}.Debug|iPhone.Build.0 = Debug|Any CPU
		{28A1D27F-A91D-42CC-AF01-2BBDC6EE9834}.Debug|iPhone.Deploy.0 = Debug|Any CPU
		{28A1D27F-A91D-42CC-AF01-2BBDC6EE9834}.Debug|iPhoneSimulator.ActiveCfg = Debug|Any CPU
		{28A1D27F-A91D-42CC-AF01-2BBDC6EE9834}.Debug|iPhoneSimulator.Build.0 = Debug|Any CPU
		{28A1D27F-A91D-42CC-AF01-2BBDC6EE9834}.Debug|iPhoneSimulator.Deploy.0 = Debug|Any CPU
		{28A1D27F-A91D-42CC-AF01-2BBDC6EE9834}.Debug|x64.ActiveCfg = Debug|Any CPU
		{28A1D27F-A91D-42CC-AF01-2BBDC6EE9834}.Debug|x64.Build.0 = Debug|Any CPU
		{28A1D27F-A91D-42CC-AF01-2BBDC6EE9834}.Debug|x64.Deploy.0 = Debug|Any CPU
		{28A1D27F-A91D-42CC-AF01-2BBDC6EE9834}.Debug|x86.ActiveCfg = Debug|Any CPU
		{28A1D27F-A91D-42CC-AF01-2BBDC6EE9834}.Debug|x86.Build.0 = Debug|Any CPU
		{28A1D27F-A91D-42CC-AF01-2BBDC6EE9834}.Debug|x86.Deploy.0 = Debug|Any CPU
		{28A1D27F-A91D-42CC-AF01-2BBDC6EE9834}.Release|Any CPU.ActiveCfg = Release|Any CPU
		{28A1D27F-A91D-42CC-AF01-2BBDC6EE9834}.Release|Any CPU.Build.0 = Release|Any CPU
		{28A1D27F-A91D-42CC-AF01-2BBDC6EE9834}.Release|Any CPU.Deploy.0 = Release|Any CPU
		{28A1D27F-A91D-42CC-AF01-2BBDC6EE9834}.Release|ARM.ActiveCfg = Release|Any CPU
		{28A1D27F-A91D-42CC-AF01-2BBDC6EE9834}.Release|ARM.Build.0 = Release|Any CPU
		{28A1D27F-A91D-42CC-AF01-2BBDC6EE9834}.Release|ARM.Deploy.0 = Release|Any CPU
		{28A1D27F-A91D-42CC-AF01-2BBDC6EE9834}.Release|iPhone.ActiveCfg = Release|Any CPU
		{28A1D27F-A91D-42CC-AF01-2BBDC6EE9834}.Release|iPhone.Build.0 = Release|Any CPU
		{28A1D27F-A91D-42CC-AF01-2BBDC6EE9834}.Release|iPhone.Deploy.0 = Release|Any CPU
		{28A1D27F-A91D-42CC-AF01-2BBDC6EE9834}.Release|iPhoneSimulator.ActiveCfg = Release|Any CPU
		{28A1D27F-A91D-42CC-AF01-2BBDC6EE9834}.Release|iPhoneSimulator.Build.0 = Release|Any CPU
		{28A1D27F-A91D-42CC-AF01-2BBDC6EE9834}.Release|iPhoneSimulator.Deploy.0 = Release|Any CPU
		{28A1D27F-A91D-42CC-AF01-2BBDC6EE9834}.Release|x64.ActiveCfg = Release|Any CPU
		{28A1D27F-A91D-42CC-AF01-2BBDC6EE9834}.Release|x64.Build.0 = Release|Any CPU
		{28A1D27F-A91D-42CC-AF01-2BBDC6EE9834}.Release|x64.Deploy.0 = Release|Any CPU
		{28A1D27F-A91D-42CC-AF01-2BBDC6EE9834}.Release|x86.ActiveCfg = Release|Any CPU
		{28A1D27F-A91D-42CC-AF01-2BBDC6EE9834}.Release|x86.Build.0 = Release|Any CPU
		{28A1D27F-A91D-42CC-AF01-2BBDC6EE9834}.Release|x86.Deploy.0 = Release|Any CPU
		{7A6395A4-932B-4B1E-9207-2E16E7AABC99}.Ad-Hoc|Any CPU.ActiveCfg = Ad-Hoc|iPhone
		{7A6395A4-932B-4B1E-9207-2E16E7AABC99}.Ad-Hoc|Any CPU.Build.0 = Ad-Hoc|iPhone
		{7A6395A4-932B-4B1E-9207-2E16E7AABC99}.Ad-Hoc|Any CPU.Deploy.0 = Ad-Hoc|iPhone
		{7A6395A4-932B-4B1E-9207-2E16E7AABC99}.Ad-Hoc|ARM.ActiveCfg = Ad-Hoc|iPhone
		{7A6395A4-932B-4B1E-9207-2E16E7AABC99}.Ad-Hoc|ARM.Build.0 = Ad-Hoc|iPhone
		{7A6395A4-932B-4B1E-9207-2E16E7AABC99}.Ad-Hoc|ARM.Deploy.0 = Ad-Hoc|iPhone
		{7A6395A4-932B-4B1E-9207-2E16E7AABC99}.Ad-Hoc|iPhone.ActiveCfg = Ad-Hoc|iPhone
		{7A6395A4-932B-4B1E-9207-2E16E7AABC99}.Ad-Hoc|iPhone.Build.0 = Ad-Hoc|iPhone
		{7A6395A4-932B-4B1E-9207-2E16E7AABC99}.Ad-Hoc|iPhone.Deploy.0 = Ad-Hoc|iPhone
		{7A6395A4-932B-4B1E-9207-2E16E7AABC99}.Ad-Hoc|iPhoneSimulator.ActiveCfg = Ad-Hoc|iPhoneSimulator
		{7A6395A4-932B-4B1E-9207-2E16E7AABC99}.Ad-Hoc|iPhoneSimulator.Build.0 = Ad-Hoc|iPhoneSimulator
		{7A6395A4-932B-4B1E-9207-2E16E7AABC99}.Ad-Hoc|iPhoneSimulator.Deploy.0 = Ad-Hoc|iPhoneSimulator
		{7A6395A4-932B-4B1E-9207-2E16E7AABC99}.Ad-Hoc|x64.ActiveCfg = Ad-Hoc|iPhone
		{7A6395A4-932B-4B1E-9207-2E16E7AABC99}.Ad-Hoc|x64.Build.0 = Ad-Hoc|iPhone
		{7A6395A4-932B-4B1E-9207-2E16E7AABC99}.Ad-Hoc|x64.Deploy.0 = Ad-Hoc|iPhone
		{7A6395A4-932B-4B1E-9207-2E16E7AABC99}.Ad-Hoc|x86.ActiveCfg = Ad-Hoc|iPhone
		{7A6395A4-932B-4B1E-9207-2E16E7AABC99}.Ad-Hoc|x86.Build.0 = Ad-Hoc|iPhone
		{7A6395A4-932B-4B1E-9207-2E16E7AABC99}.Ad-Hoc|x86.Deploy.0 = Ad-Hoc|iPhone
		{7A6395A4-932B-4B1E-9207-2E16E7AABC99}.AppStore|Any CPU.ActiveCfg = AppStore|iPhone
		{7A6395A4-932B-4B1E-9207-2E16E7AABC99}.AppStore|Any CPU.Build.0 = AppStore|iPhone
		{7A6395A4-932B-4B1E-9207-2E16E7AABC99}.AppStore|Any CPU.Deploy.0 = AppStore|iPhone
		{7A6395A4-932B-4B1E-9207-2E16E7AABC99}.AppStore|ARM.ActiveCfg = AppStore|iPhone
		{7A6395A4-932B-4B1E-9207-2E16E7AABC99}.AppStore|ARM.Build.0 = AppStore|iPhone
		{7A6395A4-932B-4B1E-9207-2E16E7AABC99}.AppStore|ARM.Deploy.0 = AppStore|iPhone
		{7A6395A4-932B-4B1E-9207-2E16E7AABC99}.AppStore|iPhone.ActiveCfg = AppStore|iPhone
		{7A6395A4-932B-4B1E-9207-2E16E7AABC99}.AppStore|iPhone.Build.0 = AppStore|iPhone
		{7A6395A4-932B-4B1E-9207-2E16E7AABC99}.AppStore|iPhone.Deploy.0 = AppStore|iPhone
		{7A6395A4-932B-4B1E-9207-2E16E7AABC99}.AppStore|iPhoneSimulator.ActiveCfg = AppStore|iPhoneSimulator
		{7A6395A4-932B-4B1E-9207-2E16E7AABC99}.AppStore|iPhoneSimulator.Build.0 = AppStore|iPhoneSimulator
		{7A6395A4-932B-4B1E-9207-2E16E7AABC99}.AppStore|iPhoneSimulator.Deploy.0 = AppStore|iPhoneSimulator
		{7A6395A4-932B-4B1E-9207-2E16E7AABC99}.AppStore|x64.ActiveCfg = AppStore|iPhone
		{7A6395A4-932B-4B1E-9207-2E16E7AABC99}.AppStore|x64.Build.0 = AppStore|iPhone
		{7A6395A4-932B-4B1E-9207-2E16E7AABC99}.AppStore|x64.Deploy.0 = AppStore|iPhone
		{7A6395A4-932B-4B1E-9207-2E16E7AABC99}.AppStore|x86.ActiveCfg = AppStore|iPhone
		{7A6395A4-932B-4B1E-9207-2E16E7AABC99}.AppStore|x86.Build.0 = AppStore|iPhone
		{7A6395A4-932B-4B1E-9207-2E16E7AABC99}.AppStore|x86.Deploy.0 = AppStore|iPhone
		{7A6395A4-932B-4B1E-9207-2E16E7AABC99}.Debug|Any CPU.ActiveCfg = Debug|iPhoneSimulator
		{7A6395A4-932B-4B1E-9207-2E16E7AABC99}.Debug|Any CPU.Build.0 = Debug|iPhoneSimulator
		{7A6395A4-932B-4B1E-9207-2E16E7AABC99}.Debug|Any CPU.Deploy.0 = Debug|iPhoneSimulator
		{7A6395A4-932B-4B1E-9207-2E16E7AABC99}.Debug|ARM.ActiveCfg = Debug|iPhone
		{7A6395A4-932B-4B1E-9207-2E16E7AABC99}.Debug|ARM.Build.0 = Debug|iPhone
		{7A6395A4-932B-4B1E-9207-2E16E7AABC99}.Debug|ARM.Deploy.0 = Debug|iPhone
		{7A6395A4-932B-4B1E-9207-2E16E7AABC99}.Debug|iPhone.ActiveCfg = Debug|iPhone
		{7A6395A4-932B-4B1E-9207-2E16E7AABC99}.Debug|iPhone.Build.0 = Debug|iPhone
		{7A6395A4-932B-4B1E-9207-2E16E7AABC99}.Debug|iPhone.Deploy.0 = Debug|iPhone
		{7A6395A4-932B-4B1E-9207-2E16E7AABC99}.Debug|iPhoneSimulator.ActiveCfg = Debug|iPhoneSimulator
		{7A6395A4-932B-4B1E-9207-2E16E7AABC99}.Debug|iPhoneSimulator.Build.0 = Debug|iPhoneSimulator
		{7A6395A4-932B-4B1E-9207-2E16E7AABC99}.Debug|iPhoneSimulator.Deploy.0 = Debug|iPhoneSimulator
		{7A6395A4-932B-4B1E-9207-2E16E7AABC99}.Debug|x64.ActiveCfg = Debug|iPhone
		{7A6395A4-932B-4B1E-9207-2E16E7AABC99}.Debug|x64.Build.0 = Debug|iPhone
		{7A6395A4-932B-4B1E-9207-2E16E7AABC99}.Debug|x64.Deploy.0 = Debug|iPhone
		{7A6395A4-932B-4B1E-9207-2E16E7AABC99}.Debug|x86.ActiveCfg = Debug|iPhone
		{7A6395A4-932B-4B1E-9207-2E16E7AABC99}.Debug|x86.Build.0 = Debug|iPhone
		{7A6395A4-932B-4B1E-9207-2E16E7AABC99}.Debug|x86.Deploy.0 = Debug|iPhone
		{7A6395A4-932B-4B1E-9207-2E16E7AABC99}.Release|Any CPU.ActiveCfg = Release|iPhone
		{7A6395A4-932B-4B1E-9207-2E16E7AABC99}.Release|Any CPU.Build.0 = Release|iPhone
		{7A6395A4-932B-4B1E-9207-2E16E7AABC99}.Release|Any CPU.Deploy.0 = Release|iPhone
		{7A6395A4-932B-4B1E-9207-2E16E7AABC99}.Release|ARM.ActiveCfg = Release|iPhone
		{7A6395A4-932B-4B1E-9207-2E16E7AABC99}.Release|ARM.Build.0 = Release|iPhone
		{7A6395A4-932B-4B1E-9207-2E16E7AABC99}.Release|ARM.Deploy.0 = Release|iPhone
		{7A6395A4-932B-4B1E-9207-2E16E7AABC99}.Release|iPhone.ActiveCfg = Release|iPhone
		{7A6395A4-932B-4B1E-9207-2E16E7AABC99}.Release|iPhone.Build.0 = Release|iPhone
		{7A6395A4-932B-4B1E-9207-2E16E7AABC99}.Release|iPhone.Deploy.0 = Release|iPhone
		{7A6395A4-932B-4B1E-9207-2E16E7AABC99}.Release|iPhoneSimulator.ActiveCfg = Release|iPhoneSimulator
		{7A6395A4-932B-4B1E-9207-2E16E7AABC99}.Release|iPhoneSimulator.Build.0 = Release|iPhoneSimulator
		{7A6395A4-932B-4B1E-9207-2E16E7AABC99}.Release|iPhoneSimulator.Deploy.0 = Release|iPhoneSimulator
		{7A6395A4-932B-4B1E-9207-2E16E7AABC99}.Release|x64.ActiveCfg = Release|iPhone
		{7A6395A4-932B-4B1E-9207-2E16E7AABC99}.Release|x64.Build.0 = Release|iPhone
		{7A6395A4-932B-4B1E-9207-2E16E7AABC99}.Release|x64.Deploy.0 = Release|iPhone
		{7A6395A4-932B-4B1E-9207-2E16E7AABC99}.Release|x86.ActiveCfg = Release|iPhone
		{7A6395A4-932B-4B1E-9207-2E16E7AABC99}.Release|x86.Build.0 = Release|iPhone
		{7A6395A4-932B-4B1E-9207-2E16E7AABC99}.Release|x86.Deploy.0 = Release|iPhone
		{E525721E-B9E4-40D9-83B1-75514EC54797}.Ad-Hoc|Any CPU.ActiveCfg = Release|x86
		{E525721E-B9E4-40D9-83B1-75514EC54797}.Ad-Hoc|Any CPU.Build.0 = Release|x86
		{E525721E-B9E4-40D9-83B1-75514EC54797}.Ad-Hoc|Any CPU.Deploy.0 = Release|x86
		{E525721E-B9E4-40D9-83B1-75514EC54797}.Ad-Hoc|ARM.ActiveCfg = Release|ARM
		{E525721E-B9E4-40D9-83B1-75514EC54797}.Ad-Hoc|ARM.Build.0 = Release|ARM
		{E525721E-B9E4-40D9-83B1-75514EC54797}.Ad-Hoc|ARM.Deploy.0 = Release|ARM
		{E525721E-B9E4-40D9-83B1-75514EC54797}.Ad-Hoc|iPhone.ActiveCfg = Release|x86
		{E525721E-B9E4-40D9-83B1-75514EC54797}.Ad-Hoc|iPhone.Build.0 = Release|x86
		{E525721E-B9E4-40D9-83B1-75514EC54797}.Ad-Hoc|iPhone.Deploy.0 = Release|x86
		{E525721E-B9E4-40D9-83B1-75514EC54797}.Ad-Hoc|iPhoneSimulator.ActiveCfg = Release|x86
		{E525721E-B9E4-40D9-83B1-75514EC54797}.Ad-Hoc|iPhoneSimulator.Build.0 = Release|x86
		{E525721E-B9E4-40D9-83B1-75514EC54797}.Ad-Hoc|iPhoneSimulator.Deploy.0 = Release|x86
		{E525721E-B9E4-40D9-83B1-75514EC54797}.Ad-Hoc|x64.ActiveCfg = Release|x64
		{E525721E-B9E4-40D9-83B1-75514EC54797}.Ad-Hoc|x64.Build.0 = Release|x64
		{E525721E-B9E4-40D9-83B1-75514EC54797}.Ad-Hoc|x64.Deploy.0 = Release|x64
		{E525721E-B9E4-40D9-83B1-75514EC54797}.Ad-Hoc|x86.ActiveCfg = Release|x86
		{E525721E-B9E4-40D9-83B1-75514EC54797}.Ad-Hoc|x86.Build.0 = Release|x86
		{E525721E-B9E4-40D9-83B1-75514EC54797}.Ad-Hoc|x86.Deploy.0 = Release|x86
		{E525721E-B9E4-40D9-83B1-75514EC54797}.AppStore|Any CPU.ActiveCfg = Release|x86
		{E525721E-B9E4-40D9-83B1-75514EC54797}.AppStore|Any CPU.Build.0 = Release|x86
		{E525721E-B9E4-40D9-83B1-75514EC54797}.AppStore|Any CPU.Deploy.0 = Release|x86
		{E525721E-B9E4-40D9-83B1-75514EC54797}.AppStore|ARM.ActiveCfg = Release|ARM
		{E525721E-B9E4-40D9-83B1-75514EC54797}.AppStore|ARM.Build.0 = Release|ARM
		{E525721E-B9E4-40D9-83B1-75514EC54797}.AppStore|ARM.Deploy.0 = Release|ARM
		{E525721E-B9E4-40D9-83B1-75514EC54797}.AppStore|iPhone.ActiveCfg = Release|x86
		{E525721E-B9E4-40D9-83B1-75514EC54797}.AppStore|iPhone.Build.0 = Release|x86
		{E525721E-B9E4-40D9-83B1-75514EC54797}.AppStore|iPhone.Deploy.0 = Release|x86
		{E525721E-B9E4-40D9-83B1-75514EC54797}.AppStore|iPhoneSimulator.ActiveCfg = Release|x86
		{E525721E-B9E4-40D9-83B1-75514EC54797}.AppStore|iPhoneSimulator.Build.0 = Release|x86
		{E525721E-B9E4-40D9-83B1-75514EC54797}.AppStore|iPhoneSimulator.Deploy.0 = Release|x86
		{E525721E-B9E4-40D9-83B1-75514EC54797}.AppStore|x64.ActiveCfg = Release|x64
		{E525721E-B9E4-40D9-83B1-75514EC54797}.AppStore|x64.Build.0 = Release|x64
		{E525721E-B9E4-40D9-83B1-75514EC54797}.AppStore|x64.Deploy.0 = Release|x64
		{E525721E-B9E4-40D9-83B1-75514EC54797}.AppStore|x86.ActiveCfg = Release|x86
		{E525721E-B9E4-40D9-83B1-75514EC54797}.AppStore|x86.Build.0 = Release|x86
		{E525721E-B9E4-40D9-83B1-75514EC54797}.AppStore|x86.Deploy.0 = Release|x86
		{E525721E-B9E4-40D9-83B1-75514EC54797}.Debug|Any CPU.ActiveCfg = Debug|x86
		{E525721E-B9E4-40D9-83B1-75514EC54797}.Debug|Any CPU.Build.0 = Debug|x86
		{E525721E-B9E4-40D9-83B1-75514EC54797}.Debug|Any CPU.Deploy.0 = Debug|x86
		{E525721E-B9E4-40D9-83B1-75514EC54797}.Debug|ARM.ActiveCfg = Debug|ARM
		{E525721E-B9E4-40D9-83B1-75514EC54797}.Debug|ARM.Build.0 = Debug|ARM
		{E525721E-B9E4-40D9-83B1-75514EC54797}.Debug|ARM.Deploy.0 = Debug|ARM
		{E525721E-B9E4-40D9-83B1-75514EC54797}.Debug|iPhone.ActiveCfg = Debug|x86
		{E525721E-B9E4-40D9-83B1-75514EC54797}.Debug|iPhone.Build.0 = Debug|x86
		{E525721E-B9E4-40D9-83B1-75514EC54797}.Debug|iPhone.Deploy.0 = Debug|x86
		{E525721E-B9E4-40D9-83B1-75514EC54797}.Debug|iPhoneSimulator.ActiveCfg = Debug|x86
		{E525721E-B9E4-40D9-83B1-75514EC54797}.Debug|iPhoneSimulator.Build.0 = Debug|x86
		{E525721E-B9E4-40D9-83B1-75514EC54797}.Debug|iPhoneSimulator.Deploy.0 = Debug|x86
		{E525721E-B9E4-40D9-83B1-75514EC54797}.Debug|x64.ActiveCfg = Debug|x64
		{E525721E-B9E4-40D9-83B1-75514EC54797}.Debug|x64.Build.0 = Debug|x64
		{E525721E-B9E4-40D9-83B1-75514EC54797}.Debug|x64.Deploy.0 = Debug|x64
		{E525721E-B9E4-40D9-83B1-75514EC54797}.Debug|x86.ActiveCfg = Debug|x86
		{E525721E-B9E4-40D9-83B1-75514EC54797}.Debug|x86.Build.0 = Debug|x86
		{E525721E-B9E4-40D9-83B1-75514EC54797}.Debug|x86.Deploy.0 = Debug|x86
		{E525721E-B9E4-40D9-83B1-75514EC54797}.Release|Any CPU.ActiveCfg = Release|x86
		{E525721E-B9E4-40D9-83B1-75514EC54797}.Release|Any CPU.Build.0 = Release|x86
		{E525721E-B9E4-40D9-83B1-75514EC54797}.Release|Any CPU.Deploy.0 = Release|x86
		{E525721E-B9E4-40D9-83B1-75514EC54797}.Release|ARM.ActiveCfg = Release|ARM
		{E525721E-B9E4-40D9-83B1-75514EC54797}.Release|ARM.Build.0 = Release|ARM
		{E525721E-B9E4-40D9-83B1-75514EC54797}.Release|ARM.Deploy.0 = Release|ARM
		{E525721E-B9E4-40D9-83B1-75514EC54797}.Release|iPhone.ActiveCfg = Release|x86
		{E525721E-B9E4-40D9-83B1-75514EC54797}.Release|iPhone.Build.0 = Release|x86
		{E525721E-B9E4-40D9-83B1-75514EC54797}.Release|iPhone.Deploy.0 = Release|x86
		{E525721E-B9E4-40D9-83B1-75514EC54797}.Release|iPhoneSimulator.ActiveCfg = Release|x86
		{E525721E-B9E4-40D9-83B1-75514EC54797}.Release|iPhoneSimulator.Build.0 = Release|x86
		{E525721E-B9E4-40D9-83B1-75514EC54797}.Release|iPhoneSimulator.Deploy.0 = Release|x86
		{E525721E-B9E4-40D9-83B1-75514EC54797}.Release|x64.ActiveCfg = Release|x64
		{E525721E-B9E4-40D9-83B1-75514EC54797}.Release|x64.Build.0 = Release|x64
		{E525721E-B9E4-40D9-83B1-75514EC54797}.Release|x64.Deploy.0 = Release|x64
		{E525721E-B9E4-40D9-83B1-75514EC54797}.Release|x86.ActiveCfg = Release|x86
		{E525721E-B9E4-40D9-83B1-75514EC54797}.Release|x86.Build.0 = Release|x86
		{E525721E-B9E4-40D9-83B1-75514EC54797}.Release|x86.Deploy.0 = Release|x86
		{FEA886BC-03AD-439A-AF27-42EC0489C38B}.Ad-Hoc|Any CPU.ActiveCfg = Debug|Any CPU
		{FEA886BC-03AD-439A-AF27-42EC0489C38B}.Ad-Hoc|Any CPU.Build.0 = Debug|Any CPU
		{FEA886BC-03AD-439A-AF27-42EC0489C38B}.Ad-Hoc|Any CPU.Deploy.0 = Debug|Any CPU
		{FEA886BC-03AD-439A-AF27-42EC0489C38B}.Ad-Hoc|ARM.ActiveCfg = Debug|Any CPU
		{FEA886BC-03AD-439A-AF27-42EC0489C38B}.Ad-Hoc|ARM.Build.0 = Debug|Any CPU
		{FEA886BC-03AD-439A-AF27-42EC0489C38B}.Ad-Hoc|ARM.Deploy.0 = Debug|Any CPU
		{FEA886BC-03AD-439A-AF27-42EC0489C38B}.Ad-Hoc|iPhone.ActiveCfg = Debug|Any CPU
		{FEA886BC-03AD-439A-AF27-42EC0489C38B}.Ad-Hoc|iPhone.Build.0 = Debug|Any CPU
		{FEA886BC-03AD-439A-AF27-42EC0489C38B}.Ad-Hoc|iPhone.Deploy.0 = Debug|Any CPU
		{FEA886BC-03AD-439A-AF27-42EC0489C38B}.Ad-Hoc|iPhoneSimulator.ActiveCfg = Debug|Any CPU
		{FEA886BC-03AD-439A-AF27-42EC0489C38B}.Ad-Hoc|iPhoneSimulator.Build.0 = Debug|Any CPU
		{FEA886BC-03AD-439A-AF27-42EC0489C38B}.Ad-Hoc|iPhoneSimulator.Deploy.0 = Debug|Any CPU
		{FEA886BC-03AD-439A-AF27-42EC0489C38B}.Ad-Hoc|x64.ActiveCfg = Debug|Any CPU
		{FEA886BC-03AD-439A-AF27-42EC0489C38B}.Ad-Hoc|x64.Build.0 = Debug|Any CPU
		{FEA886BC-03AD-439A-AF27-42EC0489C38B}.Ad-Hoc|x64.Deploy.0 = Debug|Any CPU
		{FEA886BC-03AD-439A-AF27-42EC0489C38B}.Ad-Hoc|x86.ActiveCfg = Debug|Any CPU
		{FEA886BC-03AD-439A-AF27-42EC0489C38B}.Ad-Hoc|x86.Build.0 = Debug|Any CPU
		{FEA886BC-03AD-439A-AF27-42EC0489C38B}.Ad-Hoc|x86.Deploy.0 = Debug|Any CPU
		{FEA886BC-03AD-439A-AF27-42EC0489C38B}.AppStore|Any CPU.ActiveCfg = Debug|Any CPU
		{FEA886BC-03AD-439A-AF27-42EC0489C38B}.AppStore|Any CPU.Build.0 = Debug|Any CPU
		{FEA886BC-03AD-439A-AF27-42EC0489C38B}.AppStore|Any CPU.Deploy.0 = Debug|Any CPU
		{FEA886BC-03AD-439A-AF27-42EC0489C38B}.AppStore|ARM.ActiveCfg = Debug|Any CPU
		{FEA886BC-03AD-439A-AF27-42EC0489C38B}.AppStore|ARM.Build.0 = Debug|Any CPU
		{FEA886BC-03AD-439A-AF27-42EC0489C38B}.AppStore|ARM.Deploy.0 = Debug|Any CPU
		{FEA886BC-03AD-439A-AF27-42EC0489C38B}.AppStore|iPhone.ActiveCfg = Debug|Any CPU
		{FEA886BC-03AD-439A-AF27-42EC0489C38B}.AppStore|iPhone.Build.0 = Debug|Any CPU
		{FEA886BC-03AD-439A-AF27-42EC0489C38B}.AppStore|iPhone.Deploy.0 = Debug|Any CPU
		{FEA886BC-03AD-439A-AF27-42EC0489C38B}.AppStore|iPhoneSimulator.ActiveCfg = Debug|Any CPU
		{FEA886BC-03AD-439A-AF27-42EC0489C38B}.AppStore|iPhoneSimulator.Build.0 = Debug|Any CPU
		{FEA886BC-03AD-439A-AF27-42EC0489C38B}.AppStore|iPhoneSimulator.Deploy.0 = Debug|Any CPU
		{FEA886BC-03AD-439A-AF27-42EC0489C38B}.AppStore|x64.ActiveCfg = Debug|Any CPU
		{FEA886BC-03AD-439A-AF27-42EC0489C38B}.AppStore|x64.Build.0 = Debug|Any CPU
		{FEA886BC-03AD-439A-AF27-42EC0489C38B}.AppStore|x64.Deploy.0 = Debug|Any CPU
		{FEA886BC-03AD-439A-AF27-42EC0489C38B}.AppStore|x86.ActiveCfg = Debug|Any CPU
		{FEA886BC-03AD-439A-AF27-42EC0489C38B}.AppStore|x86.Build.0 = Debug|Any CPU
		{FEA886BC-03AD-439A-AF27-42EC0489C38B}.AppStore|x86.Deploy.0 = Debug|Any CPU
		{FEA886BC-03AD-439A-AF27-42EC0489C38B}.Debug|Any CPU.ActiveCfg = Debug|Any CPU
		{FEA886BC-03AD-439A-AF27-42EC0489C38B}.Debug|Any CPU.Build.0 = Debug|Any CPU
		{FEA886BC-03AD-439A-AF27-42EC0489C38B}.Debug|Any CPU.Deploy.0 = Debug|Any CPU
		{FEA886BC-03AD-439A-AF27-42EC0489C38B}.Debug|ARM.ActiveCfg = Debug|Any CPU
		{FEA886BC-03AD-439A-AF27-42EC0489C38B}.Debug|ARM.Build.0 = Debug|Any CPU
		{FEA886BC-03AD-439A-AF27-42EC0489C38B}.Debug|ARM.Deploy.0 = Debug|Any CPU
		{FEA886BC-03AD-439A-AF27-42EC0489C38B}.Debug|iPhone.ActiveCfg = Debug|Any CPU
		{FEA886BC-03AD-439A-AF27-42EC0489C38B}.Debug|iPhone.Build.0 = Debug|Any CPU
		{FEA886BC-03AD-439A-AF27-42EC0489C38B}.Debug|iPhone.Deploy.0 = Debug|Any CPU
		{FEA886BC-03AD-439A-AF27-42EC0489C38B}.Debug|iPhoneSimulator.ActiveCfg = Debug|Any CPU
		{FEA886BC-03AD-439A-AF27-42EC0489C38B}.Debug|iPhoneSimulator.Build.0 = Debug|Any CPU
		{FEA886BC-03AD-439A-AF27-42EC0489C38B}.Debug|iPhoneSimulator.Deploy.0 = Debug|Any CPU
		{FEA886BC-03AD-439A-AF27-42EC0489C38B}.Debug|x64.ActiveCfg = Debug|Any CPU
		{FEA886BC-03AD-439A-AF27-42EC0489C38B}.Debug|x64.Build.0 = Debug|Any CPU
		{FEA886BC-03AD-439A-AF27-42EC0489C38B}.Debug|x64.Deploy.0 = Debug|Any CPU
		{FEA886BC-03AD-439A-AF27-42EC0489C38B}.Debug|x86.ActiveCfg = Debug|Any CPU
		{FEA886BC-03AD-439A-AF27-42EC0489C38B}.Debug|x86.Build.0 = Debug|Any CPU
		{FEA886BC-03AD-439A-AF27-42EC0489C38B}.Debug|x86.Deploy.0 = Debug|Any CPU
		{FEA886BC-03AD-439A-AF27-42EC0489C38B}.Release|Any CPU.ActiveCfg = Release|Any CPU
		{FEA886BC-03AD-439A-AF27-42EC0489C38B}.Release|Any CPU.Build.0 = Release|Any CPU
		{FEA886BC-03AD-439A-AF27-42EC0489C38B}.Release|Any CPU.Deploy.0 = Release|Any CPU
		{FEA886BC-03AD-439A-AF27-42EC0489C38B}.Release|ARM.ActiveCfg = Release|Any CPU
		{FEA886BC-03AD-439A-AF27-42EC0489C38B}.Release|ARM.Build.0 = Release|Any CPU
		{FEA886BC-03AD-439A-AF27-42EC0489C38B}.Release|ARM.Deploy.0 = Release|Any CPU
		{FEA886BC-03AD-439A-AF27-42EC0489C38B}.Release|iPhone.ActiveCfg = Release|Any CPU
		{FEA886BC-03AD-439A-AF27-42EC0489C38B}.Release|iPhone.Build.0 = Release|Any CPU
		{FEA886BC-03AD-439A-AF27-42EC0489C38B}.Release|iPhone.Deploy.0 = Release|Any CPU
		{FEA886BC-03AD-439A-AF27-42EC0489C38B}.Release|iPhoneSimulator.ActiveCfg = Release|Any CPU
		{FEA886BC-03AD-439A-AF27-42EC0489C38B}.Release|iPhoneSimulator.Build.0 = Release|Any CPU
		{FEA886BC-03AD-439A-AF27-42EC0489C38B}.Release|iPhoneSimulator.Deploy.0 = Release|Any CPU
		{FEA886BC-03AD-439A-AF27-42EC0489C38B}.Release|x64.ActiveCfg = Release|Any CPU
		{FEA886BC-03AD-439A-AF27-42EC0489C38B}.Release|x64.Build.0 = Release|Any CPU
		{FEA886BC-03AD-439A-AF27-42EC0489C38B}.Release|x64.Deploy.0 = Release|Any CPU
		{FEA886BC-03AD-439A-AF27-42EC0489C38B}.Release|x86.ActiveCfg = Release|Any CPU
		{FEA886BC-03AD-439A-AF27-42EC0489C38B}.Release|x86.Build.0 = Release|Any CPU
		{FEA886BC-03AD-439A-AF27-42EC0489C38B}.Release|x86.Deploy.0 = Release|Any CPU
	EndGlobalSection
	GlobalSection(SolutionProperties) = preSolution
		HideSolutionNode = FALSE
	EndGlobalSection
	GlobalSection(ExtensibilityGlobals) = postSolution
		SolutionGuid = {47CF2358-30D9-43F2-B9DC-40901392518E}
	EndGlobalSection
EndGlobal
