
Microsoft Visual Studio Solution File, Format Version 12.00
# Visual Studio 15
VisualStudioVersion = 15.0.28307.572
MinimumVisualStudioVersion = 10.0.40219.1
Project("{FAE04EC0-301F-11D3-BF4B-00C04F79EFBC}") = "DemoBindingData.Android", "DemoBindingData\DemoBindingData.Android\DemoBindingData.Android.csproj", "{7285F758-DBF1-4999-B163-FAD96C2A1A4D}"
EndProject
Project("{FAE04EC0-301F-11D3-BF4B-00C04F79EFBC}") = "DemoBindingData.iOS", "DemoBindingData\DemoBindingData.iOS\DemoBindingData.iOS.csproj", "{14447634-B07F-4C10-8CBF-BB352CB17140}"
EndProject
Project("{FAE04EC0-301F-11D3-BF4B-00C04F79EFBC}") = "DemoBindingData.UWP", "DemoBindingData\DemoBindingData.UWP\DemoBindingData.UWP.csproj", "{A4E3B1D1-A791-4CF8-BBD4-A662C89D843A}"
EndProject
Project("{FAE04EC0-301F-11D3-BF4B-00C04F79EFBC}") = "DemoBindingData", "DemoBindingData\DemoBindingData\DemoBindingData.csproj", "{1A93E040-1563-4F05-8EA2-D60754CB9A11}"
EndProject
Global
	GlobalSection(SolutionConfigurationPlatforms) = preSolution
		Ad-Hoc|Any CPU = Ad-Hoc|Any CPU
		Ad-Hoc|ARM = Ad-Hoc|ARM
		Ad-Hoc|iPhone = Ad-Hoc|iPhone
		Ad-Hoc|iPhoneSimulator = Ad-Hoc|iPhoneSimulator
		Ad-Hoc|x64 = Ad-Hoc|x64
		Ad-Hoc|x86 = Ad-Hoc|x86
		AppStore|Any CPU = AppStore|Any CPU
		AppStore|ARM = AppStore|ARM
		AppStore|iPhone = AppStore|iPhone
		AppStore|iPhoneSimulator = AppStore|iPhoneSimulator
		AppStore|x64 = AppStore|x64
		AppStore|x86 = AppStore|x86
		Debug|Any CPU = Debug|Any CPU
		Debug|ARM = Debug|ARM
		Debug|iPhone = Debug|iPhone
		Debug|iPhoneSimulator = Debug|iPhoneSimulator
		Debug|x64 = Debug|x64
		Debug|x86 = Debug|x86
		Release|Any CPU = Release|Any CPU
		Release|ARM = Release|ARM
		Release|iPhone = Release|iPhone
		Release|iPhoneSimulator = Release|iPhoneSimulator
		Release|x64 = Release|x64
		Release|x86 = Release|x86
	EndGlobalSection
	GlobalSection(ProjectConfigurationPlatforms) = postSolution
		{7285F758-DBF1-4999-B163-FAD96C2A1A4D}.Ad-Hoc|Any CPU.ActiveCfg = Release|Any CPU
		{7285F758-DBF1-4999-B163-FAD96C2A1A4D}.Ad-Hoc|Any CPU.Build.0 = Release|Any CPU
		{7285F758-DBF1-4999-B163-FAD96C2A1A4D}.Ad-Hoc|Any CPU.Deploy.0 = Release|Any CPU
		{7285F758-DBF1-4999-B163-FAD96C2A1A4D}.Ad-Hoc|ARM.ActiveCfg = Release|Any CPU
		{7285F758-DBF1-4999-B163-FAD96C2A1A4D}.Ad-Hoc|ARM.Build.0 = Release|Any CPU
		{7285F758-DBF1-4999-B163-FAD96C2A1A4D}.Ad-Hoc|ARM.Deploy.0 = Release|Any CPU
		{7285F758-DBF1-4999-B163-FAD96C2A1A4D}.Ad-Hoc|iPhone.ActiveCfg = Release|Any CPU
		{7285F758-DBF1-4999-B163-FAD96C2A1A4D}.Ad-Hoc|iPhone.Build.0 = Release|Any CPU
		{7285F758-DBF1-4999-B163-FAD96C2A1A4D}.Ad-Hoc|iPhone.Deploy.0 = Release|Any CPU
		{7285F758-DBF1-4999-B163-FAD96C2A1A4D}.Ad-Hoc|iPhoneSimulator.ActiveCfg = Release|Any CPU
		{7285F758-DBF1-4999-B163-FAD96C2A1A4D}.Ad-Hoc|iPhoneSimulator.Build.0 = Release|Any CPU
		{7285F758-DBF1-4999-B163-FAD96C2A1A4D}.Ad-Hoc|iPhoneSimulator.Deploy.0 = Release|Any CPU
		{7285F758-DBF1-4999-B163-FAD96C2A1A4D}.Ad-Hoc|x64.ActiveCfg = Release|Any CPU
		{7285F758-DBF1-4999-B163-FAD96C2A1A4D}.Ad-Hoc|x64.Build.0 = Release|Any CPU
		{7285F758-DBF1-4999-B163-FAD96C2A1A4D}.Ad-Hoc|x64.Deploy.0 = Release|Any CPU
		{7285F758-DBF1-4999-B163-FAD96C2A1A4D}.Ad-Hoc|x86.ActiveCfg = Release|Any CPU
		{7285F758-DBF1-4999-B163-FAD96C2A1A4D}.Ad-Hoc|x86.Build.0 = Release|Any CPU
		{7285F758-DBF1-4999-B163-FAD96C2A1A4D}.Ad-Hoc|x86.Deploy.0 = Release|Any CPU
		{7285F758-DBF1-4999-B163-FAD96C2A1A4D}.AppStore|Any CPU.ActiveCfg = Release|Any CPU
		{7285F758-DBF1-4999-B163-FAD96C2A1A4D}.AppStore|Any CPU.Build.0 = Release|Any CPU
		{7285F758-DBF1-4999-B163-FAD96C2A1A4D}.AppStore|Any CPU.Deploy.0 = Release|Any CPU
		{7285F758-DBF1-4999-B163-FAD96C2A1A4D}.AppStore|ARM.ActiveCfg = Release|Any CPU
		{7285F758-DBF1-4999-B163-FAD96C2A1A4D}.AppStore|ARM.Build.0 = Release|Any CPU
		{7285F758-DBF1-4999-B163-FAD96C2A1A4D}.AppStore|ARM.Deploy.0 = Release|Any CPU
		{7285F758-DBF1-4999-B163-FAD96C2A1A4D}.AppStore|iPhone.ActiveCfg = Release|Any CPU
		{7285F758-DBF1-4999-B163-FAD96C2A1A4D}.AppStore|iPhone.Build.0 = Release|Any CPU
		{7285F758-DBF1-4999-B163-FAD96C2A1A4D}.AppStore|iPhone.Deploy.0 = Release|Any CPU
		{7285F758-DBF1-4999-B163-FAD96C2A1A4D}.AppStore|iPhoneSimulator.ActiveCfg = Release|Any CPU
		{7285F758-DBF1-4999-B163-FAD96C2A1A4D}.AppStore|iPhoneSimulator.Build.0 = Release|Any CPU
		{7285F758-DBF1-4999-B163-FAD96C2A1A4D}.AppStore|iPhoneSimulator.Deploy.0 = Release|Any CPU
		{7285F758-DBF1-4999-B163-FAD96C2A1A4D}.AppStore|x64.ActiveCfg = Release|Any CPU
		{7285F758-DBF1-4999-B163-FAD96C2A1A4D}.AppStore|x64.Build.0 = Release|Any CPU
		{7285F758-DBF1-4999-B163-FAD96C2A1A4D}.AppStore|x64.Deploy.0 = Release|Any CPU
		{7285F758-DBF1-4999-B163-FAD96C2A1A4D}.AppStore|x86.ActiveCfg = Release|Any CPU
		{7285F758-DBF1-4999-B163-FAD96C2A1A4D}.AppStore|x86.Build.0 = Release|Any CPU
		{7285F758-DBF1-4999-B163-FAD96C2A1A4D}.AppStore|x86.Deploy.0 = Release|Any CPU
		{7285F758-DBF1-4999-B163-FAD96C2A1A4D}.Debug|Any CPU.ActiveCfg = Debug|Any CPU
		{7285F758-DBF1-4999-B163-FAD96C2A1A4D}.Debug|Any CPU.Build.0 = Debug|Any CPU
		{7285F758-DBF1-4999-B163-FAD96C2A1A4D}.Debug|Any CPU.Deploy.0 = Debug|Any CPU
		{7285F758-DBF1-4999-B163-FAD96C2A1A4D}.Debug|ARM.ActiveCfg = Debug|Any CPU
		{7285F758-DBF1-4999-B163-FAD96C2A1A4D}.Debug|ARM.Build.0 = Debug|Any CPU
		{7285F758-DBF1-4999-B163-FAD96C2A1A4D}.Debug|ARM.Deploy.0 = Debug|Any CPU
		{7285F758-DBF1-4999-B163-FAD96C2A1A4D}.Debug|iPhone.ActiveCfg = Debug|Any CPU
		{7285F758-DBF1-4999-B163-FAD96C2A1A4D}.Debug|iPhone.Build.0 = Debug|Any CPU
		{7285F758-DBF1-4999-B163-FAD96C2A1A4D}.Debug|iPhone.Deploy.0 = Debug|Any CPU
		{7285F758-DBF1-4999-B163-FAD96C2A1A4D}.Debug|iPhoneSimulator.ActiveCfg = Debug|Any CPU
		{7285F758-DBF1-4999-B163-FAD96C2A1A4D}.Debug|iPhoneSimulator.Build.0 = Debug|Any CPU
		{7285F758-DBF1-4999-B163-FAD96C2A1A4D}.Debug|iPhoneSimulator.Deploy.0 = Debug|Any CPU
		{7285F758-DBF1-4999-B163-FAD96C2A1A4D}.Debug|x64.ActiveCfg = Debug|Any CPU
		{7285F758-DBF1-4999-B163-FAD96C2A1A4D}.Debug|x64.Build.0 = Debug|Any CPU
		{7285F758-DBF1-4999-B163-FAD96C2A1A4D}.Debug|x64.Deploy.0 = Debug|Any CPU
		{7285F758-DBF1-4999-B163-FAD96C2A1A4D}.Debug|x86.ActiveCfg = Debug|Any CPU
		{7285F758-DBF1-4999-B163-FAD96C2A1A4D}.Debug|x86.Build.0 = Debug|Any CPU
		{7285F758-DBF1-4999-B163-FAD96C2A1A4D}.Debug|x86.Deploy.0 = Debug|Any CPU
		{7285F758-DBF1-4999-B163-FAD96C2A1A4D}.Release|Any CPU.ActiveCfg = Release|Any CPU
		{7285F758-DBF1-4999-B163-FAD96C2A1A4D}.Release|Any CPU.Build.0 = Release|Any CPU
		{7285F758-DBF1-4999-B163-FAD96C2A1A4D}.Release|Any CPU.Deploy.0 = Release|Any CPU
		{7285F758-DBF1-4999-B163-FAD96C2A1A4D}.Release|ARM.ActiveCfg = Release|Any CPU
		{7285F758-DBF1-4999-B163-FAD96C2A1A4D}.Release|ARM.Build.0 = Release|Any CPU
		{7285F758-DBF1-4999-B163-FAD96C2A1A4D}.Release|ARM.Deploy.0 = Release|Any CPU
		{7285F758-DBF1-4999-B163-FAD96C2A1A4D}.Release|iPhone.ActiveCfg = Release|Any CPU
		{7285F758-DBF1-4999-B163-FAD96C2A1A4D}.Release|iPhone.Build.0 = Release|Any CPU
		{7285F758-DBF1-4999-B163-FAD96C2A1A4D}.Release|iPhone.Deploy.0 = Release|Any CPU
		{7285F758-DBF1-4999-B163-FAD96C2A1A4D}.Release|iPhoneSimulator.ActiveCfg = Release|Any CPU
		{7285F758-DBF1-4999-B163-FAD96C2A1A4D}.Release|iPhoneSimulator.Build.0 = Release|Any CPU
		{7285F758-DBF1-4999-B163-FAD96C2A1A4D}.Release|iPhoneSimulator.Deploy.0 = Release|Any CPU
		{7285F758-DBF1-4999-B163-FAD96C2A1A4D}.Release|x64.ActiveCfg = Release|Any CPU
		{7285F758-DBF1-4999-B163-FAD96C2A1A4D}.Release|x64.Build.0 = Release|Any CPU
		{7285F758-DBF1-4999-B163-FAD96C2A1A4D}.Release|x64.Deploy.0 = Release|Any CPU
		{7285F758-DBF1-4999-B163-FAD96C2A1A4D}.Release|x86.ActiveCfg = Release|Any CPU
		{7285F758-DBF1-4999-B163-FAD96C2A1A4D}.Release|x86.Build.0 = Release|Any CPU
		{7285F758-DBF1-4999-B163-FAD96C2A1A4D}.Release|x86.Deploy.0 = Release|Any CPU
		{14447634-B07F-4C10-8CBF-BB352CB17140}.Ad-Hoc|Any CPU.ActiveCfg = Ad-Hoc|iPhone
		{14447634-B07F-4C10-8CBF-BB352CB17140}.Ad-Hoc|Any CPU.Build.0 = Ad-Hoc|iPhone
		{14447634-B07F-4C10-8CBF-BB352CB17140}.Ad-Hoc|Any CPU.Deploy.0 = Ad-Hoc|iPhone
		{14447634-B07F-4C10-8CBF-BB352CB17140}.Ad-Hoc|ARM.ActiveCfg = Ad-Hoc|iPhone
		{14447634-B07F-4C10-8CBF-BB352CB17140}.Ad-Hoc|ARM.Build.0 = Ad-Hoc|iPhone
		{14447634-B07F-4C10-8CBF-BB352CB17140}.Ad-Hoc|ARM.Deploy.0 = Ad-Hoc|iPhone
		{14447634-B07F-4C10-8CBF-BB352CB17140}.Ad-Hoc|iPhone.ActiveCfg = Ad-Hoc|iPhone
		{14447634-B07F-4C10-8CBF-BB352CB17140}.Ad-Hoc|iPhone.Build.0 = Ad-Hoc|iPhone
		{14447634-B07F-4C10-8CBF-BB352CB17140}.Ad-Hoc|iPhone.Deploy.0 = Ad-Hoc|iPhone
		{14447634-B07F-4C10-8CBF-BB352CB17140}.Ad-Hoc|iPhoneSimulator.ActiveCfg = Ad-Hoc|iPhoneSimulator
		{14447634-B07F-4C10-8CBF-BB352CB17140}.Ad-Hoc|iPhoneSimulator.Build.0 = Ad-Hoc|iPhoneSimulator
		{14447634-B07F-4C10-8CBF-BB352CB17140}.Ad-Hoc|iPhoneSimulator.Deploy.0 = Ad-Hoc|iPhoneSimulator
		{14447634-B07F-4C10-8CBF-BB352CB17140}.Ad-Hoc|x64.ActiveCfg = Ad-Hoc|iPhone
		{14447634-B07F-4C10-8CBF-BB352CB17140}.Ad-Hoc|x64.Build.0 = Ad-Hoc|iPhone
		{14447634-B07F-4C10-8CBF-BB352CB17140}.Ad-Hoc|x64.Deploy.0 = Ad-Hoc|iPhone
		{14447634-B07F-4C10-8CBF-BB352CB17140}.Ad-Hoc|x86.ActiveCfg = Ad-Hoc|iPhone
		{14447634-B07F-4C10-8CBF-BB352CB17140}.Ad-Hoc|x86.Build.0 = Ad-Hoc|iPhone
		{14447634-B07F-4C10-8CBF-BB352CB17140}.Ad-Hoc|x86.Deploy.0 = Ad-Hoc|iPhone
		{14447634-B07F-4C10-8CBF-BB352CB17140}.AppStore|Any CPU.ActiveCfg = AppStore|iPhone
		{14447634-B07F-4C10-8CBF-BB352CB17140}.AppStore|Any CPU.Build.0 = AppStore|iPhone
		{14447634-B07F-4C10-8CBF-BB352CB17140}.AppStore|Any CPU.Deploy.0 = AppStore|iPhone
		{14447634-B07F-4C10-8CBF-BB352CB17140}.AppStore|ARM.ActiveCfg = AppStore|iPhone
		{14447634-B07F-4C10-8CBF-BB352CB17140}.AppStore|ARM.Build.0 = AppStore|iPhone
		{14447634-B07F-4C10-8CBF-BB352CB17140}.AppStore|ARM.Deploy.0 = AppStore|iPhone
		{14447634-B07F-4C10-8CBF-BB352CB17140}.AppStore|iPhone.ActiveCfg = AppStore|iPhone
		{14447634-B07F-4C10-8CBF-BB352CB17140}.AppStore|iPhone.Build.0 = AppStore|iPhone
		{14447634-B07F-4C10-8CBF-BB352CB17140}.AppStore|iPhone.Deploy.0 = AppStore|iPhone
		{14447634-B07F-4C10-8CBF-BB352CB17140}.AppStore|iPhoneSimulator.ActiveCfg = AppStore|iPhoneSimulator
		{14447634-B07F-4C10-8CBF-BB352CB17140}.AppStore|iPhoneSimulator.Build.0 = AppStore|iPhoneSimulator
		{14447634-B07F-4C10-8CBF-BB352CB17140}.AppStore|iPhoneSimulator.Deploy.0 = AppStore|iPhoneSimulator
		{14447634-B07F-4C10-8CBF-BB352CB17140}.AppStore|x64.ActiveCfg = AppStore|iPhone
		{14447634-B07F-4C10-8CBF-BB352CB17140}.AppStore|x64.Build.0 = AppStore|iPhone
		{14447634-B07F-4C10-8CBF-BB352CB17140}.AppStore|x64.Deploy.0 = AppStore|iPhone
		{14447634-B07F-4C10-8CBF-BB352CB17140}.AppStore|x86.ActiveCfg = AppStore|iPhone
		{14447634-B07F-4C10-8CBF-BB352CB17140}.AppStore|x86.Build.0 = AppStore|iPhone
		{14447634-B07F-4C10-8CBF-BB352CB17140}.AppStore|x86.Deploy.0 = AppStore|iPhone
		{14447634-B07F-4C10-8CBF-BB352CB17140}.Debug|Any CPU.ActiveCfg = Debug|iPhoneSimulator
		{14447634-B07F-4C10-8CBF-BB352CB17140}.Debug|Any CPU.Build.0 = Debug|iPhoneSimulator
		{14447634-B07F-4C10-8CBF-BB352CB17140}.Debug|Any CPU.Deploy.0 = Debug|iPhoneSimulator
		{14447634-B07F-4C10-8CBF-BB352CB17140}.Debug|ARM.ActiveCfg = Debug|iPhone
		{14447634-B07F-4C10-8CBF-BB352CB17140}.Debug|ARM.Build.0 = Debug|iPhone
		{14447634-B07F-4C10-8CBF-BB352CB17140}.Debug|ARM.Deploy.0 = Debug|iPhone
		{14447634-B07F-4C10-8CBF-BB352CB17140}.Debug|iPhone.ActiveCfg = Debug|iPhone
		{14447634-B07F-4C10-8CBF-BB352CB17140}.Debug|iPhone.Build.0 = Debug|iPhone
		{14447634-B07F-4C10-8CBF-BB352CB17140}.Debug|iPhone.Deploy.0 = Debug|iPhone
		{14447634-B07F-4C10-8CBF-BB352CB17140}.Debug|iPhoneSimulator.ActiveCfg = Debug|iPhoneSimulator
		{14447634-B07F-4C10-8CBF-BB352CB17140}.Debug|iPhoneSimulator.Build.0 = Debug|iPhoneSimulator
		{14447634-B07F-4C10-8CBF-BB352CB17140}.Debug|iPhoneSimulator.Deploy.0 = Debug|iPhoneSimulator
		{14447634-B07F-4C10-8CBF-BB352CB17140}.Debug|x64.ActiveCfg = Debug|iPhone
		{14447634-B07F-4C10-8CBF-BB352CB17140}.Debug|x64.Build.0 = Debug|iPhone
		{14447634-B07F-4C10-8CBF-BB352CB17140}.Debug|x64.Deploy.0 = Debug|iPhone
		{14447634-B07F-4C10-8CBF-BB352CB17140}.Debug|x86.ActiveCfg = Debug|iPhone
		{14447634-B07F-4C10-8CBF-BB352CB17140}.Debug|x86.Build.0 = Debug|iPhone
		{14447634-B07F-4C10-8CBF-BB352CB17140}.Debug|x86.Deploy.0 = Debug|iPhone
		{14447634-B07F-4C10-8CBF-BB352CB17140}.Release|Any CPU.ActiveCfg = Release|iPhone
		{14447634-B07F-4C10-8CBF-BB352CB17140}.Release|Any CPU.Build.0 = Release|iPhone
		{14447634-B07F-4C10-8CBF-BB352CB17140}.Release|Any CPU.Deploy.0 = Release|iPhone
		{14447634-B07F-4C10-8CBF-BB352CB17140}.Release|ARM.ActiveCfg = Release|iPhone
		{14447634-B07F-4C10-8CBF-BB352CB17140}.Release|ARM.Build.0 = Release|iPhone
		{14447634-B07F-4C10-8CBF-BB352CB17140}.Release|ARM.Deploy.0 = Release|iPhone
		{14447634-B07F-4C10-8CBF-BB352CB17140}.Release|iPhone.ActiveCfg = Release|iPhone
		{14447634-B07F-4C10-8CBF-BB352CB17140}.Release|iPhone.Build.0 = Release|iPhone
		{14447634-B07F-4C10-8CBF-BB352CB17140}.Release|iPhone.Deploy.0 = Release|iPhone
		{14447634-B07F-4C10-8CBF-BB352CB17140}.Release|iPhoneSimulator.ActiveCfg = Release|iPhoneSimulator
		{14447634-B07F-4C10-8CBF-BB352CB17140}.Release|iPhoneSimulator.Build.0 = Release|iPhoneSimulator
		{14447634-B07F-4C10-8CBF-BB352CB17140}.Release|iPhoneSimulator.Deploy.0 = Release|iPhoneSimulator
		{14447634-B07F-4C10-8CBF-BB352CB17140}.Release|x64.ActiveCfg = Release|iPhone
		{14447634-B07F-4C10-8CBF-BB352CB17140}.Release|x64.Build.0 = Release|iPhone
		{14447634-B07F-4C10-8CBF-BB352CB17140}.Release|x64.Deploy.0 = Release|iPhone
		{14447634-B07F-4C10-8CBF-BB352CB17140}.Release|x86.ActiveCfg = Release|iPhone
		{14447634-B07F-4C10-8CBF-BB352CB17140}.Release|x86.Build.0 = Release|iPhone
		{14447634-B07F-4C10-8CBF-BB352CB17140}.Release|x86.Deploy.0 = Release|iPhone
		{A4E3B1D1-A791-4CF8-BBD4-A662C89D843A}.Ad-Hoc|Any CPU.ActiveCfg = Release|x86
		{A4E3B1D1-A791-4CF8-BBD4-A662C89D843A}.Ad-Hoc|Any CPU.Build.0 = Release|x86
		{A4E3B1D1-A791-4CF8-BBD4-A662C89D843A}.Ad-Hoc|Any CPU.Deploy.0 = Release|x86
		{A4E3B1D1-A791-4CF8-BBD4-A662C89D843A}.Ad-Hoc|ARM.ActiveCfg = Release|ARM
		{A4E3B1D1-A791-4CF8-BBD4-A662C89D843A}.Ad-Hoc|ARM.Build.0 = Release|ARM
		{A4E3B1D1-A791-4CF8-BBD4-A662C89D843A}.Ad-Hoc|ARM.Deploy.0 = Release|ARM
		{A4E3B1D1-A791-4CF8-BBD4-A662C89D843A}.Ad-Hoc|iPhone.ActiveCfg = Release|x86
		{A4E3B1D1-A791-4CF8-BBD4-A662C89D843A}.Ad-Hoc|iPhone.Build.0 = Release|x86
		{A4E3B1D1-A791-4CF8-BBD4-A662C89D843A}.Ad-Hoc|iPhone.Deploy.0 = Release|x86
		{A4E3B1D1-A791-4CF8-BBD4-A662C89D843A}.Ad-Hoc|iPhoneSimulator.ActiveCfg = Release|x86
		{A4E3B1D1-A791-4CF8-BBD4-A662C89D843A}.Ad-Hoc|iPhoneSimulator.Build.0 = Release|x86
		{A4E3B1D1-A791-4CF8-BBD4-A662C89D843A}.Ad-Hoc|iPhoneSimulator.Deploy.0 = Release|x86
		{A4E3B1D1-A791-4CF8-BBD4-A662C89D843A}.Ad-Hoc|x64.ActiveCfg = Release|x64
		{A4E3B1D1-A791-4CF8-BBD4-A662C89D843A}.Ad-Hoc|x64.Build.0 = Release|x64
		{A4E3B1D1-A791-4CF8-BBD4-A662C89D843A}.Ad-Hoc|x64.Deploy.0 = Release|x64
		{A4E3B1D1-A791-4CF8-BBD4-A662C89D843A}.Ad-Hoc|x86.ActiveCfg = Release|x86
		{A4E3B1D1-A791-4CF8-BBD4-A662C89D843A}.Ad-Hoc|x86.Build.0 = Release|x86
		{A4E3B1D1-A791-4CF8-BBD4-A662C89D843A}.Ad-Hoc|x86.Deploy.0 = Release|x86
		{A4E3B1D1-A791-4CF8-BBD4-A662C89D843A}.AppStore|Any CPU.ActiveCfg = Release|x86
		{A4E3B1D1-A791-4CF8-BBD4-A662C89D843A}.AppStore|Any CPU.Build.0 = Release|x86
		{A4E3B1D1-A791-4CF8-BBD4-A662C89D843A}.AppStore|Any CPU.Deploy.0 = Release|x86
		{A4E3B1D1-A791-4CF8-BBD4-A662C89D843A}.AppStore|ARM.ActiveCfg = Release|ARM
		{A4E3B1D1-A791-4CF8-BBD4-A662C89D843A}.AppStore|ARM.Build.0 = Release|ARM
		{A4E3B1D1-A791-4CF8-BBD4-A662C89D843A}.AppStore|ARM.Deploy.0 = Release|ARM
		{A4E3B1D1-A791-4CF8-BBD4-A662C89D843A}.AppStore|iPhone.ActiveCfg = Release|x86
		{A4E3B1D1-A791-4CF8-BBD4-A662C89D843A}.AppStore|iPhone.Build.0 = Release|x86
		{A4E3B1D1-A791-4CF8-BBD4-A662C89D843A}.AppStore|iPhone.Deploy.0 = Release|x86
		{A4E3B1D1-A791-4CF8-BBD4-A662C89D843A}.AppStore|iPhoneSimulator.ActiveCfg = Release|x86
		{A4E3B1D1-A791-4CF8-BBD4-A662C89D843A}.AppStore|iPhoneSimulator.Build.0 = Release|x86
		{A4E3B1D1-A791-4CF8-BBD4-A662C89D843A}.AppStore|iPhoneSimulator.Deploy.0 = Release|x86
		{A4E3B1D1-A791-4CF8-BBD4-A662C89D843A}.AppStore|x64.ActiveCfg = Release|x64
		{A4E3B1D1-A791-4CF8-BBD4-A662C89D843A}.AppStore|x64.Build.0 = Release|x64
		{A4E3B1D1-A791-4CF8-BBD4-A662C89D843A}.AppStore|x64.Deploy.0 = Release|x64
		{A4E3B1D1-A791-4CF8-BBD4-A662C89D843A}.AppStore|x86.ActiveCfg = Release|x86
		{A4E3B1D1-A791-4CF8-BBD4-A662C89D843A}.AppStore|x86.Build.0 = Release|x86
		{A4E3B1D1-A791-4CF8-BBD4-A662C89D843A}.AppStore|x86.Deploy.0 = Release|x86
		{A4E3B1D1-A791-4CF8-BBD4-A662C89D843A}.Debug|Any CPU.ActiveCfg = Debug|x86
		{A4E3B1D1-A791-4CF8-BBD4-A662C89D843A}.Debug|Any CPU.Build.0 = Debug|x86
		{A4E3B1D1-A791-4CF8-BBD4-A662C89D843A}.Debug|Any CPU.Deploy.0 = Debug|x86
		{A4E3B1D1-A791-4CF8-BBD4-A662C89D843A}.Debug|ARM.ActiveCfg = Debug|ARM
		{A4E3B1D1-A791-4CF8-BBD4-A662C89D843A}.Debug|ARM.Build.0 = Debug|ARM
		{A4E3B1D1-A791-4CF8-BBD4-A662C89D843A}.Debug|ARM.Deploy.0 = Debug|ARM
		{A4E3B1D1-A791-4CF8-BBD4-A662C89D843A}.Debug|iPhone.ActiveCfg = Debug|x86
		{A4E3B1D1-A791-4CF8-BBD4-A662C89D843A}.Debug|iPhone.Build.0 = Debug|x86
		{A4E3B1D1-A791-4CF8-BBD4-A662C89D843A}.Debug|iPhone.Deploy.0 = Debug|x86
		{A4E3B1D1-A791-4CF8-BBD4-A662C89D843A}.Debug|iPhoneSimulator.ActiveCfg = Debug|x86
		{A4E3B1D1-A791-4CF8-BBD4-A662C89D843A}.Debug|iPhoneSimulator.Build.0 = Debug|x86
		{A4E3B1D1-A791-4CF8-BBD4-A662C89D843A}.Debug|iPhoneSimulator.Deploy.0 = Debug|x86
		{A4E3B1D1-A791-4CF8-BBD4-A662C89D843A}.Debug|x64.ActiveCfg = Debug|x64
		{A4E3B1D1-A791-4CF8-BBD4-A662C89D843A}.Debug|x64.Build.0 = Debug|x64
		{A4E3B1D1-A791-4CF8-BBD4-A662C89D843A}.Debug|x64.Deploy.0 = Debug|x64
		{A4E3B1D1-A791-4CF8-BBD4-A662C89D843A}.Debug|x86.ActiveCfg = Debug|x86
		{A4E3B1D1-A791-4CF8-BBD4-A662C89D843A}.Debug|x86.Build.0 = Debug|x86
		{A4E3B1D1-A791-4CF8-BBD4-A662C89D843A}.Debug|x86.Deploy.0 = Debug|x86
		{A4E3B1D1-A791-4CF8-BBD4-A662C89D843A}.Release|Any CPU.ActiveCfg = Release|x86
		{A4E3B1D1-A791-4CF8-BBD4-A662C89D843A}.Release|Any CPU.Build.0 = Release|x86
		{A4E3B1D1-A791-4CF8-BBD4-A662C89D843A}.Release|Any CPU.Deploy.0 = Release|x86
		{A4E3B1D1-A791-4CF8-BBD4-A662C89D843A}.Release|ARM.ActiveCfg = Release|ARM
		{A4E3B1D1-A791-4CF8-BBD4-A662C89D843A}.Release|ARM.Build.0 = Release|ARM
		{A4E3B1D1-A791-4CF8-BBD4-A662C89D843A}.Release|ARM.Deploy.0 = Release|ARM
		{A4E3B1D1-A791-4CF8-BBD4-A662C89D843A}.Release|iPhone.ActiveCfg = Release|x86
		{A4E3B1D1-A791-4CF8-BBD4-A662C89D843A}.Release|iPhone.Build.0 = Release|x86
		{A4E3B1D1-A791-4CF8-BBD4-A662C89D843A}.Release|iPhone.Deploy.0 = Release|x86
		{A4E3B1D1-A791-4CF8-BBD4-A662C89D843A}.Release|iPhoneSimulator.ActiveCfg = Release|x86
		{A4E3B1D1-A791-4CF8-BBD4-A662C89D843A}.Release|iPhoneSimulator.Build.0 = Release|x86
		{A4E3B1D1-A791-4CF8-BBD4-A662C89D843A}.Release|iPhoneSimulator.Deploy.0 = Release|x86
		{A4E3B1D1-A791-4CF8-BBD4-A662C89D843A}.Release|x64.ActiveCfg = Release|x64
		{A4E3B1D1-A791-4CF8-BBD4-A662C89D843A}.Release|x64.Build.0 = Release|x64
		{A4E3B1D1-A791-4CF8-BBD4-A662C89D843A}.Release|x64.Deploy.0 = Release|x64
		{A4E3B1D1-A791-4CF8-BBD4-A662C89D843A}.Release|x86.ActiveCfg = Release|x86
		{A4E3B1D1-A791-4CF8-BBD4-A662C89D843A}.Release|x86.Build.0 = Release|x86
		{A4E3B1D1-A791-4CF8-BBD4-A662C89D843A}.Release|x86.Deploy.0 = Release|x86
		{1A93E040-1563-4F05-8EA2-D60754CB9A11}.Ad-Hoc|Any CPU.ActiveCfg = Debug|Any CPU
		{1A93E040-1563-4F05-8EA2-D60754CB9A11}.Ad-Hoc|Any CPU.Build.0 = Debug|Any CPU
		{1A93E040-1563-4F05-8EA2-D60754CB9A11}.Ad-Hoc|Any CPU.Deploy.0 = Debug|Any CPU
		{1A93E040-1563-4F05-8EA2-D60754CB9A11}.Ad-Hoc|ARM.ActiveCfg = Debug|Any CPU
		{1A93E040-1563-4F05-8EA2-D60754CB9A11}.Ad-Hoc|ARM.Build.0 = Debug|Any CPU
		{1A93E040-1563-4F05-8EA2-D60754CB9A11}.Ad-Hoc|ARM.Deploy.0 = Debug|Any CPU
		{1A93E040-1563-4F05-8EA2-D60754CB9A11}.Ad-Hoc|iPhone.ActiveCfg = Debug|Any CPU
		{1A93E040-1563-4F05-8EA2-D60754CB9A11}.Ad-Hoc|iPhone.Build.0 = Debug|Any CPU
		{1A93E040-1563-4F05-8EA2-D60754CB9A11}.Ad-Hoc|iPhone.Deploy.0 = Debug|Any CPU
		{1A93E040-1563-4F05-8EA2-D60754CB9A11}.Ad-Hoc|iPhoneSimulator.ActiveCfg = Debug|Any CPU
		{1A93E040-1563-4F05-8EA2-D60754CB9A11}.Ad-Hoc|iPhoneSimulator.Build.0 = Debug|Any CPU
		{1A93E040-1563-4F05-8EA2-D60754CB9A11}.Ad-Hoc|iPhoneSimulator.Deploy.0 = Debug|Any CPU
		{1A93E040-1563-4F05-8EA2-D60754CB9A11}.Ad-Hoc|x64.ActiveCfg = Debug|Any CPU
		{1A93E040-1563-4F05-8EA2-D60754CB9A11}.Ad-Hoc|x64.Build.0 = Debug|Any CPU
		{1A93E040-1563-4F05-8EA2-D60754CB9A11}.Ad-Hoc|x64.Deploy.0 = Debug|Any CPU
		{1A93E040-1563-4F05-8EA2-D60754CB9A11}.Ad-Hoc|x86.ActiveCfg = Debug|Any CPU
		{1A93E040-1563-4F05-8EA2-D60754CB9A11}.Ad-Hoc|x86.Build.0 = Debug|Any CPU
		{1A93E040-1563-4F05-8EA2-D60754CB9A11}.Ad-Hoc|x86.Deploy.0 = Debug|Any CPU
		{1A93E040-1563-4F05-8EA2-D60754CB9A11}.AppStore|Any CPU.ActiveCfg = Debug|Any CPU
		{1A93E040-1563-4F05-8EA2-D60754CB9A11}.AppStore|Any CPU.Build.0 = Debug|Any CPU
		{1A93E040-1563-4F05-8EA2-D60754CB9A11}.AppStore|Any CPU.Deploy.0 = Debug|Any CPU
		{1A93E040-1563-4F05-8EA2-D60754CB9A11}.AppStore|ARM.ActiveCfg = Debug|Any CPU
		{1A93E040-1563-4F05-8EA2-D60754CB9A11}.AppStore|ARM.Build.0 = Debug|Any CPU
		{1A93E040-1563-4F05-8EA2-D60754CB9A11}.AppStore|ARM.Deploy.0 = Debug|Any CPU
		{1A93E040-1563-4F05-8EA2-D60754CB9A11}.AppStore|iPhone.ActiveCfg = Debug|Any CPU
		{1A93E040-1563-4F05-8EA2-D60754CB9A11}.AppStore|iPhone.Build.0 = Debug|Any CPU
		{1A93E040-1563-4F05-8EA2-D60754CB9A11}.AppStore|iPhone.Deploy.0 = Debug|Any CPU
		{1A93E040-1563-4F05-8EA2-D60754CB9A11}.AppStore|iPhoneSimulator.ActiveCfg = Debug|Any CPU
		{1A93E040-1563-4F05-8EA2-D60754CB9A11}.AppStore|iPhoneSimulator.Build.0 = Debug|Any CPU
		{1A93E040-1563-4F05-8EA2-D60754CB9A11}.AppStore|iPhoneSimulator.Deploy.0 = Debug|Any CPU
		{1A93E040-1563-4F05-8EA2-D60754CB9A11}.AppStore|x64.ActiveCfg = Debug|Any CPU
		{1A93E040-1563-4F05-8EA2-D60754CB9A11}.AppStore|x64.Build.0 = Debug|Any CPU
		{1A93E040-1563-4F05-8EA2-D60754CB9A11}.AppStore|x64.Deploy.0 = Debug|Any CPU
		{1A93E040-1563-4F05-8EA2-D60754CB9A11}.AppStore|x86.ActiveCfg = Debug|Any CPU
		{1A93E040-1563-4F05-8EA2-D60754CB9A11}.AppStore|x86.Build.0 = Debug|Any CPU
		{1A93E040-1563-4F05-8EA2-D60754CB9A11}.AppStore|x86.Deploy.0 = Debug|Any CPU
		{1A93E040-1563-4F05-8EA2-D60754CB9A11}.Debug|Any CPU.ActiveCfg = Debug|Any CPU
		{1A93E040-1563-4F05-8EA2-D60754CB9A11}.Debug|Any CPU.Build.0 = Debug|Any CPU
		{1A93E040-1563-4F05-8EA2-D60754CB9A11}.Debug|Any CPU.Deploy.0 = Debug|Any CPU
		{1A93E040-1563-4F05-8EA2-D60754CB9A11}.Debug|ARM.ActiveCfg = Debug|Any CPU
		{1A93E040-1563-4F05-8EA2-D60754CB9A11}.Debug|ARM.Build.0 = Debug|Any CPU
		{1A93E040-1563-4F05-8EA2-D60754CB9A11}.Debug|ARM.Deploy.0 = Debug|Any CPU
		{1A93E040-1563-4F05-8EA2-D60754CB9A11}.Debug|iPhone.ActiveCfg = Debug|Any CPU
		{1A93E040-1563-4F05-8EA2-D60754CB9A11}.Debug|iPhone.Build.0 = Debug|Any CPU
		{1A93E040-1563-4F05-8EA2-D60754CB9A11}.Debug|iPhone.Deploy.0 = Debug|Any CPU
		{1A93E040-1563-4F05-8EA2-D60754CB9A11}.Debug|iPhoneSimulator.ActiveCfg = Debug|Any CPU
		{1A93E040-1563-4F05-8EA2-D60754CB9A11}.Debug|iPhoneSimulator.Build.0 = Debug|Any CPU
		{1A93E040-1563-4F05-8EA2-D60754CB9A11}.Debug|iPhoneSimulator.Deploy.0 = Debug|Any CPU
		{1A93E040-1563-4F05-8EA2-D60754CB9A11}.Debug|x64.ActiveCfg = Debug|Any CPU
		{1A93E040-1563-4F05-8EA2-D60754CB9A11}.Debug|x64.Build.0 = Debug|Any CPU
		{1A93E040-1563-4F05-8EA2-D60754CB9A11}.Debug|x64.Deploy.0 = Debug|Any CPU
		{1A93E040-1563-4F05-8EA2-D60754CB9A11}.Debug|x86.ActiveCfg = Debug|Any CPU
		{1A93E040-1563-4F05-8EA2-D60754CB9A11}.Debug|x86.Build.0 = Debug|Any CPU
		{1A93E040-1563-4F05-8EA2-D60754CB9A11}.Debug|x86.Deploy.0 = Debug|Any CPU
		{1A93E040-1563-4F05-8EA2-D60754CB9A11}.Release|Any CPU.ActiveCfg = Release|Any CPU
		{1A93E040-1563-4F05-8EA2-D60754CB9A11}.Release|Any CPU.Build.0 = Release|Any CPU
		{1A93E040-1563-4F05-8EA2-D60754CB9A11}.Release|Any CPU.Deploy.0 = Release|Any CPU
		{1A93E040-1563-4F05-8EA2-D60754CB9A11}.Release|ARM.ActiveCfg = Release|Any CPU
		{1A93E040-1563-4F05-8EA2-D60754CB9A11}.Release|ARM.Build.0 = Release|Any CPU
		{1A93E040-1563-4F05-8EA2-D60754CB9A11}.Release|ARM.Deploy.0 = Release|Any CPU
		{1A93E040-1563-4F05-8EA2-D60754CB9A11}.Release|iPhone.ActiveCfg = Release|Any CPU
		{1A93E040-1563-4F05-8EA2-D60754CB9A11}.Release|iPhone.Build.0 = Release|Any CPU
		{1A93E040-1563-4F05-8EA2-D60754CB9A11}.Release|iPhone.Deploy.0 = Release|Any CPU
		{1A93E040-1563-4F05-8EA2-D60754CB9A11}.Release|iPhoneSimulator.ActiveCfg = Release|Any CPU
		{1A93E040-1563-4F05-8EA2-D60754CB9A11}.Release|iPhoneSimulator.Build.0 = Release|Any CPU
		{1A93E040-1563-4F05-8EA2-D60754CB9A11}.Release|iPhoneSimulator.Deploy.0 = Release|Any CPU
		{1A93E040-1563-4F05-8EA2-D60754CB9A11}.Release|x64.ActiveCfg = Release|Any CPU
		{1A93E040-1563-4F05-8EA2-D60754CB9A11}.Release|x64.Build.0 = Release|Any CPU
		{1A93E040-1563-4F05-8EA2-D60754CB9A11}.Release|x64.Deploy.0 = Release|Any CPU
		{1A93E040-1563-4F05-8EA2-D60754CB9A11}.Release|x86.ActiveCfg = Release|Any CPU
		{1A93E040-1563-4F05-8EA2-D60754CB9A11}.Release|x86.Build.0 = Release|Any CPU
		{1A93E040-1563-4F05-8EA2-D60754CB9A11}.Release|x86.Deploy.0 = Release|Any CPU
	EndGlobalSection
	GlobalSection(SolutionProperties) = preSolution
		HideSolutionNode = FALSE
	EndGlobalSection
	GlobalSection(ExtensibilityGlobals) = postSolution
		SolutionGuid = {DDF3033B-1808-4E38-A095-8A1574E91D06}
	EndGlobalSection
EndGlobal
