
Microsoft Visual Studio Solution File, Format Version 12.00
# Visual Studio 15
VisualStudioVersion = 15.0.28307.539
MinimumVisualStudioVersion = 10.0.40219.1
Project("{FAE04EC0-301F-11D3-BF4B-00C04F79EFBC}") = "DemoStyle.Android", "DemoStyle\DemoStyle.Android\DemoStyle.Android.csproj", "{F7E2FD96-5B18-44D2-A113-E663C8505FD3}"
EndProject
Project("{FAE04EC0-301F-11D3-BF4B-00C04F79EFBC}") = "DemoStyle.iOS", "DemoStyle\DemoStyle.iOS\DemoStyle.iOS.csproj", "{C60AC127-8F60-418E-BD25-9D3140BBDA17}"
EndProject
Project("{FAE04EC0-301F-11D3-BF4B-00C04F79EFBC}") = "DemoStyle.UWP", "DemoStyle\DemoStyle.UWP\DemoStyle.UWP.csproj", "{3CC5872E-F7EF-4334-BED2-F427590EB606}"
EndProject
Project("{FAE04EC0-301F-11D3-BF4B-00C04F79EFBC}") = "DemoStyle", "DemoStyle\DemoStyle\DemoStyle.csproj", "{5AE182B3-709A-47F7-923D-4CEFDE05BFFD}"
EndProject
Global
	GlobalSection(SolutionConfigurationPlatforms) = preSolution
		Ad-Hoc|Any CPU = Ad-Hoc|Any CPU
		Ad-Hoc|ARM = Ad-Hoc|ARM
		Ad-Hoc|iPhone = Ad-Hoc|iPhone
		Ad-Hoc|iPhoneSimulator = Ad-Hoc|iPhoneSimulator
		Ad-Hoc|x64 = Ad-Hoc|x64
		Ad-Hoc|x86 = Ad-Hoc|x86
		AppStore|Any CPU = AppStore|Any CPU
		AppStore|ARM = AppStore|ARM
		AppStore|iPhone = AppStore|iPhone
		AppStore|iPhoneSimulator = AppStore|iPhoneSimulator
		AppStore|x64 = AppStore|x64
		AppStore|x86 = AppStore|x86
		Debug|Any CPU = Debug|Any CPU
		Debug|ARM = Debug|ARM
		Debug|iPhone = Debug|iPhone
		Debug|iPhoneSimulator = Debug|iPhoneSimulator
		Debug|x64 = Debug|x64
		Debug|x86 = Debug|x86
		Release|Any CPU = Release|Any CPU
		Release|ARM = Release|ARM
		Release|iPhone = Release|iPhone
		Release|iPhoneSimulator = Release|iPhoneSimulator
		Release|x64 = Release|x64
		Release|x86 = Release|x86
	EndGlobalSection
	GlobalSection(ProjectConfigurationPlatforms) = postSolution
		{F7E2FD96-5B18-44D2-A113-E663C8505FD3}.Ad-Hoc|Any CPU.ActiveCfg = Release|Any CPU
		{F7E2FD96-5B18-44D2-A113-E663C8505FD3}.Ad-Hoc|Any CPU.Build.0 = Release|Any CPU
		{F7E2FD96-5B18-44D2-A113-E663C8505FD3}.Ad-Hoc|Any CPU.Deploy.0 = Release|Any CPU
		{F7E2FD96-5B18-44D2-A113-E663C8505FD3}.Ad-Hoc|ARM.ActiveCfg = Release|Any CPU
		{F7E2FD96-5B18-44D2-A113-E663C8505FD3}.Ad-Hoc|ARM.Build.0 = Release|Any CPU
		{F7E2FD96-5B18-44D2-A113-E663C8505FD3}.Ad-Hoc|ARM.Deploy.0 = Release|Any CPU
		{F7E2FD96-5B18-44D2-A113-E663C8505FD3}.Ad-Hoc|iPhone.ActiveCfg = Release|Any CPU
		{F7E2FD96-5B18-44D2-A113-E663C8505FD3}.Ad-Hoc|iPhone.Build.0 = Release|Any CPU
		{F7E2FD96-5B18-44D2-A113-E663C8505FD3}.Ad-Hoc|iPhone.Deploy.0 = Release|Any CPU
		{F7E2FD96-5B18-44D2-A113-E663C8505FD3}.Ad-Hoc|iPhoneSimulator.ActiveCfg = Release|Any CPU
		{F7E2FD96-5B18-44D2-A113-E663C8505FD3}.Ad-Hoc|iPhoneSimulator.Build.0 = Release|Any CPU
		{F7E2FD96-5B18-44D2-A113-E663C8505FD3}.Ad-Hoc|iPhoneSimulator.Deploy.0 = Release|Any CPU
		{F7E2FD96-5B18-44D2-A113-E663C8505FD3}.Ad-Hoc|x64.ActiveCfg = Release|Any CPU
		{F7E2FD96-5B18-44D2-A113-E663C8505FD3}.Ad-Hoc|x64.Build.0 = Release|Any CPU
		{F7E2FD96-5B18-44D2-A113-E663C8505FD3}.Ad-Hoc|x64.Deploy.0 = Release|Any CPU
		{F7E2FD96-5B18-44D2-A113-E663C8505FD3}.Ad-Hoc|x86.ActiveCfg = Release|Any CPU
		{F7E2FD96-5B18-44D2-A113-E663C8505FD3}.Ad-Hoc|x86.Build.0 = Release|Any CPU
		{F7E2FD96-5B18-44D2-A113-E663C8505FD3}.Ad-Hoc|x86.Deploy.0 = Release|Any CPU
		{F7E2FD96-5B18-44D2-A113-E663C8505FD3}.AppStore|Any CPU.ActiveCfg = Release|Any CPU
		{F7E2FD96-5B18-44D2-A113-E663C8505FD3}.AppStore|Any CPU.Build.0 = Release|Any CPU
		{F7E2FD96-5B18-44D2-A113-E663C8505FD3}.AppStore|Any CPU.Deploy.0 = Release|Any CPU
		{F7E2FD96-5B18-44D2-A113-E663C8505FD3}.AppStore|ARM.ActiveCfg = Release|Any CPU
		{F7E2FD96-5B18-44D2-A113-E663C8505FD3}.AppStore|ARM.Build.0 = Release|Any CPU
		{F7E2FD96-5B18-44D2-A113-E663C8505FD3}.AppStore|ARM.Deploy.0 = Release|Any CPU
		{F7E2FD96-5B18-44D2-A113-E663C8505FD3}.AppStore|iPhone.ActiveCfg = Release|Any CPU
		{F7E2FD96-5B18-44D2-A113-E663C8505FD3}.AppStore|iPhone.Build.0 = Release|Any CPU
		{F7E2FD96-5B18-44D2-A113-E663C8505FD3}.AppStore|iPhone.Deploy.0 = Release|Any CPU
		{F7E2FD96-5B18-44D2-A113-E663C8505FD3}.AppStore|iPhoneSimulator.ActiveCfg = Release|Any CPU
		{F7E2FD96-5B18-44D2-A113-E663C8505FD3}.AppStore|iPhoneSimulator.Build.0 = Release|Any CPU
		{F7E2FD96-5B18-44D2-A113-E663C8505FD3}.AppStore|iPhoneSimulator.Deploy.0 = Release|Any CPU
		{F7E2FD96-5B18-44D2-A113-E663C8505FD3}.AppStore|x64.ActiveCfg = Release|Any CPU
		{F7E2FD96-5B18-44D2-A113-E663C8505FD3}.AppStore|x64.Build.0 = Release|Any CPU
		{F7E2FD96-5B18-44D2-A113-E663C8505FD3}.AppStore|x64.Deploy.0 = Release|Any CPU
		{F7E2FD96-5B18-44D2-A113-E663C8505FD3}.AppStore|x86.ActiveCfg = Release|Any CPU
		{F7E2FD96-5B18-44D2-A113-E663C8505FD3}.AppStore|x86.Build.0 = Release|Any CPU
		{F7E2FD96-5B18-44D2-A113-E663C8505FD3}.AppStore|x86.Deploy.0 = Release|Any CPU
		{F7E2FD96-5B18-44D2-A113-E663C8505FD3}.Debug|Any CPU.ActiveCfg = Debug|Any CPU
		{F7E2FD96-5B18-44D2-A113-E663C8505FD3}.Debug|Any CPU.Build.0 = Debug|Any CPU
		{F7E2FD96-5B18-44D2-A113-E663C8505FD3}.Debug|Any CPU.Deploy.0 = Debug|Any CPU
		{F7E2FD96-5B18-44D2-A113-E663C8505FD3}.Debug|ARM.ActiveCfg = Debug|Any CPU
		{F7E2FD96-5B18-44D2-A113-E663C8505FD3}.Debug|ARM.Build.0 = Debug|Any CPU
		{F7E2FD96-5B18-44D2-A113-E663C8505FD3}.Debug|ARM.Deploy.0 = Debug|Any CPU
		{F7E2FD96-5B18-44D2-A113-E663C8505FD3}.Debug|iPhone.ActiveCfg = Debug|Any CPU
		{F7E2FD96-5B18-44D2-A113-E663C8505FD3}.Debug|iPhone.Build.0 = Debug|Any CPU
		{F7E2FD96-5B18-44D2-A113-E663C8505FD3}.Debug|iPhone.Deploy.0 = Debug|Any CPU
		{F7E2FD96-5B18-44D2-A113-E663C8505FD3}.Debug|iPhoneSimulator.ActiveCfg = Debug|Any CPU
		{F7E2FD96-5B18-44D2-A113-E663C8505FD3}.Debug|iPhoneSimulator.Build.0 = Debug|Any CPU
		{F7E2FD96-5B18-44D2-A113-E663C8505FD3}.Debug|iPhoneSimulator.Deploy.0 = Debug|Any CPU
		{F7E2FD96-5B18-44D2-A113-E663C8505FD3}.Debug|x64.ActiveCfg = Debug|Any CPU
		{F7E2FD96-5B18-44D2-A113-E663C8505FD3}.Debug|x64.Build.0 = Debug|Any CPU
		{F7E2FD96-5B18-44D2-A113-E663C8505FD3}.Debug|x64.Deploy.0 = Debug|Any CPU
		{F7E2FD96-5B18-44D2-A113-E663C8505FD3}.Debug|x86.ActiveCfg = Debug|Any CPU
		{F7E2FD96-5B18-44D2-A113-E663C8505FD3}.Debug|x86.Build.0 = Debug|Any CPU
		{F7E2FD96-5B18-44D2-A113-E663C8505FD3}.Debug|x86.Deploy.0 = Debug|Any CPU
		{F7E2FD96-5B18-44D2-A113-E663C8505FD3}.Release|Any CPU.ActiveCfg = Release|Any CPU
		{F7E2FD96-5B18-44D2-A113-E663C8505FD3}.Release|Any CPU.Build.0 = Release|Any CPU
		{F7E2FD96-5B18-44D2-A113-E663C8505FD3}.Release|Any CPU.Deploy.0 = Release|Any CPU
		{F7E2FD96-5B18-44D2-A113-E663C8505FD3}.Release|ARM.ActiveCfg = Release|Any CPU
		{F7E2FD96-5B18-44D2-A113-E663C8505FD3}.Release|ARM.Build.0 = Release|Any CPU
		{F7E2FD96-5B18-44D2-A113-E663C8505FD3}.Release|ARM.Deploy.0 = Release|Any CPU
		{F7E2FD96-5B18-44D2-A113-E663C8505FD3}.Release|iPhone.ActiveCfg = Release|Any CPU
		{F7E2FD96-5B18-44D2-A113-E663C8505FD3}.Release|iPhone.Build.0 = Release|Any CPU
		{F7E2FD96-5B18-44D2-A113-E663C8505FD3}.Release|iPhone.Deploy.0 = Release|Any CPU
		{F7E2FD96-5B18-44D2-A113-E663C8505FD3}.Release|iPhoneSimulator.ActiveCfg = Release|Any CPU
		{F7E2FD96-5B18-44D2-A113-E663C8505FD3}.Release|iPhoneSimulator.Build.0 = Release|Any CPU
		{F7E2FD96-5B18-44D2-A113-E663C8505FD3}.Release|iPhoneSimulator.Deploy.0 = Release|Any CPU
		{F7E2FD96-5B18-44D2-A113-E663C8505FD3}.Release|x64.ActiveCfg = Release|Any CPU
		{F7E2FD96-5B18-44D2-A113-E663C8505FD3}.Release|x64.Build.0 = Release|Any CPU
		{F7E2FD96-5B18-44D2-A113-E663C8505FD3}.Release|x64.Deploy.0 = Release|Any CPU
		{F7E2FD96-5B18-44D2-A113-E663C8505FD3}.Release|x86.ActiveCfg = Release|Any CPU
		{F7E2FD96-5B18-44D2-A113-E663C8505FD3}.Release|x86.Build.0 = Release|Any CPU
		{F7E2FD96-5B18-44D2-A113-E663C8505FD3}.Release|x86.Deploy.0 = Release|Any CPU
		{C60AC127-8F60-418E-BD25-9D3140BBDA17}.Ad-Hoc|Any CPU.ActiveCfg = Ad-Hoc|iPhone
		{C60AC127-8F60-418E-BD25-9D3140BBDA17}.Ad-Hoc|Any CPU.Build.0 = Ad-Hoc|iPhone
		{C60AC127-8F60-418E-BD25-9D3140BBDA17}.Ad-Hoc|Any CPU.Deploy.0 = Ad-Hoc|iPhone
		{C60AC127-8F60-418E-BD25-9D3140BBDA17}.Ad-Hoc|ARM.ActiveCfg = Ad-Hoc|iPhone
		{C60AC127-8F60-418E-BD25-9D3140BBDA17}.Ad-Hoc|ARM.Build.0 = Ad-Hoc|iPhone
		{C60AC127-8F60-418E-BD25-9D3140BBDA17}.Ad-Hoc|ARM.Deploy.0 = Ad-Hoc|iPhone
		{C60AC127-8F60-418E-BD25-9D3140BBDA17}.Ad-Hoc|iPhone.ActiveCfg = Ad-Hoc|iPhone
		{C60AC127-8F60-418E-BD25-9D3140BBDA17}.Ad-Hoc|iPhone.Build.0 = Ad-Hoc|iPhone
		{C60AC127-8F60-418E-BD25-9D3140BBDA17}.Ad-Hoc|iPhone.Deploy.0 = Ad-Hoc|iPhone
		{C60AC127-8F60-418E-BD25-9D3140BBDA17}.Ad-Hoc|iPhoneSimulator.ActiveCfg = Ad-Hoc|iPhoneSimulator
		{C60AC127-8F60-418E-BD25-9D3140BBDA17}.Ad-Hoc|iPhoneSimulator.Build.0 = Ad-Hoc|iPhoneSimulator
		{C60AC127-8F60-418E-BD25-9D3140BBDA17}.Ad-Hoc|iPhoneSimulator.Deploy.0 = Ad-Hoc|iPhoneSimulator
		{C60AC127-8F60-418E-BD25-9D3140BBDA17}.Ad-Hoc|x64.ActiveCfg = Ad-Hoc|iPhone
		{C60AC127-8F60-418E-BD25-9D3140BBDA17}.Ad-Hoc|x64.Build.0 = Ad-Hoc|iPhone
		{C60AC127-8F60-418E-BD25-9D3140BBDA17}.Ad-Hoc|x64.Deploy.0 = Ad-Hoc|iPhone
		{C60AC127-8F60-418E-BD25-9D3140BBDA17}.Ad-Hoc|x86.ActiveCfg = Ad-Hoc|iPhone
		{C60AC127-8F60-418E-BD25-9D3140BBDA17}.Ad-Hoc|x86.Build.0 = Ad-Hoc|iPhone
		{C60AC127-8F60-418E-BD25-9D3140BBDA17}.Ad-Hoc|x86.Deploy.0 = Ad-Hoc|iPhone
		{C60AC127-8F60-418E-BD25-9D3140BBDA17}.AppStore|Any CPU.ActiveCfg = AppStore|iPhone
		{C60AC127-8F60-418E-BD25-9D3140BBDA17}.AppStore|Any CPU.Build.0 = AppStore|iPhone
		{C60AC127-8F60-418E-BD25-9D3140BBDA17}.AppStore|Any CPU.Deploy.0 = AppStore|iPhone
		{C60AC127-8F60-418E-BD25-9D3140BBDA17}.AppStore|ARM.ActiveCfg = AppStore|iPhone
		{C60AC127-8F60-418E-BD25-9D3140BBDA17}.AppStore|ARM.Build.0 = AppStore|iPhone
		{C60AC127-8F60-418E-BD25-9D3140BBDA17}.AppStore|ARM.Deploy.0 = AppStore|iPhone
		{C60AC127-8F60-418E-BD25-9D3140BBDA17}.AppStore|iPhone.ActiveCfg = AppStore|iPhone
		{C60AC127-8F60-418E-BD25-9D3140BBDA17}.AppStore|iPhone.Build.0 = AppStore|iPhone
		{C60AC127-8F60-418E-BD25-9D3140BBDA17}.AppStore|iPhone.Deploy.0 = AppStore|iPhone
		{C60AC127-8F60-418E-BD25-9D3140BBDA17}.AppStore|iPhoneSimulator.ActiveCfg = AppStore|iPhoneSimulator
		{C60AC127-8F60-418E-BD25-9D3140BBDA17}.AppStore|iPhoneSimulator.Build.0 = AppStore|iPhoneSimulator
		{C60AC127-8F60-418E-BD25-9D3140BBDA17}.AppStore|iPhoneSimulator.Deploy.0 = AppStore|iPhoneSimulator
		{C60AC127-8F60-418E-BD25-9D3140BBDA17}.AppStore|x64.ActiveCfg = AppStore|iPhone
		{C60AC127-8F60-418E-BD25-9D3140BBDA17}.AppStore|x64.Build.0 = AppStore|iPhone
		{C60AC127-8F60-418E-BD25-9D3140BBDA17}.AppStore|x64.Deploy.0 = AppStore|iPhone
		{C60AC127-8F60-418E-BD25-9D3140BBDA17}.AppStore|x86.ActiveCfg = AppStore|iPhone
		{C60AC127-8F60-418E-BD25-9D3140BBDA17}.AppStore|x86.Build.0 = AppStore|iPhone
		{C60AC127-8F60-418E-BD25-9D3140BBDA17}.AppStore|x86.Deploy.0 = AppStore|iPhone
		{C60AC127-8F60-418E-BD25-9D3140BBDA17}.Debug|Any CPU.ActiveCfg = Debug|iPhoneSimulator
		{C60AC127-8F60-418E-BD25-9D3140BBDA17}.Debug|Any CPU.Build.0 = Debug|iPhoneSimulator
		{C60AC127-8F60-418E-BD25-9D3140BBDA17}.Debug|Any CPU.Deploy.0 = Debug|iPhoneSimulator
		{C60AC127-8F60-418E-BD25-9D3140BBDA17}.Debug|ARM.ActiveCfg = Debug|iPhone
		{C60AC127-8F60-418E-BD25-9D3140BBDA17}.Debug|ARM.Build.0 = Debug|iPhone
		{C60AC127-8F60-418E-BD25-9D3140BBDA17}.Debug|ARM.Deploy.0 = Debug|iPhone
		{C60AC127-8F60-418E-BD25-9D3140BBDA17}.Debug|iPhone.ActiveCfg = Debug|iPhone
		{C60AC127-8F60-418E-BD25-9D3140BBDA17}.Debug|iPhone.Build.0 = Debug|iPhone
		{C60AC127-8F60-418E-BD25-9D3140BBDA17}.Debug|iPhone.Deploy.0 = Debug|iPhone
		{C60AC127-8F60-418E-BD25-9D3140BBDA17}.Debug|iPhoneSimulator.ActiveCfg = Debug|iPhoneSimulator
		{C60AC127-8F60-418E-BD25-9D3140BBDA17}.Debug|iPhoneSimulator.Build.0 = Debug|iPhoneSimulator
		{C60AC127-8F60-418E-BD25-9D3140BBDA17}.Debug|iPhoneSimulator.Deploy.0 = Debug|iPhoneSimulator
		{C60AC127-8F60-418E-BD25-9D3140BBDA17}.Debug|x64.ActiveCfg = Debug|iPhone
		{C60AC127-8F60-418E-BD25-9D3140BBDA17}.Debug|x64.Build.0 = Debug|iPhone
		{C60AC127-8F60-418E-BD25-9D3140BBDA17}.Debug|x64.Deploy.0 = Debug|iPhone
		{C60AC127-8F60-418E-BD25-9D3140BBDA17}.Debug|x86.ActiveCfg = Debug|iPhone
		{C60AC127-8F60-418E-BD25-9D3140BBDA17}.Debug|x86.Build.0 = Debug|iPhone
		{C60AC127-8F60-418E-BD25-9D3140BBDA17}.Debug|x86.Deploy.0 = Debug|iPhone
		{C60AC127-8F60-418E-BD25-9D3140BBDA17}.Release|Any CPU.ActiveCfg = Release|iPhone
		{C60AC127-8F60-418E-BD25-9D3140BBDA17}.Release|Any CPU.Build.0 = Release|iPhone
		{C60AC127-8F60-418E-BD25-9D3140BBDA17}.Release|Any CPU.Deploy.0 = Release|iPhone
		{C60AC127-8F60-418E-BD25-9D3140BBDA17}.Release|ARM.ActiveCfg = Release|iPhone
		{C60AC127-8F60-418E-BD25-9D3140BBDA17}.Release|ARM.Build.0 = Release|iPhone
		{C60AC127-8F60-418E-BD25-9D3140BBDA17}.Release|ARM.Deploy.0 = Release|iPhone
		{C60AC127-8F60-418E-BD25-9D3140BBDA17}.Release|iPhone.ActiveCfg = Release|iPhone
		{C60AC127-8F60-418E-BD25-9D3140BBDA17}.Release|iPhone.Build.0 = Release|iPhone
		{C60AC127-8F60-418E-BD25-9D3140BBDA17}.Release|iPhone.Deploy.0 = Release|iPhone
		{C60AC127-8F60-418E-BD25-9D3140BBDA17}.Release|iPhoneSimulator.ActiveCfg = Release|iPhoneSimulator
		{C60AC127-8F60-418E-BD25-9D3140BBDA17}.Release|iPhoneSimulator.Build.0 = Release|iPhoneSimulator
		{C60AC127-8F60-418E-BD25-9D3140BBDA17}.Release|iPhoneSimulator.Deploy.0 = Release|iPhoneSimulator
		{C60AC127-8F60-418E-BD25-9D3140BBDA17}.Release|x64.ActiveCfg = Release|iPhone
		{C60AC127-8F60-418E-BD25-9D3140BBDA17}.Release|x64.Build.0 = Release|iPhone
		{C60AC127-8F60-418E-BD25-9D3140BBDA17}.Release|x64.Deploy.0 = Release|iPhone
		{C60AC127-8F60-418E-BD25-9D3140BBDA17}.Release|x86.ActiveCfg = Release|iPhone
		{C60AC127-8F60-418E-BD25-9D3140BBDA17}.Release|x86.Build.0 = Release|iPhone
		{C60AC127-8F60-418E-BD25-9D3140BBDA17}.Release|x86.Deploy.0 = Release|iPhone
		{3CC5872E-F7EF-4334-BED2-F427590EB606}.Ad-Hoc|Any CPU.ActiveCfg = Release|x86
		{3CC5872E-F7EF-4334-BED2-F427590EB606}.Ad-Hoc|Any CPU.Build.0 = Release|x86
		{3CC5872E-F7EF-4334-BED2-F427590EB606}.Ad-Hoc|Any CPU.Deploy.0 = Release|x86
		{3CC5872E-F7EF-4334-BED2-F427590EB606}.Ad-Hoc|ARM.ActiveCfg = Release|ARM
		{3CC5872E-F7EF-4334-BED2-F427590EB606}.Ad-Hoc|ARM.Build.0 = Release|ARM
		{3CC5872E-F7EF-4334-BED2-F427590EB606}.Ad-Hoc|ARM.Deploy.0 = Release|ARM
		{3CC5872E-F7EF-4334-BED2-F427590EB606}.Ad-Hoc|iPhone.ActiveCfg = Release|x86
		{3CC5872E-F7EF-4334-BED2-F427590EB606}.Ad-Hoc|iPhone.Build.0 = Release|x86
		{3CC5872E-F7EF-4334-BED2-F427590EB606}.Ad-Hoc|iPhone.Deploy.0 = Release|x86
		{3CC5872E-F7EF-4334-BED2-F427590EB606}.Ad-Hoc|iPhoneSimulator.ActiveCfg = Release|x86
		{3CC5872E-F7EF-4334-BED2-F427590EB606}.Ad-Hoc|iPhoneSimulator.Build.0 = Release|x86
		{3CC5872E-F7EF-4334-BED2-F427590EB606}.Ad-Hoc|iPhoneSimulator.Deploy.0 = Release|x86
		{3CC5872E-F7EF-4334-BED2-F427590EB606}.Ad-Hoc|x64.ActiveCfg = Release|x64
		{3CC5872E-F7EF-4334-BED2-F427590EB606}.Ad-Hoc|x64.Build.0 = Release|x64
		{3CC5872E-F7EF-4334-BED2-F427590EB606}.Ad-Hoc|x64.Deploy.0 = Release|x64
		{3CC5872E-F7EF-4334-BED2-F427590EB606}.Ad-Hoc|x86.ActiveCfg = Release|x86
		{3CC5872E-F7EF-4334-BED2-F427590EB606}.Ad-Hoc|x86.Build.0 = Release|x86
		{3CC5872E-F7EF-4334-BED2-F427590EB606}.Ad-Hoc|x86.Deploy.0 = Release|x86
		{3CC5872E-F7EF-4334-BED2-F427590EB606}.AppStore|Any CPU.ActiveCfg = Release|x86
		{3CC5872E-F7EF-4334-BED2-F427590EB606}.AppStore|Any CPU.Build.0 = Release|x86
		{3CC5872E-F7EF-4334-BED2-F427590EB606}.AppStore|Any CPU.Deploy.0 = Release|x86
		{3CC5872E-F7EF-4334-BED2-F427590EB606}.AppStore|ARM.ActiveCfg = Release|ARM
		{3CC5872E-F7EF-4334-BED2-F427590EB606}.AppStore|ARM.Build.0 = Release|ARM
		{3CC5872E-F7EF-4334-BED2-F427590EB606}.AppStore|ARM.Deploy.0 = Release|ARM
		{3CC5872E-F7EF-4334-BED2-F427590EB606}.AppStore|iPhone.ActiveCfg = Release|x86
		{3CC5872E-F7EF-4334-BED2-F427590EB606}.AppStore|iPhone.Build.0 = Release|x86
		{3CC5872E-F7EF-4334-BED2-F427590EB606}.AppStore|iPhone.Deploy.0 = Release|x86
		{3CC5872E-F7EF-4334-BED2-F427590EB606}.AppStore|iPhoneSimulator.ActiveCfg = Release|x86
		{3CC5872E-F7EF-4334-BED2-F427590EB606}.AppStore|iPhoneSimulator.Build.0 = Release|x86
		{3CC5872E-F7EF-4334-BED2-F427590EB606}.AppStore|iPhoneSimulator.Deploy.0 = Release|x86
		{3CC5872E-F7EF-4334-BED2-F427590EB606}.AppStore|x64.ActiveCfg = Release|x64
		{3CC5872E-F7EF-4334-BED2-F427590EB606}.AppStore|x64.Build.0 = Release|x64
		{3CC5872E-F7EF-4334-BED2-F427590EB606}.AppStore|x64.Deploy.0 = Release|x64
		{3CC5872E-F7EF-4334-BED2-F427590EB606}.AppStore|x86.ActiveCfg = Release|x86
		{3CC5872E-F7EF-4334-BED2-F427590EB606}.AppStore|x86.Build.0 = Release|x86
		{3CC5872E-F7EF-4334-BED2-F427590EB606}.AppStore|x86.Deploy.0 = Release|x86
		{3CC5872E-F7EF-4334-BED2-F427590EB606}.Debug|Any CPU.ActiveCfg = Debug|x86
		{3CC5872E-F7EF-4334-BED2-F427590EB606}.Debug|Any CPU.Build.0 = Debug|x86
		{3CC5872E-F7EF-4334-BED2-F427590EB606}.Debug|Any CPU.Deploy.0 = Debug|x86
		{3CC5872E-F7EF-4334-BED2-F427590EB606}.Debug|ARM.ActiveCfg = Debug|ARM
		{3CC5872E-F7EF-4334-BED2-F427590EB606}.Debug|ARM.Build.0 = Debug|ARM
		{3CC5872E-F7EF-4334-BED2-F427590EB606}.Debug|ARM.Deploy.0 = Debug|ARM
		{3CC5872E-F7EF-4334-BED2-F427590EB606}.Debug|iPhone.ActiveCfg = Debug|x86
		{3CC5872E-F7EF-4334-BED2-F427590EB606}.Debug|iPhone.Build.0 = Debug|x86
		{3CC5872E-F7EF-4334-BED2-F427590EB606}.Debug|iPhone.Deploy.0 = Debug|x86
		{3CC5872E-F7EF-4334-BED2-F427590EB606}.Debug|iPhoneSimulator.ActiveCfg = Debug|x86
		{3CC5872E-F7EF-4334-BED2-F427590EB606}.Debug|iPhoneSimulator.Build.0 = Debug|x86
		{3CC5872E-F7EF-4334-BED2-F427590EB606}.Debug|iPhoneSimulator.Deploy.0 = Debug|x86
		{3CC5872E-F7EF-4334-BED2-F427590EB606}.Debug|x64.ActiveCfg = Debug|x64
		{3CC5872E-F7EF-4334-BED2-F427590EB606}.Debug|x64.Build.0 = Debug|x64
		{3CC5872E-F7EF-4334-BED2-F427590EB606}.Debug|x64.Deploy.0 = Debug|x64
		{3CC5872E-F7EF-4334-BED2-F427590EB606}.Debug|x86.ActiveCfg = Debug|x86
		{3CC5872E-F7EF-4334-BED2-F427590EB606}.Debug|x86.Build.0 = Debug|x86
		{3CC5872E-F7EF-4334-BED2-F427590EB606}.Debug|x86.Deploy.0 = Debug|x86
		{3CC5872E-F7EF-4334-BED2-F427590EB606}.Release|Any CPU.ActiveCfg = Release|x86
		{3CC5872E-F7EF-4334-BED2-F427590EB606}.Release|Any CPU.Build.0 = Release|x86
		{3CC5872E-F7EF-4334-BED2-F427590EB606}.Release|Any CPU.Deploy.0 = Release|x86
		{3CC5872E-F7EF-4334-BED2-F427590EB606}.Release|ARM.ActiveCfg = Release|ARM
		{3CC5872E-F7EF-4334-BED2-F427590EB606}.Release|ARM.Build.0 = Release|ARM
		{3CC5872E-F7EF-4334-BED2-F427590EB606}.Release|ARM.Deploy.0 = Release|ARM
		{3CC5872E-F7EF-4334-BED2-F427590EB606}.Release|iPhone.ActiveCfg = Release|x86
		{3CC5872E-F7EF-4334-BED2-F427590EB606}.Release|iPhone.Build.0 = Release|x86
		{3CC5872E-F7EF-4334-BED2-F427590EB606}.Release|iPhone.Deploy.0 = Release|x86
		{3CC5872E-F7EF-4334-BED2-F427590EB606}.Release|iPhoneSimulator.ActiveCfg = Release|x86
		{3CC5872E-F7EF-4334-BED2-F427590EB606}.Release|iPhoneSimulator.Build.0 = Release|x86
		{3CC5872E-F7EF-4334-BED2-F427590EB606}.Release|iPhoneSimulator.Deploy.0 = Release|x86
		{3CC5872E-F7EF-4334-BED2-F427590EB606}.Release|x64.ActiveCfg = Release|x64
		{3CC5872E-F7EF-4334-BED2-F427590EB606}.Release|x64.Build.0 = Release|x64
		{3CC5872E-F7EF-4334-BED2-F427590EB606}.Release|x64.Deploy.0 = Release|x64
		{3CC5872E-F7EF-4334-BED2-F427590EB606}.Release|x86.ActiveCfg = Release|x86
		{3CC5872E-F7EF-4334-BED2-F427590EB606}.Release|x86.Build.0 = Release|x86
		{3CC5872E-F7EF-4334-BED2-F427590EB606}.Release|x86.Deploy.0 = Release|x86
		{5AE182B3-709A-47F7-923D-4CEFDE05BFFD}.Ad-Hoc|Any CPU.ActiveCfg = Debug|Any CPU
		{5AE182B3-709A-47F7-923D-4CEFDE05BFFD}.Ad-Hoc|Any CPU.Build.0 = Debug|Any CPU
		{5AE182B3-709A-47F7-923D-4CEFDE05BFFD}.Ad-Hoc|Any CPU.Deploy.0 = Debug|Any CPU
		{5AE182B3-709A-47F7-923D-4CEFDE05BFFD}.Ad-Hoc|ARM.ActiveCfg = Debug|Any CPU
		{5AE182B3-709A-47F7-923D-4CEFDE05BFFD}.Ad-Hoc|ARM.Build.0 = Debug|Any CPU
		{5AE182B3-709A-47F7-923D-4CEFDE05BFFD}.Ad-Hoc|ARM.Deploy.0 = Debug|Any CPU
		{5AE182B3-709A-47F7-923D-4CEFDE05BFFD}.Ad-Hoc|iPhone.ActiveCfg = Debug|Any CPU
		{5AE182B3-709A-47F7-923D-4CEFDE05BFFD}.Ad-Hoc|iPhone.Build.0 = Debug|Any CPU
		{5AE182B3-709A-47F7-923D-4CEFDE05BFFD}.Ad-Hoc|iPhone.Deploy.0 = Debug|Any CPU
		{5AE182B3-709A-47F7-923D-4CEFDE05BFFD}.Ad-Hoc|iPhoneSimulator.ActiveCfg = Debug|Any CPU
		{5AE182B3-709A-47F7-923D-4CEFDE05BFFD}.Ad-Hoc|iPhoneSimulator.Build.0 = Debug|Any CPU
		{5AE182B3-709A-47F7-923D-4CEFDE05BFFD}.Ad-Hoc|iPhoneSimulator.Deploy.0 = Debug|Any CPU
		{5AE182B3-709A-47F7-923D-4CEFDE05BFFD}.Ad-Hoc|x64.ActiveCfg = Debug|Any CPU
		{5AE182B3-709A-47F7-923D-4CEFDE05BFFD}.Ad-Hoc|x64.Build.0 = Debug|Any CPU
		{5AE182B3-709A-47F7-923D-4CEFDE05BFFD}.Ad-Hoc|x64.Deploy.0 = Debug|Any CPU
		{5AE182B3-709A-47F7-923D-4CEFDE05BFFD}.Ad-Hoc|x86.ActiveCfg = Debug|Any CPU
		{5AE182B3-709A-47F7-923D-4CEFDE05BFFD}.Ad-Hoc|x86.Build.0 = Debug|Any CPU
		{5AE182B3-709A-47F7-923D-4CEFDE05BFFD}.Ad-Hoc|x86.Deploy.0 = Debug|Any CPU
		{5AE182B3-709A-47F7-923D-4CEFDE05BFFD}.AppStore|Any CPU.ActiveCfg = Debug|Any CPU
		{5AE182B3-709A-47F7-923D-4CEFDE05BFFD}.AppStore|Any CPU.Build.0 = Debug|Any CPU
		{5AE182B3-709A-47F7-923D-4CEFDE05BFFD}.AppStore|Any CPU.Deploy.0 = Debug|Any CPU
		{5AE182B3-709A-47F7-923D-4CEFDE05BFFD}.AppStore|ARM.ActiveCfg = Debug|Any CPU
		{5AE182B3-709A-47F7-923D-4CEFDE05BFFD}.AppStore|ARM.Build.0 = Debug|Any CPU
		{5AE182B3-709A-47F7-923D-4CEFDE05BFFD}.AppStore|ARM.Deploy.0 = Debug|Any CPU
		{5AE182B3-709A-47F7-923D-4CEFDE05BFFD}.AppStore|iPhone.ActiveCfg = Debug|Any CPU
		{5AE182B3-709A-47F7-923D-4CEFDE05BFFD}.AppStore|iPhone.Build.0 = Debug|Any CPU
		{5AE182B3-709A-47F7-923D-4CEFDE05BFFD}.AppStore|iPhone.Deploy.0 = Debug|Any CPU
		{5AE182B3-709A-47F7-923D-4CEFDE05BFFD}.AppStore|iPhoneSimulator.ActiveCfg = Debug|Any CPU
		{5AE182B3-709A-47F7-923D-4CEFDE05BFFD}.AppStore|iPhoneSimulator.Build.0 = Debug|Any CPU
		{5AE182B3-709A-47F7-923D-4CEFDE05BFFD}.AppStore|iPhoneSimulator.Deploy.0 = Debug|Any CPU
		{5AE182B3-709A-47F7-923D-4CEFDE05BFFD}.AppStore|x64.ActiveCfg = Debug|Any CPU
		{5AE182B3-709A-47F7-923D-4CEFDE05BFFD}.AppStore|x64.Build.0 = Debug|Any CPU
		{5AE182B3-709A-47F7-923D-4CEFDE05BFFD}.AppStore|x64.Deploy.0 = Debug|Any CPU
		{5AE182B3-709A-47F7-923D-4CEFDE05BFFD}.AppStore|x86.ActiveCfg = Debug|Any CPU
		{5AE182B3-709A-47F7-923D-4CEFDE05BFFD}.AppStore|x86.Build.0 = Debug|Any CPU
		{5AE182B3-709A-47F7-923D-4CEFDE05BFFD}.AppStore|x86.Deploy.0 = Debug|Any CPU
		{5AE182B3-709A-47F7-923D-4CEFDE05BFFD}.Debug|Any CPU.ActiveCfg = Debug|Any CPU
		{5AE182B3-709A-47F7-923D-4CEFDE05BFFD}.Debug|Any CPU.Build.0 = Debug|Any CPU
		{5AE182B3-709A-47F7-923D-4CEFDE05BFFD}.Debug|Any CPU.Deploy.0 = Debug|Any CPU
		{5AE182B3-709A-47F7-923D-4CEFDE05BFFD}.Debug|ARM.ActiveCfg = Debug|Any CPU
		{5AE182B3-709A-47F7-923D-4CEFDE05BFFD}.Debug|ARM.Build.0 = Debug|Any CPU
		{5AE182B3-709A-47F7-923D-4CEFDE05BFFD}.Debug|ARM.Deploy.0 = Debug|Any CPU
		{5AE182B3-709A-47F7-923D-4CEFDE05BFFD}.Debug|iPhone.ActiveCfg = Debug|Any CPU
		{5AE182B3-709A-47F7-923D-4CEFDE05BFFD}.Debug|iPhone.Build.0 = Debug|Any CPU
		{5AE182B3-709A-47F7-923D-4CEFDE05BFFD}.Debug|iPhone.Deploy.0 = Debug|Any CPU
		{5AE182B3-709A-47F7-923D-4CEFDE05BFFD}.Debug|iPhoneSimulator.ActiveCfg = Debug|Any CPU
		{5AE182B3-709A-47F7-923D-4CEFDE05BFFD}.Debug|iPhoneSimulator.Build.0 = Debug|Any CPU
		{5AE182B3-709A-47F7-923D-4CEFDE05BFFD}.Debug|iPhoneSimulator.Deploy.0 = Debug|Any CPU
		{5AE182B3-709A-47F7-923D-4CEFDE05BFFD}.Debug|x64.ActiveCfg = Debug|Any CPU
		{5AE182B3-709A-47F7-923D-4CEFDE05BFFD}.Debug|x64.Build.0 = Debug|Any CPU
		{5AE182B3-709A-47F7-923D-4CEFDE05BFFD}.Debug|x64.Deploy.0 = Debug|Any CPU
		{5AE182B3-709A-47F7-923D-4CEFDE05BFFD}.Debug|x86.ActiveCfg = Debug|Any CPU
		{5AE182B3-709A-47F7-923D-4CEFDE05BFFD}.Debug|x86.Build.0 = Debug|Any CPU
		{5AE182B3-709A-47F7-923D-4CEFDE05BFFD}.Debug|x86.Deploy.0 = Debug|Any CPU
		{5AE182B3-709A-47F7-923D-4CEFDE05BFFD}.Release|Any CPU.ActiveCfg = Release|Any CPU
		{5AE182B3-709A-47F7-923D-4CEFDE05BFFD}.Release|Any CPU.Build.0 = Release|Any CPU
		{5AE182B3-709A-47F7-923D-4CEFDE05BFFD}.Release|Any CPU.Deploy.0 = Release|Any CPU
		{5AE182B3-709A-47F7-923D-4CEFDE05BFFD}.Release|ARM.ActiveCfg = Release|Any CPU
		{5AE182B3-709A-47F7-923D-4CEFDE05BFFD}.Release|ARM.Build.0 = Release|Any CPU
		{5AE182B3-709A-47F7-923D-4CEFDE05BFFD}.Release|ARM.Deploy.0 = Release|Any CPU
		{5AE182B3-709A-47F7-923D-4CEFDE05BFFD}.Release|iPhone.ActiveCfg = Release|Any CPU
		{5AE182B3-709A-47F7-923D-4CEFDE05BFFD}.Release|iPhone.Build.0 = Release|Any CPU
		{5AE182B3-709A-47F7-923D-4CEFDE05BFFD}.Release|iPhone.Deploy.0 = Release|Any CPU
		{5AE182B3-709A-47F7-923D-4CEFDE05BFFD}.Release|iPhoneSimulator.ActiveCfg = Release|Any CPU
		{5AE182B3-709A-47F7-923D-4CEFDE05BFFD}.Release|iPhoneSimulator.Build.0 = Release|Any CPU
		{5AE182B3-709A-47F7-923D-4CEFDE05BFFD}.Release|iPhoneSimulator.Deploy.0 = Release|Any CPU
		{5AE182B3-709A-47F7-923D-4CEFDE05BFFD}.Release|x64.ActiveCfg = Release|Any CPU
		{5AE182B3-709A-47F7-923D-4CEFDE05BFFD}.Release|x64.Build.0 = Release|Any CPU
		{5AE182B3-709A-47F7-923D-4CEFDE05BFFD}.Release|x64.Deploy.0 = Release|Any CPU
		{5AE182B3-709A-47F7-923D-4CEFDE05BFFD}.Release|x86.ActiveCfg = Release|Any CPU
		{5AE182B3-709A-47F7-923D-4CEFDE05BFFD}.Release|x86.Build.0 = Release|Any CPU
		{5AE182B3-709A-47F7-923D-4CEFDE05BFFD}.Release|x86.Deploy.0 = Release|Any CPU
	EndGlobalSection
	GlobalSection(SolutionProperties) = preSolution
		HideSolutionNode = FALSE
	EndGlobalSection
	GlobalSection(ExtensibilityGlobals) = postSolution
		SolutionGuid = {FFA4FEE4-CB6F-43C7-9294-052D9FCD8666}
	EndGlobalSection
EndGlobal
