
Microsoft Visual Studio Solution File, Format Version 12.00
# Visual Studio 15
VisualStudioVersion = 15.0.28307.572
MinimumVisualStudioVersion = 10.0.40219.1
Project("{FAE04EC0-301F-11D3-BF4B-00C04F79EFBC}") = "DemoGetsture.Android", "DemoGetsture\DemoGetsture.Android\DemoGetsture.Android.csproj", "{5CFB1EDB-D33D-4FB0-B4F2-75357EB0A34D}"
EndProject
Project("{FAE04EC0-301F-11D3-BF4B-00C04F79EFBC}") = "DemoGetsture.iOS", "DemoGetsture\DemoGetsture.iOS\DemoGetsture.iOS.csproj", "{D2551CCB-134B-4E1D-B0AC-EBAEA060BA32}"
EndProject
Project("{FAE04EC0-301F-11D3-BF4B-00C04F79EFBC}") = "DemoGetsture.UWP", "DemoGetsture\DemoGetsture.UWP\DemoGetsture.UWP.csproj", "{5069208E-586E-45BC-BE30-65399B898744}"
EndProject
Project("{FAE04EC0-301F-11D3-BF4B-00C04F79EFBC}") = "DemoGetsture", "DemoGetsture\DemoGetsture\DemoGetsture.csproj", "{9D656043-1C2C-4084-BF97-7C3CC9E01F69}"
EndProject
Global
	GlobalSection(SolutionConfigurationPlatforms) = preSolution
		Ad-Hoc|Any CPU = Ad-Hoc|Any CPU
		Ad-Hoc|ARM = Ad-Hoc|ARM
		Ad-Hoc|iPhone = Ad-Hoc|iPhone
		Ad-Hoc|iPhoneSimulator = Ad-Hoc|iPhoneSimulator
		Ad-Hoc|x64 = Ad-Hoc|x64
		Ad-Hoc|x86 = Ad-Hoc|x86
		AppStore|Any CPU = AppStore|Any CPU
		AppStore|ARM = AppStore|ARM
		AppStore|iPhone = AppStore|iPhone
		AppStore|iPhoneSimulator = AppStore|iPhoneSimulator
		AppStore|x64 = AppStore|x64
		AppStore|x86 = AppStore|x86
		Debug|Any CPU = Debug|Any CPU
		Debug|ARM = Debug|ARM
		Debug|iPhone = Debug|iPhone
		Debug|iPhoneSimulator = Debug|iPhoneSimulator
		Debug|x64 = Debug|x64
		Debug|x86 = Debug|x86
		Release|Any CPU = Release|Any CPU
		Release|ARM = Release|ARM
		Release|iPhone = Release|iPhone
		Release|iPhoneSimulator = Release|iPhoneSimulator
		Release|x64 = Release|x64
		Release|x86 = Release|x86
	EndGlobalSection
	GlobalSection(ProjectConfigurationPlatforms) = postSolution
		{5CFB1EDB-D33D-4FB0-B4F2-75357EB0A34D}.Ad-Hoc|Any CPU.ActiveCfg = Release|Any CPU
		{5CFB1EDB-D33D-4FB0-B4F2-75357EB0A34D}.Ad-Hoc|Any CPU.Build.0 = Release|Any CPU
		{5CFB1EDB-D33D-4FB0-B4F2-75357EB0A34D}.Ad-Hoc|Any CPU.Deploy.0 = Release|Any CPU
		{5CFB1EDB-D33D-4FB0-B4F2-75357EB0A34D}.Ad-Hoc|ARM.ActiveCfg = Release|Any CPU
		{5CFB1EDB-D33D-4FB0-B4F2-75357EB0A34D}.Ad-Hoc|ARM.Build.0 = Release|Any CPU
		{5CFB1EDB-D33D-4FB0-B4F2-75357EB0A34D}.Ad-Hoc|ARM.Deploy.0 = Release|Any CPU
		{5CFB1EDB-D33D-4FB0-B4F2-75357EB0A34D}.Ad-Hoc|iPhone.ActiveCfg = Release|Any CPU
		{5CFB1EDB-D33D-4FB0-B4F2-75357EB0A34D}.Ad-Hoc|iPhone.Build.0 = Release|Any CPU
		{5CFB1EDB-D33D-4FB0-B4F2-75357EB0A34D}.Ad-Hoc|iPhone.Deploy.0 = Release|Any CPU
		{5CFB1EDB-D33D-4FB0-B4F2-75357EB0A34D}.Ad-Hoc|iPhoneSimulator.ActiveCfg = Release|Any CPU
		{5CFB1EDB-D33D-4FB0-B4F2-75357EB0A34D}.Ad-Hoc|iPhoneSimulator.Build.0 = Release|Any CPU
		{5CFB1EDB-D33D-4FB0-B4F2-75357EB0A34D}.Ad-Hoc|iPhoneSimulator.Deploy.0 = Release|Any CPU
		{5CFB1EDB-D33D-4FB0-B4F2-75357EB0A34D}.Ad-Hoc|x64.ActiveCfg = Release|Any CPU
		{5CFB1EDB-D33D-4FB0-B4F2-75357EB0A34D}.Ad-Hoc|x64.Build.0 = Release|Any CPU
		{5CFB1EDB-D33D-4FB0-B4F2-75357EB0A34D}.Ad-Hoc|x64.Deploy.0 = Release|Any CPU
		{5CFB1EDB-D33D-4FB0-B4F2-75357EB0A34D}.Ad-Hoc|x86.ActiveCfg = Release|Any CPU
		{5CFB1EDB-D33D-4FB0-B4F2-75357EB0A34D}.Ad-Hoc|x86.Build.0 = Release|Any CPU
		{5CFB1EDB-D33D-4FB0-B4F2-75357EB0A34D}.Ad-Hoc|x86.Deploy.0 = Release|Any CPU
		{5CFB1EDB-D33D-4FB0-B4F2-75357EB0A34D}.AppStore|Any CPU.ActiveCfg = Release|Any CPU
		{5CFB1EDB-D33D-4FB0-B4F2-75357EB0A34D}.AppStore|Any CPU.Build.0 = Release|Any CPU
		{5CFB1EDB-D33D-4FB0-B4F2-75357EB0A34D}.AppStore|Any CPU.Deploy.0 = Release|Any CPU
		{5CFB1EDB-D33D-4FB0-B4F2-75357EB0A34D}.AppStore|ARM.ActiveCfg = Release|Any CPU
		{5CFB1EDB-D33D-4FB0-B4F2-75357EB0A34D}.AppStore|ARM.Build.0 = Release|Any CPU
		{5CFB1EDB-D33D-4FB0-B4F2-75357EB0A34D}.AppStore|ARM.Deploy.0 = Release|Any CPU
		{5CFB1EDB-D33D-4FB0-B4F2-75357EB0A34D}.AppStore|iPhone.ActiveCfg = Release|Any CPU
		{5CFB1EDB-D33D-4FB0-B4F2-75357EB0A34D}.AppStore|iPhone.Build.0 = Release|Any CPU
		{5CFB1EDB-D33D-4FB0-B4F2-75357EB0A34D}.AppStore|iPhone.Deploy.0 = Release|Any CPU
		{5CFB1EDB-D33D-4FB0-B4F2-75357EB0A34D}.AppStore|iPhoneSimulator.ActiveCfg = Release|Any CPU
		{5CFB1EDB-D33D-4FB0-B4F2-75357EB0A34D}.AppStore|iPhoneSimulator.Build.0 = Release|Any CPU
		{5CFB1EDB-D33D-4FB0-B4F2-75357EB0A34D}.AppStore|iPhoneSimulator.Deploy.0 = Release|Any CPU
		{5CFB1EDB-D33D-4FB0-B4F2-75357EB0A34D}.AppStore|x64.ActiveCfg = Release|Any CPU
		{5CFB1EDB-D33D-4FB0-B4F2-75357EB0A34D}.AppStore|x64.Build.0 = Release|Any CPU
		{5CFB1EDB-D33D-4FB0-B4F2-75357EB0A34D}.AppStore|x64.Deploy.0 = Release|Any CPU
		{5CFB1EDB-D33D-4FB0-B4F2-75357EB0A34D}.AppStore|x86.ActiveCfg = Release|Any CPU
		{5CFB1EDB-D33D-4FB0-B4F2-75357EB0A34D}.AppStore|x86.Build.0 = Release|Any CPU
		{5CFB1EDB-D33D-4FB0-B4F2-75357EB0A34D}.AppStore|x86.Deploy.0 = Release|Any CPU
		{5CFB1EDB-D33D-4FB0-B4F2-75357EB0A34D}.Debug|Any CPU.ActiveCfg = Debug|Any CPU
		{5CFB1EDB-D33D-4FB0-B4F2-75357EB0A34D}.Debug|Any CPU.Build.0 = Debug|Any CPU
		{5CFB1EDB-D33D-4FB0-B4F2-75357EB0A34D}.Debug|Any CPU.Deploy.0 = Debug|Any CPU
		{5CFB1EDB-D33D-4FB0-B4F2-75357EB0A34D}.Debug|ARM.ActiveCfg = Debug|Any CPU
		{5CFB1EDB-D33D-4FB0-B4F2-75357EB0A34D}.Debug|ARM.Build.0 = Debug|Any CPU
		{5CFB1EDB-D33D-4FB0-B4F2-75357EB0A34D}.Debug|ARM.Deploy.0 = Debug|Any CPU
		{5CFB1EDB-D33D-4FB0-B4F2-75357EB0A34D}.Debug|iPhone.ActiveCfg = Debug|Any CPU
		{5CFB1EDB-D33D-4FB0-B4F2-75357EB0A34D}.Debug|iPhone.Build.0 = Debug|Any CPU
		{5CFB1EDB-D33D-4FB0-B4F2-75357EB0A34D}.Debug|iPhone.Deploy.0 = Debug|Any CPU
		{5CFB1EDB-D33D-4FB0-B4F2-75357EB0A34D}.Debug|iPhoneSimulator.ActiveCfg = Debug|Any CPU
		{5CFB1EDB-D33D-4FB0-B4F2-75357EB0A34D}.Debug|iPhoneSimulator.Build.0 = Debug|Any CPU
		{5CFB1EDB-D33D-4FB0-B4F2-75357EB0A34D}.Debug|iPhoneSimulator.Deploy.0 = Debug|Any CPU
		{5CFB1EDB-D33D-4FB0-B4F2-75357EB0A34D}.Debug|x64.ActiveCfg = Debug|Any CPU
		{5CFB1EDB-D33D-4FB0-B4F2-75357EB0A34D}.Debug|x64.Build.0 = Debug|Any CPU
		{5CFB1EDB-D33D-4FB0-B4F2-75357EB0A34D}.Debug|x64.Deploy.0 = Debug|Any CPU
		{5CFB1EDB-D33D-4FB0-B4F2-75357EB0A34D}.Debug|x86.ActiveCfg = Debug|Any CPU
		{5CFB1EDB-D33D-4FB0-B4F2-75357EB0A34D}.Debug|x86.Build.0 = Debug|Any CPU
		{5CFB1EDB-D33D-4FB0-B4F2-75357EB0A34D}.Debug|x86.Deploy.0 = Debug|Any CPU
		{5CFB1EDB-D33D-4FB0-B4F2-75357EB0A34D}.Release|Any CPU.ActiveCfg = Release|Any CPU
		{5CFB1EDB-D33D-4FB0-B4F2-75357EB0A34D}.Release|Any CPU.Build.0 = Release|Any CPU
		{5CFB1EDB-D33D-4FB0-B4F2-75357EB0A34D}.Release|Any CPU.Deploy.0 = Release|Any CPU
		{5CFB1EDB-D33D-4FB0-B4F2-75357EB0A34D}.Release|ARM.ActiveCfg = Release|Any CPU
		{5CFB1EDB-D33D-4FB0-B4F2-75357EB0A34D}.Release|ARM.Build.0 = Release|Any CPU
		{5CFB1EDB-D33D-4FB0-B4F2-75357EB0A34D}.Release|ARM.Deploy.0 = Release|Any CPU
		{5CFB1EDB-D33D-4FB0-B4F2-75357EB0A34D}.Release|iPhone.ActiveCfg = Release|Any CPU
		{5CFB1EDB-D33D-4FB0-B4F2-75357EB0A34D}.Release|iPhone.Build.0 = Release|Any CPU
		{5CFB1EDB-D33D-4FB0-B4F2-75357EB0A34D}.Release|iPhone.Deploy.0 = Release|Any CPU
		{5CFB1EDB-D33D-4FB0-B4F2-75357EB0A34D}.Release|iPhoneSimulator.ActiveCfg = Release|Any CPU
		{5CFB1EDB-D33D-4FB0-B4F2-75357EB0A34D}.Release|iPhoneSimulator.Build.0 = Release|Any CPU
		{5CFB1EDB-D33D-4FB0-B4F2-75357EB0A34D}.Release|iPhoneSimulator.Deploy.0 = Release|Any CPU
		{5CFB1EDB-D33D-4FB0-B4F2-75357EB0A34D}.Release|x64.ActiveCfg = Release|Any CPU
		{5CFB1EDB-D33D-4FB0-B4F2-75357EB0A34D}.Release|x64.Build.0 = Release|Any CPU
		{5CFB1EDB-D33D-4FB0-B4F2-75357EB0A34D}.Release|x64.Deploy.0 = Release|Any CPU
		{5CFB1EDB-D33D-4FB0-B4F2-75357EB0A34D}.Release|x86.ActiveCfg = Release|Any CPU
		{5CFB1EDB-D33D-4FB0-B4F2-75357EB0A34D}.Release|x86.Build.0 = Release|Any CPU
		{5CFB1EDB-D33D-4FB0-B4F2-75357EB0A34D}.Release|x86.Deploy.0 = Release|Any CPU
		{D2551CCB-134B-4E1D-B0AC-EBAEA060BA32}.Ad-Hoc|Any CPU.ActiveCfg = Ad-Hoc|iPhone
		{D2551CCB-134B-4E1D-B0AC-EBAEA060BA32}.Ad-Hoc|Any CPU.Build.0 = Ad-Hoc|iPhone
		{D2551CCB-134B-4E1D-B0AC-EBAEA060BA32}.Ad-Hoc|Any CPU.Deploy.0 = Ad-Hoc|iPhone
		{D2551CCB-134B-4E1D-B0AC-EBAEA060BA32}.Ad-Hoc|ARM.ActiveCfg = Ad-Hoc|iPhone
		{D2551CCB-134B-4E1D-B0AC-EBAEA060BA32}.Ad-Hoc|ARM.Build.0 = Ad-Hoc|iPhone
		{D2551CCB-134B-4E1D-B0AC-EBAEA060BA32}.Ad-Hoc|ARM.Deploy.0 = Ad-Hoc|iPhone
		{D2551CCB-134B-4E1D-B0AC-EBAEA060BA32}.Ad-Hoc|iPhone.ActiveCfg = Ad-Hoc|iPhone
		{D2551CCB-134B-4E1D-B0AC-EBAEA060BA32}.Ad-Hoc|iPhone.Build.0 = Ad-Hoc|iPhone
		{D2551CCB-134B-4E1D-B0AC-EBAEA060BA32}.Ad-Hoc|iPhone.Deploy.0 = Ad-Hoc|iPhone
		{D2551CCB-134B-4E1D-B0AC-EBAEA060BA32}.Ad-Hoc|iPhoneSimulator.ActiveCfg = Ad-Hoc|iPhoneSimulator
		{D2551CCB-134B-4E1D-B0AC-EBAEA060BA32}.Ad-Hoc|iPhoneSimulator.Build.0 = Ad-Hoc|iPhoneSimulator
		{D2551CCB-134B-4E1D-B0AC-EBAEA060BA32}.Ad-Hoc|iPhoneSimulator.Deploy.0 = Ad-Hoc|iPhoneSimulator
		{D2551CCB-134B-4E1D-B0AC-EBAEA060BA32}.Ad-Hoc|x64.ActiveCfg = Ad-Hoc|iPhone
		{D2551CCB-134B-4E1D-B0AC-EBAEA060BA32}.Ad-Hoc|x64.Build.0 = Ad-Hoc|iPhone
		{D2551CCB-134B-4E1D-B0AC-EBAEA060BA32}.Ad-Hoc|x64.Deploy.0 = Ad-Hoc|iPhone
		{D2551CCB-134B-4E1D-B0AC-EBAEA060BA32}.Ad-Hoc|x86.ActiveCfg = Ad-Hoc|iPhone
		{D2551CCB-134B-4E1D-B0AC-EBAEA060BA32}.Ad-Hoc|x86.Build.0 = Ad-Hoc|iPhone
		{D2551CCB-134B-4E1D-B0AC-EBAEA060BA32}.Ad-Hoc|x86.Deploy.0 = Ad-Hoc|iPhone
		{D2551CCB-134B-4E1D-B0AC-EBAEA060BA32}.AppStore|Any CPU.ActiveCfg = AppStore|iPhone
		{D2551CCB-134B-4E1D-B0AC-EBAEA060BA32}.AppStore|Any CPU.Build.0 = AppStore|iPhone
		{D2551CCB-134B-4E1D-B0AC-EBAEA060BA32}.AppStore|Any CPU.Deploy.0 = AppStore|iPhone
		{D2551CCB-134B-4E1D-B0AC-EBAEA060BA32}.AppStore|ARM.ActiveCfg = AppStore|iPhone
		{D2551CCB-134B-4E1D-B0AC-EBAEA060BA32}.AppStore|ARM.Build.0 = AppStore|iPhone
		{D2551CCB-134B-4E1D-B0AC-EBAEA060BA32}.AppStore|ARM.Deploy.0 = AppStore|iPhone
		{D2551CCB-134B-4E1D-B0AC-EBAEA060BA32}.AppStore|iPhone.ActiveCfg = AppStore|iPhone
		{D2551CCB-134B-4E1D-B0AC-EBAEA060BA32}.AppStore|iPhone.Build.0 = AppStore|iPhone
		{D2551CCB-134B-4E1D-B0AC-EBAEA060BA32}.AppStore|iPhone.Deploy.0 = AppStore|iPhone
		{D2551CCB-134B-4E1D-B0AC-EBAEA060BA32}.AppStore|iPhoneSimulator.ActiveCfg = AppStore|iPhoneSimulator
		{D2551CCB-134B-4E1D-B0AC-EBAEA060BA32}.AppStore|iPhoneSimulator.Build.0 = AppStore|iPhoneSimulator
		{D2551CCB-134B-4E1D-B0AC-EBAEA060BA32}.AppStore|iPhoneSimulator.Deploy.0 = AppStore|iPhoneSimulator
		{D2551CCB-134B-4E1D-B0AC-EBAEA060BA32}.AppStore|x64.ActiveCfg = AppStore|iPhone
		{D2551CCB-134B-4E1D-B0AC-EBAEA060BA32}.AppStore|x64.Build.0 = AppStore|iPhone
		{D2551CCB-134B-4E1D-B0AC-EBAEA060BA32}.AppStore|x64.Deploy.0 = AppStore|iPhone
		{D2551CCB-134B-4E1D-B0AC-EBAEA060BA32}.AppStore|x86.ActiveCfg = AppStore|iPhone
		{D2551CCB-134B-4E1D-B0AC-EBAEA060BA32}.AppStore|x86.Build.0 = AppStore|iPhone
		{D2551CCB-134B-4E1D-B0AC-EBAEA060BA32}.AppStore|x86.Deploy.0 = AppStore|iPhone
		{D2551CCB-134B-4E1D-B0AC-EBAEA060BA32}.Debug|Any CPU.ActiveCfg = Debug|iPhoneSimulator
		{D2551CCB-134B-4E1D-B0AC-EBAEA060BA32}.Debug|Any CPU.Build.0 = Debug|iPhoneSimulator
		{D2551CCB-134B-4E1D-B0AC-EBAEA060BA32}.Debug|Any CPU.Deploy.0 = Debug|iPhoneSimulator
		{D2551CCB-134B-4E1D-B0AC-EBAEA060BA32}.Debug|ARM.ActiveCfg = Debug|iPhone
		{D2551CCB-134B-4E1D-B0AC-EBAEA060BA32}.Debug|ARM.Build.0 = Debug|iPhone
		{D2551CCB-134B-4E1D-B0AC-EBAEA060BA32}.Debug|ARM.Deploy.0 = Debug|iPhone
		{D2551CCB-134B-4E1D-B0AC-EBAEA060BA32}.Debug|iPhone.ActiveCfg = Debug|iPhone
		{D2551CCB-134B-4E1D-B0AC-EBAEA060BA32}.Debug|iPhone.Build.0 = Debug|iPhone
		{D2551CCB-134B-4E1D-B0AC-EBAEA060BA32}.Debug|iPhone.Deploy.0 = Debug|iPhone
		{D2551CCB-134B-4E1D-B0AC-EBAEA060BA32}.Debug|iPhoneSimulator.ActiveCfg = Debug|iPhoneSimulator
		{D2551CCB-134B-4E1D-B0AC-EBAEA060BA32}.Debug|iPhoneSimulator.Build.0 = Debug|iPhoneSimulator
		{D2551CCB-134B-4E1D-B0AC-EBAEA060BA32}.Debug|iPhoneSimulator.Deploy.0 = Debug|iPhoneSimulator
		{D2551CCB-134B-4E1D-B0AC-EBAEA060BA32}.Debug|x64.ActiveCfg = Debug|iPhone
		{D2551CCB-134B-4E1D-B0AC-EBAEA060BA32}.Debug|x64.Build.0 = Debug|iPhone
		{D2551CCB-134B-4E1D-B0AC-EBAEA060BA32}.Debug|x64.Deploy.0 = Debug|iPhone
		{D2551CCB-134B-4E1D-B0AC-EBAEA060BA32}.Debug|x86.ActiveCfg = Debug|iPhone
		{D2551CCB-134B-4E1D-B0AC-EBAEA060BA32}.Debug|x86.Build.0 = Debug|iPhone
		{D2551CCB-134B-4E1D-B0AC-EBAEA060BA32}.Debug|x86.Deploy.0 = Debug|iPhone
		{D2551CCB-134B-4E1D-B0AC-EBAEA060BA32}.Release|Any CPU.ActiveCfg = Release|iPhone
		{D2551CCB-134B-4E1D-B0AC-EBAEA060BA32}.Release|Any CPU.Build.0 = Release|iPhone
		{D2551CCB-134B-4E1D-B0AC-EBAEA060BA32}.Release|Any CPU.Deploy.0 = Release|iPhone
		{D2551CCB-134B-4E1D-B0AC-EBAEA060BA32}.Release|ARM.ActiveCfg = Release|iPhone
		{D2551CCB-134B-4E1D-B0AC-EBAEA060BA32}.Release|ARM.Build.0 = Release|iPhone
		{D2551CCB-134B-4E1D-B0AC-EBAEA060BA32}.Release|ARM.Deploy.0 = Release|iPhone
		{D2551CCB-134B-4E1D-B0AC-EBAEA060BA32}.Release|iPhone.ActiveCfg = Release|iPhone
		{D2551CCB-134B-4E1D-B0AC-EBAEA060BA32}.Release|iPhone.Build.0 = Release|iPhone
		{D2551CCB-134B-4E1D-B0AC-EBAEA060BA32}.Release|iPhone.Deploy.0 = Release|iPhone
		{D2551CCB-134B-4E1D-B0AC-EBAEA060BA32}.Release|iPhoneSimulator.ActiveCfg = Release|iPhoneSimulator
		{D2551CCB-134B-4E1D-B0AC-EBAEA060BA32}.Release|iPhoneSimulator.Build.0 = Release|iPhoneSimulator
		{D2551CCB-134B-4E1D-B0AC-EBAEA060BA32}.Release|iPhoneSimulator.Deploy.0 = Release|iPhoneSimulator
		{D2551CCB-134B-4E1D-B0AC-EBAEA060BA32}.Release|x64.ActiveCfg = Release|iPhone
		{D2551CCB-134B-4E1D-B0AC-EBAEA060BA32}.Release|x64.Build.0 = Release|iPhone
		{D2551CCB-134B-4E1D-B0AC-EBAEA060BA32}.Release|x64.Deploy.0 = Release|iPhone
		{D2551CCB-134B-4E1D-B0AC-EBAEA060BA32}.Release|x86.ActiveCfg = Release|iPhone
		{D2551CCB-134B-4E1D-B0AC-EBAEA060BA32}.Release|x86.Build.0 = Release|iPhone
		{D2551CCB-134B-4E1D-B0AC-EBAEA060BA32}.Release|x86.Deploy.0 = Release|iPhone
		{5069208E-586E-45BC-BE30-65399B898744}.Ad-Hoc|Any CPU.ActiveCfg = Release|x86
		{5069208E-586E-45BC-BE30-65399B898744}.Ad-Hoc|Any CPU.Build.0 = Release|x86
		{5069208E-586E-45BC-BE30-65399B898744}.Ad-Hoc|Any CPU.Deploy.0 = Release|x86
		{5069208E-586E-45BC-BE30-65399B898744}.Ad-Hoc|ARM.ActiveCfg = Release|ARM
		{5069208E-586E-45BC-BE30-65399B898744}.Ad-Hoc|ARM.Build.0 = Release|ARM
		{5069208E-586E-45BC-BE30-65399B898744}.Ad-Hoc|ARM.Deploy.0 = Release|ARM
		{5069208E-586E-45BC-BE30-65399B898744}.Ad-Hoc|iPhone.ActiveCfg = Release|x86
		{5069208E-586E-45BC-BE30-65399B898744}.Ad-Hoc|iPhone.Build.0 = Release|x86
		{5069208E-586E-45BC-BE30-65399B898744}.Ad-Hoc|iPhone.Deploy.0 = Release|x86
		{5069208E-586E-45BC-BE30-65399B898744}.Ad-Hoc|iPhoneSimulator.ActiveCfg = Release|x86
		{5069208E-586E-45BC-BE30-65399B898744}.Ad-Hoc|iPhoneSimulator.Build.0 = Release|x86
		{5069208E-586E-45BC-BE30-65399B898744}.Ad-Hoc|iPhoneSimulator.Deploy.0 = Release|x86
		{5069208E-586E-45BC-BE30-65399B898744}.Ad-Hoc|x64.ActiveCfg = Release|x64
		{5069208E-586E-45BC-BE30-65399B898744}.Ad-Hoc|x64.Build.0 = Release|x64
		{5069208E-586E-45BC-BE30-65399B898744}.Ad-Hoc|x64.Deploy.0 = Release|x64
		{5069208E-586E-45BC-BE30-65399B898744}.Ad-Hoc|x86.ActiveCfg = Release|x86
		{5069208E-586E-45BC-BE30-65399B898744}.Ad-Hoc|x86.Build.0 = Release|x86
		{5069208E-586E-45BC-BE30-65399B898744}.Ad-Hoc|x86.Deploy.0 = Release|x86
		{5069208E-586E-45BC-BE30-65399B898744}.AppStore|Any CPU.ActiveCfg = Release|x86
		{5069208E-586E-45BC-BE30-65399B898744}.AppStore|Any CPU.Build.0 = Release|x86
		{5069208E-586E-45BC-BE30-65399B898744}.AppStore|Any CPU.Deploy.0 = Release|x86
		{5069208E-586E-45BC-BE30-65399B898744}.AppStore|ARM.ActiveCfg = Release|ARM
		{5069208E-586E-45BC-BE30-65399B898744}.AppStore|ARM.Build.0 = Release|ARM
		{5069208E-586E-45BC-BE30-65399B898744}.AppStore|ARM.Deploy.0 = Release|ARM
		{5069208E-586E-45BC-BE30-65399B898744}.AppStore|iPhone.ActiveCfg = Release|x86
		{5069208E-586E-45BC-BE30-65399B898744}.AppStore|iPhone.Build.0 = Release|x86
		{5069208E-586E-45BC-BE30-65399B898744}.AppStore|iPhone.Deploy.0 = Release|x86
		{5069208E-586E-45BC-BE30-65399B898744}.AppStore|iPhoneSimulator.ActiveCfg = Release|x86
		{5069208E-586E-45BC-BE30-65399B898744}.AppStore|iPhoneSimulator.Build.0 = Release|x86
		{5069208E-586E-45BC-BE30-65399B898744}.AppStore|iPhoneSimulator.Deploy.0 = Release|x86
		{5069208E-586E-45BC-BE30-65399B898744}.AppStore|x64.ActiveCfg = Release|x64
		{5069208E-586E-45BC-BE30-65399B898744}.AppStore|x64.Build.0 = Release|x64
		{5069208E-586E-45BC-BE30-65399B898744}.AppStore|x64.Deploy.0 = Release|x64
		{5069208E-586E-45BC-BE30-65399B898744}.AppStore|x86.ActiveCfg = Release|x86
		{5069208E-586E-45BC-BE30-65399B898744}.AppStore|x86.Build.0 = Release|x86
		{5069208E-586E-45BC-BE30-65399B898744}.AppStore|x86.Deploy.0 = Release|x86
		{5069208E-586E-45BC-BE30-65399B898744}.Debug|Any CPU.ActiveCfg = Debug|x86
		{5069208E-586E-45BC-BE30-65399B898744}.Debug|Any CPU.Build.0 = Debug|x86
		{5069208E-586E-45BC-BE30-65399B898744}.Debug|Any CPU.Deploy.0 = Debug|x86
		{5069208E-586E-45BC-BE30-65399B898744}.Debug|ARM.ActiveCfg = Debug|ARM
		{5069208E-586E-45BC-BE30-65399B898744}.Debug|ARM.Build.0 = Debug|ARM
		{5069208E-586E-45BC-BE30-65399B898744}.Debug|ARM.Deploy.0 = Debug|ARM
		{5069208E-586E-45BC-BE30-65399B898744}.Debug|iPhone.ActiveCfg = Debug|x86
		{5069208E-586E-45BC-BE30-65399B898744}.Debug|iPhone.Build.0 = Debug|x86
		{5069208E-586E-45BC-BE30-65399B898744}.Debug|iPhone.Deploy.0 = Debug|x86
		{5069208E-586E-45BC-BE30-65399B898744}.Debug|iPhoneSimulator.ActiveCfg = Debug|x86
		{5069208E-586E-45BC-BE30-65399B898744}.Debug|iPhoneSimulator.Build.0 = Debug|x86
		{5069208E-586E-45BC-BE30-65399B898744}.Debug|iPhoneSimulator.Deploy.0 = Debug|x86
		{5069208E-586E-45BC-BE30-65399B898744}.Debug|x64.ActiveCfg = Debug|x64
		{5069208E-586E-45BC-BE30-65399B898744}.Debug|x64.Build.0 = Debug|x64
		{5069208E-586E-45BC-BE30-65399B898744}.Debug|x64.Deploy.0 = Debug|x64
		{5069208E-586E-45BC-BE30-65399B898744}.Debug|x86.ActiveCfg = Debug|x86
		{5069208E-586E-45BC-BE30-65399B898744}.Debug|x86.Build.0 = Debug|x86
		{5069208E-586E-45BC-BE30-65399B898744}.Debug|x86.Deploy.0 = Debug|x86
		{5069208E-586E-45BC-BE30-65399B898744}.Release|Any CPU.ActiveCfg = Release|x86
		{5069208E-586E-45BC-BE30-65399B898744}.Release|Any CPU.Build.0 = Release|x86
		{5069208E-586E-45BC-BE30-65399B898744}.Release|Any CPU.Deploy.0 = Release|x86
		{5069208E-586E-45BC-BE30-65399B898744}.Release|ARM.ActiveCfg = Release|ARM
		{5069208E-586E-45BC-BE30-65399B898744}.Release|ARM.Build.0 = Release|ARM
		{5069208E-586E-45BC-BE30-65399B898744}.Release|ARM.Deploy.0 = Release|ARM
		{5069208E-586E-45BC-BE30-65399B898744}.Release|iPhone.ActiveCfg = Release|x86
		{5069208E-586E-45BC-BE30-65399B898744}.Release|iPhone.Build.0 = Release|x86
		{5069208E-586E-45BC-BE30-65399B898744}.Release|iPhone.Deploy.0 = Release|x86
		{5069208E-586E-45BC-BE30-65399B898744}.Release|iPhoneSimulator.ActiveCfg = Release|x86
		{5069208E-586E-45BC-BE30-65399B898744}.Release|iPhoneSimulator.Build.0 = Release|x86
		{5069208E-586E-45BC-BE30-65399B898744}.Release|iPhoneSimulator.Deploy.0 = Release|x86
		{5069208E-586E-45BC-BE30-65399B898744}.Release|x64.ActiveCfg = Release|x64
		{5069208E-586E-45BC-BE30-65399B898744}.Release|x64.Build.0 = Release|x64
		{5069208E-586E-45BC-BE30-65399B898744}.Release|x64.Deploy.0 = Release|x64
		{5069208E-586E-45BC-BE30-65399B898744}.Release|x86.ActiveCfg = Release|x86
		{5069208E-586E-45BC-BE30-65399B898744}.Release|x86.Build.0 = Release|x86
		{5069208E-586E-45BC-BE30-65399B898744}.Release|x86.Deploy.0 = Release|x86
		{9D656043-1C2C-4084-BF97-7C3CC9E01F69}.Ad-Hoc|Any CPU.ActiveCfg = Debug|Any CPU
		{9D656043-1C2C-4084-BF97-7C3CC9E01F69}.Ad-Hoc|Any CPU.Build.0 = Debug|Any CPU
		{9D656043-1C2C-4084-BF97-7C3CC9E01F69}.Ad-Hoc|Any CPU.Deploy.0 = Debug|Any CPU
		{9D656043-1C2C-4084-BF97-7C3CC9E01F69}.Ad-Hoc|ARM.ActiveCfg = Debug|Any CPU
		{9D656043-1C2C-4084-BF97-7C3CC9E01F69}.Ad-Hoc|ARM.Build.0 = Debug|Any CPU
		{9D656043-1C2C-4084-BF97-7C3CC9E01F69}.Ad-Hoc|ARM.Deploy.0 = Debug|Any CPU
		{9D656043-1C2C-4084-BF97-7C3CC9E01F69}.Ad-Hoc|iPhone.ActiveCfg = Debug|Any CPU
		{9D656043-1C2C-4084-BF97-7C3CC9E01F69}.Ad-Hoc|iPhone.Build.0 = Debug|Any CPU
		{9D656043-1C2C-4084-BF97-7C3CC9E01F69}.Ad-Hoc|iPhone.Deploy.0 = Debug|Any CPU
		{9D656043-1C2C-4084-BF97-7C3CC9E01F69}.Ad-Hoc|iPhoneSimulator.ActiveCfg = Debug|Any CPU
		{9D656043-1C2C-4084-BF97-7C3CC9E01F69}.Ad-Hoc|iPhoneSimulator.Build.0 = Debug|Any CPU
		{9D656043-1C2C-4084-BF97-7C3CC9E01F69}.Ad-Hoc|iPhoneSimulator.Deploy.0 = Debug|Any CPU
		{9D656043-1C2C-4084-BF97-7C3CC9E01F69}.Ad-Hoc|x64.ActiveCfg = Debug|Any CPU
		{9D656043-1C2C-4084-BF97-7C3CC9E01F69}.Ad-Hoc|x64.Build.0 = Debug|Any CPU
		{9D656043-1C2C-4084-BF97-7C3CC9E01F69}.Ad-Hoc|x64.Deploy.0 = Debug|Any CPU
		{9D656043-1C2C-4084-BF97-7C3CC9E01F69}.Ad-Hoc|x86.ActiveCfg = Debug|Any CPU
		{9D656043-1C2C-4084-BF97-7C3CC9E01F69}.Ad-Hoc|x86.Build.0 = Debug|Any CPU
		{9D656043-1C2C-4084-BF97-7C3CC9E01F69}.Ad-Hoc|x86.Deploy.0 = Debug|Any CPU
		{9D656043-1C2C-4084-BF97-7C3CC9E01F69}.AppStore|Any CPU.ActiveCfg = Debug|Any CPU
		{9D656043-1C2C-4084-BF97-7C3CC9E01F69}.AppStore|Any CPU.Build.0 = Debug|Any CPU
		{9D656043-1C2C-4084-BF97-7C3CC9E01F69}.AppStore|Any CPU.Deploy.0 = Debug|Any CPU
		{9D656043-1C2C-4084-BF97-7C3CC9E01F69}.AppStore|ARM.ActiveCfg = Debug|Any CPU
		{9D656043-1C2C-4084-BF97-7C3CC9E01F69}.AppStore|ARM.Build.0 = Debug|Any CPU
		{9D656043-1C2C-4084-BF97-7C3CC9E01F69}.AppStore|ARM.Deploy.0 = Debug|Any CPU
		{9D656043-1C2C-4084-BF97-7C3CC9E01F69}.AppStore|iPhone.ActiveCfg = Debug|Any CPU
		{9D656043-1C2C-4084-BF97-7C3CC9E01F69}.AppStore|iPhone.Build.0 = Debug|Any CPU
		{9D656043-1C2C-4084-BF97-7C3CC9E01F69}.AppStore|iPhone.Deploy.0 = Debug|Any CPU
		{9D656043-1C2C-4084-BF97-7C3CC9E01F69}.AppStore|iPhoneSimulator.ActiveCfg = Debug|Any CPU
		{9D656043-1C2C-4084-BF97-7C3CC9E01F69}.AppStore|iPhoneSimulator.Build.0 = Debug|Any CPU
		{9D656043-1C2C-4084-BF97-7C3CC9E01F69}.AppStore|iPhoneSimulator.Deploy.0 = Debug|Any CPU
		{9D656043-1C2C-4084-BF97-7C3CC9E01F69}.AppStore|x64.ActiveCfg = Debug|Any CPU
		{9D656043-1C2C-4084-BF97-7C3CC9E01F69}.AppStore|x64.Build.0 = Debug|Any CPU
		{9D656043-1C2C-4084-BF97-7C3CC9E01F69}.AppStore|x64.Deploy.0 = Debug|Any CPU
		{9D656043-1C2C-4084-BF97-7C3CC9E01F69}.AppStore|x86.ActiveCfg = Debug|Any CPU
		{9D656043-1C2C-4084-BF97-7C3CC9E01F69}.AppStore|x86.Build.0 = Debug|Any CPU
		{9D656043-1C2C-4084-BF97-7C3CC9E01F69}.AppStore|x86.Deploy.0 = Debug|Any CPU
		{9D656043-1C2C-4084-BF97-7C3CC9E01F69}.Debug|Any CPU.ActiveCfg = Debug|Any CPU
		{9D656043-1C2C-4084-BF97-7C3CC9E01F69}.Debug|Any CPU.Build.0 = Debug|Any CPU
		{9D656043-1C2C-4084-BF97-7C3CC9E01F69}.Debug|Any CPU.Deploy.0 = Debug|Any CPU
		{9D656043-1C2C-4084-BF97-7C3CC9E01F69}.Debug|ARM.ActiveCfg = Debug|Any CPU
		{9D656043-1C2C-4084-BF97-7C3CC9E01F69}.Debug|ARM.Build.0 = Debug|Any CPU
		{9D656043-1C2C-4084-BF97-7C3CC9E01F69}.Debug|ARM.Deploy.0 = Debug|Any CPU
		{9D656043-1C2C-4084-BF97-7C3CC9E01F69}.Debug|iPhone.ActiveCfg = Debug|Any CPU
		{9D656043-1C2C-4084-BF97-7C3CC9E01F69}.Debug|iPhone.Build.0 = Debug|Any CPU
		{9D656043-1C2C-4084-BF97-7C3CC9E01F69}.Debug|iPhone.Deploy.0 = Debug|Any CPU
		{9D656043-1C2C-4084-BF97-7C3CC9E01F69}.Debug|iPhoneSimulator.ActiveCfg = Debug|Any CPU
		{9D656043-1C2C-4084-BF97-7C3CC9E01F69}.Debug|iPhoneSimulator.Build.0 = Debug|Any CPU
		{9D656043-1C2C-4084-BF97-7C3CC9E01F69}.Debug|iPhoneSimulator.Deploy.0 = Debug|Any CPU
		{9D656043-1C2C-4084-BF97-7C3CC9E01F69}.Debug|x64.ActiveCfg = Debug|Any CPU
		{9D656043-1C2C-4084-BF97-7C3CC9E01F69}.Debug|x64.Build.0 = Debug|Any CPU
		{9D656043-1C2C-4084-BF97-7C3CC9E01F69}.Debug|x64.Deploy.0 = Debug|Any CPU
		{9D656043-1C2C-4084-BF97-7C3CC9E01F69}.Debug|x86.ActiveCfg = Debug|Any CPU
		{9D656043-1C2C-4084-BF97-7C3CC9E01F69}.Debug|x86.Build.0 = Debug|Any CPU
		{9D656043-1C2C-4084-BF97-7C3CC9E01F69}.Debug|x86.Deploy.0 = Debug|Any CPU
		{9D656043-1C2C-4084-BF97-7C3CC9E01F69}.Release|Any CPU.ActiveCfg = Release|Any CPU
		{9D656043-1C2C-4084-BF97-7C3CC9E01F69}.Release|Any CPU.Build.0 = Release|Any CPU
		{9D656043-1C2C-4084-BF97-7C3CC9E01F69}.Release|Any CPU.Deploy.0 = Release|Any CPU
		{9D656043-1C2C-4084-BF97-7C3CC9E01F69}.Release|ARM.ActiveCfg = Release|Any CPU
		{9D656043-1C2C-4084-BF97-7C3CC9E01F69}.Release|ARM.Build.0 = Release|Any CPU
		{9D656043-1C2C-4084-BF97-7C3CC9E01F69}.Release|ARM.Deploy.0 = Release|Any CPU
		{9D656043-1C2C-4084-BF97-7C3CC9E01F69}.Release|iPhone.ActiveCfg = Release|Any CPU
		{9D656043-1C2C-4084-BF97-7C3CC9E01F69}.Release|iPhone.Build.0 = Release|Any CPU
		{9D656043-1C2C-4084-BF97-7C3CC9E01F69}.Release|iPhone.Deploy.0 = Release|Any CPU
		{9D656043-1C2C-4084-BF97-7C3CC9E01F69}.Release|iPhoneSimulator.ActiveCfg = Release|Any CPU
		{9D656043-1C2C-4084-BF97-7C3CC9E01F69}.Release|iPhoneSimulator.Build.0 = Release|Any CPU
		{9D656043-1C2C-4084-BF97-7C3CC9E01F69}.Release|iPhoneSimulator.Deploy.0 = Release|Any CPU
		{9D656043-1C2C-4084-BF97-7C3CC9E01F69}.Release|x64.ActiveCfg = Release|Any CPU
		{9D656043-1C2C-4084-BF97-7C3CC9E01F69}.Release|x64.Build.0 = Release|Any CPU
		{9D656043-1C2C-4084-BF97-7C3CC9E01F69}.Release|x64.Deploy.0 = Release|Any CPU
		{9D656043-1C2C-4084-BF97-7C3CC9E01F69}.Release|x86.ActiveCfg = Release|Any CPU
		{9D656043-1C2C-4084-BF97-7C3CC9E01F69}.Release|x86.Build.0 = Release|Any CPU
		{9D656043-1C2C-4084-BF97-7C3CC9E01F69}.Release|x86.Deploy.0 = Release|Any CPU
	EndGlobalSection
	GlobalSection(SolutionProperties) = preSolution
		HideSolutionNode = FALSE
	EndGlobalSection
	GlobalSection(ExtensibilityGlobals) = postSolution
		SolutionGuid = {8A2705F6-6BB8-4BC8-987F-9BECCC69A472}
	EndGlobalSection
EndGlobal
